{
  "version": 4,
  "terraform_version": "1.2.6",
  "serial": 571,
  "lineage": "0e658c3c-8ad7-2a53-9671-f9f4d09b4b2f",
  "outputs": {},
  "resources": [
    {
      "mode": "managed",
      "type": "aws_eip",
      "name": "nat_1",
      "provider": "provider[\"registry.terraform.io/hashicorp/aws\"]",
      "instances": [
        {
          "schema_version": 0,
          "attributes": {
            "address": null,
            "allocation_id": "eipalloc-03d572089e36433aa",
            "associate_with_private_ip": null,
            "association_id": "",
            "carrier_ip": "",
            "customer_owned_ip": "",
            "customer_owned_ipv4_pool": "",
            "domain": "vpc",
            "id": "eipalloc-03d572089e36433aa",
            "instance": "",
            "network_border_group": "ap-northeast-2",
            "network_interface": "",
            "private_dns": null,
            "private_ip": "",
            "public_dns": "ec2-3-34-109-72.ap-northeast-2.compute.amazonaws.com",
            "public_ip": "3.34.109.72",
            "public_ipv4_pool": "amazon",
            "tags": null,
            "tags_all": {},
            "timeouts": null,
            "vpc": true
          },
          "sensitive_attributes": [],
          "private": "eyJlMmJmYjczMC1lY2FhLTExZTYtOGY4OC0zNDM2M2JjN2M0YzAiOnsiZGVsZXRlIjoxODAwMDAwMDAwMDAsInJlYWQiOjkwMDAwMDAwMDAwMCwidXBkYXRlIjozMDAwMDAwMDAwMDB9fQ==",
          "create_before_destroy": true
        }
      ]
    },
    {
      "mode": "managed",
      "type": "aws_iam_instance_profile",
      "name": "profile",
      "provider": "provider[\"registry.terraform.io/hashicorp/aws\"]",
      "instances": [
        {
          "schema_version": 0,
          "attributes": {
            "arn": "arn:aws:iam::815089976118:instance-profile/profile",
            "create_date": "2022-09-24T06:51:27Z",
            "id": "profile",
            "name": "profile",
            "name_prefix": null,
            "path": "/",
            "role": "role",
            "tags": null,
            "tags_all": {},
            "unique_id": "AIPA33RZGAM3PB32J3OM2"
          },
          "sensitive_attributes": [],
          "private": "bnVsbA==",
          "dependencies": [
            "aws_iam_role.role"
          ]
        }
      ]
    },
    {
      "mode": "managed",
      "type": "aws_iam_role",
      "name": "role",
      "provider": "provider[\"registry.terraform.io/hashicorp/aws\"]",
      "instances": [
        {
          "schema_version": 0,
          "attributes": {
            "arn": "arn:aws:iam::815089976118:role/role",
            "assume_role_policy": "{\"Statement\":[{\"Action\":\"sts:AssumeRole\",\"Effect\":\"Allow\",\"Principal\":{\"Service\":\"ec2.amazonaws.com\"},\"Sid\":\"\"}],\"Version\":\"2012-10-17\"}",
            "create_date": "2022-09-24T06:51:26Z",
            "description": "",
            "force_detach_policies": false,
            "id": "role",
            "inline_policy": [],
            "managed_policy_arns": [],
            "max_session_duration": 3600,
            "name": "role",
            "name_prefix": "",
            "path": "/",
            "permissions_boundary": null,
            "tags": {
              "tag-key": "tag-value"
            },
            "tags_all": {
              "tag-key": "tag-value"
            },
            "unique_id": "AROA33RZGAM3JAN4L7DC2"
          },
          "sensitive_attributes": [],
          "private": "bnVsbA=="
        }
      ]
    },
    {
      "mode": "managed",
      "type": "aws_iam_role_policy",
      "name": "policy",
      "provider": "provider[\"registry.terraform.io/hashicorp/aws\"]",
      "instances": [
        {
          "schema_version": 0,
          "attributes": {
            "id": "role:policy",
            "name": "policy",
            "name_prefix": null,
            "policy": "{\n    \"Version\": \"2012-10-17\",\n    \"Statement\": [\n        {\n            \"Action\": \"ec2:*\",\n            \"Effect\": \"Allow\",\n            \"Resource\": \"*\"\n        },\n        {\n            \"Effect\": \"Allow\",\n            \"Action\": \"elasticloadbalancing:*\",\n            \"Resource\": \"*\"\n        },\n        {\n            \"Effect\": \"Allow\",\n            \"Action\": \"cloudwatch:*\",\n            \"Resource\": \"*\"\n        },\n        {\n            \"Effect\": \"Allow\",\n            \"Action\": \"autoscaling:*\",\n            \"Resource\": \"*\"\n        },\n        {\n            \"Effect\": \"Allow\",\n            \"Action\": \"iam:CreateServiceLinkedRole\",\n            \"Resource\": \"*\",\n            \"Condition\": {\n                \"StringEquals\": {\n                    \"iam:AWSServiceName\": [\n                        \"autoscaling.amazonaws.com\",\n                        \"ec2scheduled.amazonaws.com\",\n                        \"elasticloadbalancing.amazonaws.com\",\n                        \"spot.amazonaws.com\",\n                        \"spotfleet.amazonaws.com\",\n                        \"transitgateway.amazonaws.com\"\n                    ]\n                }\n            }\n        }\n    ]\n}\n",
            "role": "role"
          },
          "sensitive_attributes": [],
          "private": "bnVsbA==",
          "dependencies": [
            "aws_iam_role.role"
          ]
        }
      ]
    },
    {
      "mode": "managed",
      "type": "aws_instance",
      "name": "ansible",
      "provider": "provider[\"registry.terraform.io/hashicorp/aws\"]",
      "instances": [
        {
          "schema_version": 1,
          "attributes": {
            "ami": "ami-0e9bfdb247cc8de84",
            "arn": "arn:aws:ec2:ap-northeast-2:815089976118:instance/i-03ba1cad180ffbaac",
            "associate_public_ip_address": true,
            "availability_zone": "ap-northeast-2a",
            "capacity_reservation_specification": [
              {
                "capacity_reservation_preference": "open",
                "capacity_reservation_target": []
              }
            ],
            "cpu_core_count": 1,
            "cpu_threads_per_core": 1,
            "credit_specification": [
              {
                "cpu_credits": "standard"
              }
            ],
            "disable_api_stop": false,
            "disable_api_termination": false,
            "ebs_block_device": [],
            "ebs_optimized": false,
            "enclave_options": [
              {
                "enabled": false
              }
            ],
            "ephemeral_block_device": [],
            "get_password_data": false,
            "hibernation": false,
            "host_id": null,
            "host_resource_group_arn": null,
            "iam_instance_profile": "profile",
            "id": "i-03ba1cad180ffbaac",
            "instance_initiated_shutdown_behavior": "stop",
            "instance_state": "running",
            "instance_type": "t2.micro",
            "ipv6_address_count": 0,
            "ipv6_addresses": [],
            "key_name": "",
            "launch_template": [],
            "maintenance_options": [
              {
                "auto_recovery": "default"
              }
            ],
            "metadata_options": [
              {
                "http_endpoint": "enabled",
                "http_put_response_hop_limit": 1,
                "http_tokens": "optional",
                "instance_metadata_tags": "disabled"
              }
            ],
            "monitoring": false,
            "network_interface": [],
            "outpost_arn": "",
            "password_data": "",
            "placement_group": "",
            "placement_partition_number": null,
            "primary_network_interface_id": "eni-020697e3e16ddfa57",
            "private_dns": "ip-10-0-1-26.ap-northeast-2.compute.internal",
            "private_dns_name_options": [
              {
                "enable_resource_name_dns_a_record": false,
                "enable_resource_name_dns_aaaa_record": false,
                "hostname_type": "ip-name"
              }
            ],
            "private_ip": "10.0.1.26",
            "public_dns": "ec2-43-201-52-101.ap-northeast-2.compute.amazonaws.com",
            "public_ip": "43.201.52.101",
            "root_block_device": [
              {
                "delete_on_termination": true,
                "device_name": "/dev/sda1",
                "encrypted": false,
                "iops": 100,
                "kms_key_id": "",
                "tags": {},
                "throughput": 0,
                "volume_id": "vol-01e53eb39f0460ed2",
                "volume_size": 8,
                "volume_type": "gp2"
              }
            ],
            "secondary_private_ips": [],
            "security_groups": [
              "sg-0a4842e37b569d68e"
            ],
            "source_dest_check": true,
            "subnet_id": "subnet-0044f548357b6dbcd",
            "tags": {
              "Name": "ansible_master"
            },
            "tags_all": {
              "Name": "ansible_master"
            },
            "tenancy": "default",
            "timeouts": null,
            "user_data": null,
            "user_data_base64": null,
            "user_data_replace_on_change": false,
            "volume_tags": null,
            "vpc_security_group_ids": [
              "sg-0a4842e37b569d68e"
            ]
          },
          "sensitive_attributes": [],
          "private": "eyJlMmJmYjczMC1lY2FhLTExZTYtOGY4OC0zNDM2M2JjN2M0YzAiOnsiY3JlYXRlIjo2MDAwMDAwMDAwMDAsImRlbGV0ZSI6MTIwMDAwMDAwMDAwMCwidXBkYXRlIjo2MDAwMDAwMDAwMDB9LCJzY2hlbWFfdmVyc2lvbiI6IjEifQ==",
          "dependencies": [
            "aws_iam_instance_profile.profile",
            "aws_iam_role.role",
            "aws_security_group.private_sg",
            "aws_subnet.private_subnet",
            "aws_vpc.my_vpc"
          ]
        }
      ]
    },
    {
      "mode": "managed",
      "type": "aws_instance",
      "name": "en_node",
      "provider": "provider[\"registry.terraform.io/hashicorp/aws\"]",
      "instances": [
        {
          "schema_version": 1,
          "attributes": {
            "ami": "ami-0d96fabb69923e576",
            "arn": "arn:aws:ec2:ap-northeast-2:815089976118:instance/i-0fba97f23eb5a4ee8",
            "associate_public_ip_address": true,
            "availability_zone": "ap-northeast-2a",
            "capacity_reservation_specification": [
              {
                "capacity_reservation_preference": "open",
                "capacity_reservation_target": []
              }
            ],
            "cpu_core_count": 1,
            "cpu_threads_per_core": 1,
            "credit_specification": [
              {
                "cpu_credits": "standard"
              }
            ],
            "disable_api_stop": false,
            "disable_api_termination": false,
            "ebs_block_device": [],
            "ebs_optimized": false,
            "enclave_options": [
              {
                "enabled": false
              }
            ],
            "ephemeral_block_device": [],
            "get_password_data": false,
            "hibernation": false,
            "host_id": null,
            "host_resource_group_arn": null,
            "iam_instance_profile": "",
            "id": "i-0fba97f23eb5a4ee8",
            "instance_initiated_shutdown_behavior": "stop",
            "instance_state": "running",
            "instance_type": "t2.micro",
            "ipv6_address_count": 0,
            "ipv6_addresses": [],
            "key_name": "wemade_seoul",
            "launch_template": [],
            "maintenance_options": [
              {
                "auto_recovery": "default"
              }
            ],
            "metadata_options": [
              {
                "http_endpoint": "enabled",
                "http_put_response_hop_limit": 1,
                "http_tokens": "optional",
                "instance_metadata_tags": "disabled"
              }
            ],
            "monitoring": false,
            "network_interface": [],
            "outpost_arn": "",
            "password_data": "",
            "placement_group": "",
            "placement_partition_number": null,
            "primary_network_interface_id": "eni-070cc61ae3f7e1621",
            "private_dns": "ip-10-0-2-7.ap-northeast-2.compute.internal",
            "private_dns_name_options": [
              {
                "enable_resource_name_dns_a_record": false,
                "enable_resource_name_dns_aaaa_record": false,
                "hostname_type": "ip-name"
              }
            ],
            "private_ip": "10.0.2.7",
            "public_dns": "ec2-3-34-51-130.ap-northeast-2.compute.amazonaws.com",
            "public_ip": "3.34.51.130",
            "root_block_device": [
              {
                "delete_on_termination": true,
                "device_name": "/dev/xvda",
                "encrypted": false,
                "iops": 150,
                "kms_key_id": "",
                "tags": {},
                "throughput": 0,
                "volume_id": "vol-017e66589d5cb79ac",
                "volume_size": 50,
                "volume_type": "gp2"
              }
            ],
            "secondary_private_ips": [],
            "security_groups": [
              "sg-0042d239ccd89b853"
            ],
            "source_dest_check": true,
            "subnet_id": "subnet-05f98d7c2c79335fe",
            "tags": {
              "Name": "en_node"
            },
            "tags_all": {
              "Name": "en_node"
            },
            "tenancy": "default",
            "timeouts": null,
            "user_data": null,
            "user_data_base64": null,
            "user_data_replace_on_change": false,
            "volume_tags": null,
            "vpc_security_group_ids": [
              "sg-0042d239ccd89b853"
            ]
          },
          "sensitive_attributes": [],
          "private": "eyJlMmJmYjczMC1lY2FhLTExZTYtOGY4OC0zNDM2M2JjN2M0YzAiOnsiY3JlYXRlIjo2MDAwMDAwMDAwMDAsImRlbGV0ZSI6MTIwMDAwMDAwMDAwMCwidXBkYXRlIjo2MDAwMDAwMDAwMDB9LCJzY2hlbWFfdmVyc2lvbiI6IjEifQ==",
          "dependencies": [
            "aws_security_group.en_sg",
            "aws_subnet.my_subnet"
          ]
        }
      ]
    },
    {
      "mode": "managed",
      "type": "aws_instance",
      "name": "grafana-ec2-final",
      "provider": "provider[\"registry.terraform.io/hashicorp/aws\"]",
      "instances": [
        {
          "schema_version": 1,
          "attributes": {
            "ami": "ami-058165de3b7202099",
            "arn": "arn:aws:ec2:ap-northeast-2:815089976118:instance/i-0c404d6b2a631e0b8",
            "associate_public_ip_address": true,
            "availability_zone": "ap-northeast-2a",
            "capacity_reservation_specification": [
              {
                "capacity_reservation_preference": "open",
                "capacity_reservation_target": []
              }
            ],
            "cpu_core_count": 1,
            "cpu_threads_per_core": 1,
            "credit_specification": [
              {
                "cpu_credits": "standard"
              }
            ],
            "disable_api_stop": false,
            "disable_api_termination": false,
            "ebs_block_device": [],
            "ebs_optimized": false,
            "enclave_options": [
              {
                "enabled": false
              }
            ],
            "ephemeral_block_device": [],
            "get_password_data": false,
            "hibernation": false,
            "host_id": null,
            "host_resource_group_arn": null,
            "iam_instance_profile": "",
            "id": "i-0c404d6b2a631e0b8",
            "instance_initiated_shutdown_behavior": "stop",
            "instance_state": "running",
            "instance_type": "t2.micro",
            "ipv6_address_count": 0,
            "ipv6_addresses": [],
            "key_name": "wemade_defi",
            "launch_template": [],
            "maintenance_options": [
              {
                "auto_recovery": "default"
              }
            ],
            "metadata_options": [
              {
                "http_endpoint": "enabled",
                "http_put_response_hop_limit": 1,
                "http_tokens": "optional",
                "instance_metadata_tags": "disabled"
              }
            ],
            "monitoring": false,
            "network_interface": [],
            "outpost_arn": "",
            "password_data": "",
            "placement_group": "",
            "placement_partition_number": null,
            "primary_network_interface_id": "eni-05d15a36e5d8a18a8",
            "private_dns": "ip-10-0-10-225.ap-northeast-2.compute.internal",
            "private_dns_name_options": [
              {
                "enable_resource_name_dns_a_record": false,
                "enable_resource_name_dns_aaaa_record": false,
                "hostname_type": "ip-name"
              }
            ],
            "private_ip": "10.0.10.225",
            "public_dns": "ec2-52-78-230-60.ap-northeast-2.compute.amazonaws.com",
            "public_ip": "52.78.230.60",
            "root_block_device": [
              {
                "delete_on_termination": true,
                "device_name": "/dev/sda1",
                "encrypted": false,
                "iops": 100,
                "kms_key_id": "",
                "tags": {},
                "throughput": 0,
                "volume_id": "vol-0f37533c334ab411a",
                "volume_size": 8,
                "volume_type": "gp2"
              }
            ],
            "secondary_private_ips": [],
            "security_groups": [],
            "source_dest_check": true,
            "subnet_id": "subnet-0616a07c9ef66d6cc",
            "tags": {
              "Name": "grafana-ec2-final"
            },
            "tags_all": {
              "Name": "grafana-ec2-final"
            },
            "tenancy": "default",
            "timeouts": null,
            "user_data": "83b5b6c605b092768da2fe817521a5155f80cb3b",
            "user_data_base64": null,
            "user_data_replace_on_change": false,
            "volume_tags": null,
            "vpc_security_group_ids": [
              "sg-0ca7030eaac2ab9b4"
            ]
          },
          "sensitive_attributes": [],
          "private": "eyJlMmJmYjczMC1lY2FhLTExZTYtOGY4OC0zNDM2M2JjN2M0YzAiOnsiY3JlYXRlIjo2MDAwMDAwMDAwMDAsImRlbGV0ZSI6MTIwMDAwMDAwMDAwMCwidXBkYXRlIjo2MDAwMDAwMDAwMDB9LCJzY2hlbWFfdmVyc2lvbiI6IjEifQ==",
          "dependencies": [
            "aws_key_pair.kp",
            "aws_security_group.allow_grafana",
            "aws_subnet.grafana_subnet",
            "aws_vpc.my_vpc"
          ]
        }
      ]
    },
    {
      "mode": "managed",
      "type": "aws_instance",
      "name": "sc_node_1",
      "provider": "provider[\"registry.terraform.io/hashicorp/aws\"]",
      "instances": [
        {
          "schema_version": 1,
          "attributes": {
            "ami": "ami-0e5fb7f8e944e868f",
            "arn": "arn:aws:ec2:ap-northeast-2:815089976118:instance/i-058f99d005be272da",
            "associate_public_ip_address": true,
            "availability_zone": "ap-northeast-2a",
            "capacity_reservation_specification": [
              {
                "capacity_reservation_preference": "open",
                "capacity_reservation_target": []
              }
            ],
            "cpu_core_count": 1,
            "cpu_threads_per_core": 1,
            "credit_specification": [
              {
                "cpu_credits": "standard"
              }
            ],
            "disable_api_stop": false,
            "disable_api_termination": false,
            "ebs_block_device": [],
            "ebs_optimized": false,
            "enclave_options": [
              {
                "enabled": false
              }
            ],
            "ephemeral_block_device": [],
            "get_password_data": false,
            "hibernation": false,
            "host_id": null,
            "host_resource_group_arn": null,
            "iam_instance_profile": "",
            "id": "i-058f99d005be272da",
            "instance_initiated_shutdown_behavior": "stop",
            "instance_state": "running",
            "instance_type": "t2.micro",
            "ipv6_address_count": 0,
            "ipv6_addresses": [],
            "key_name": "wemade_defi",
            "launch_template": [],
            "maintenance_options": [
              {
                "auto_recovery": "default"
              }
            ],
            "metadata_options": [
              {
                "http_endpoint": "enabled",
                "http_put_response_hop_limit": 1,
                "http_tokens": "optional",
                "instance_metadata_tags": "disabled"
              }
            ],
            "monitoring": false,
            "network_interface": [],
            "outpost_arn": "",
            "password_data": "",
            "placement_group": "",
            "placement_partition_number": null,
            "primary_network_interface_id": "eni-02747f25ca773cc87",
            "private_dns": "ip-10-0-2-128.ap-northeast-2.compute.internal",
            "private_dns_name_options": [
              {
                "enable_resource_name_dns_a_record": false,
                "enable_resource_name_dns_aaaa_record": false,
                "hostname_type": "ip-name"
              }
            ],
            "private_ip": "10.0.2.128",
            "public_dns": "ec2-3-34-132-155.ap-northeast-2.compute.amazonaws.com",
            "public_ip": "3.34.132.155",
            "root_block_device": [
              {
                "delete_on_termination": true,
                "device_name": "/dev/xvda",
                "encrypted": false,
                "iops": 100,
                "kms_key_id": "",
                "tags": {},
                "throughput": 0,
                "volume_id": "vol-07305ce6d01b8b11b",
                "volume_size": 20,
                "volume_type": "gp2"
              }
            ],
            "secondary_private_ips": [],
            "security_groups": [
              "sg-0042d239ccd89b853"
            ],
            "source_dest_check": true,
            "subnet_id": "subnet-05f98d7c2c79335fe",
            "tags": {
              "Name": "sc_node_1"
            },
            "tags_all": {
              "Name": "sc_node_1"
            },
            "tenancy": "default",
            "timeouts": null,
            "user_data": null,
            "user_data_base64": null,
            "user_data_replace_on_change": false,
            "volume_tags": null,
            "vpc_security_group_ids": [
              "sg-0042d239ccd89b853"
            ]
          },
          "sensitive_attributes": [],
          "private": "eyJlMmJmYjczMC1lY2FhLTExZTYtOGY4OC0zNDM2M2JjN2M0YzAiOnsiY3JlYXRlIjo2MDAwMDAwMDAwMDAsImRlbGV0ZSI6MTIwMDAwMDAwMDAwMCwidXBkYXRlIjo2MDAwMDAwMDAwMDB9LCJzY2hlbWFfdmVyc2lvbiI6IjEifQ==",
          "dependencies": [
            "aws_instance.en_node",
            "aws_instance.sc_node_2",
            "aws_instance.sc_node_3",
            "aws_instance.sc_node_4",
            "aws_key_pair.kp",
            "aws_security_group.en_sg",
            "aws_subnet.my_subnet"
          ]
        }
      ]
    },
    {
      "mode": "managed",
      "type": "aws_instance",
      "name": "sc_node_2",
      "provider": "provider[\"registry.terraform.io/hashicorp/aws\"]",
      "instances": [
        {
          "schema_version": 1,
          "attributes": {
            "ami": "ami-0d8be23d894b37b53",
            "arn": "arn:aws:ec2:ap-northeast-2:815089976118:instance/i-0431742ec724a5812",
            "associate_public_ip_address": true,
            "availability_zone": "ap-northeast-2a",
            "capacity_reservation_specification": [
              {
                "capacity_reservation_preference": "open",
                "capacity_reservation_target": []
              }
            ],
            "cpu_core_count": 1,
            "cpu_threads_per_core": 1,
            "credit_specification": [
              {
                "cpu_credits": "standard"
              }
            ],
            "disable_api_stop": false,
            "disable_api_termination": false,
            "ebs_block_device": [],
            "ebs_optimized": false,
            "enclave_options": [
              {
                "enabled": false
              }
            ],
            "ephemeral_block_device": [],
            "get_password_data": false,
            "hibernation": false,
            "host_id": null,
            "host_resource_group_arn": null,
            "iam_instance_profile": "",
            "id": "i-0431742ec724a5812",
            "instance_initiated_shutdown_behavior": "stop",
            "instance_state": "running",
            "instance_type": "t2.micro",
            "ipv6_address_count": 0,
            "ipv6_addresses": [],
            "key_name": "wemade_defi",
            "launch_template": [],
            "maintenance_options": [
              {
                "auto_recovery": "default"
              }
            ],
            "metadata_options": [
              {
                "http_endpoint": "enabled",
                "http_put_response_hop_limit": 1,
                "http_tokens": "optional",
                "instance_metadata_tags": "disabled"
              }
            ],
            "monitoring": false,
            "network_interface": [],
            "outpost_arn": "",
            "password_data": "",
            "placement_group": "",
            "placement_partition_number": null,
            "primary_network_interface_id": "eni-06da162089be10e9d",
            "private_dns": "ip-10-0-2-157.ap-northeast-2.compute.internal",
            "private_dns_name_options": [
              {
                "enable_resource_name_dns_a_record": false,
                "enable_resource_name_dns_aaaa_record": false,
                "hostname_type": "ip-name"
              }
            ],
            "private_ip": "10.0.2.157",
            "public_dns": "ec2-3-36-65-226.ap-northeast-2.compute.amazonaws.com",
            "public_ip": "3.36.65.226",
            "root_block_device": [
              {
                "delete_on_termination": true,
                "device_name": "/dev/xvda",
                "encrypted": false,
                "iops": 100,
                "kms_key_id": "",
                "tags": {},
                "throughput": 0,
                "volume_id": "vol-007ca693303bcbde0",
                "volume_size": 20,
                "volume_type": "gp2"
              }
            ],
            "secondary_private_ips": [],
            "security_groups": [
              "sg-0042d239ccd89b853"
            ],
            "source_dest_check": true,
            "subnet_id": "subnet-05f98d7c2c79335fe",
            "tags": {
              "Name": "sc_node_2"
            },
            "tags_all": {
              "Name": "sc_node_2"
            },
            "tenancy": "default",
            "timeouts": null,
            "user_data": null,
            "user_data_base64": null,
            "user_data_replace_on_change": false,
            "volume_tags": null,
            "vpc_security_group_ids": [
              "sg-0042d239ccd89b853"
            ]
          },
          "sensitive_attributes": [],
          "private": "eyJlMmJmYjczMC1lY2FhLTExZTYtOGY4OC0zNDM2M2JjN2M0YzAiOnsiY3JlYXRlIjo2MDAwMDAwMDAwMDAsImRlbGV0ZSI6MTIwMDAwMDAwMDAwMCwidXBkYXRlIjo2MDAwMDAwMDAwMDB9LCJzY2hlbWFfdmVyc2lvbiI6IjEifQ==",
          "dependencies": [
            "aws_key_pair.kp",
            "aws_security_group.en_sg",
            "aws_subnet.my_subnet"
          ]
        }
      ]
    },
    {
      "mode": "managed",
      "type": "aws_instance",
      "name": "sc_node_3",
      "provider": "provider[\"registry.terraform.io/hashicorp/aws\"]",
      "instances": [
        {
          "schema_version": 1,
          "attributes": {
            "ami": "ami-044e3b7b96559bd13",
            "arn": "arn:aws:ec2:ap-northeast-2:815089976118:instance/i-0a096adf1cf895bb9",
            "associate_public_ip_address": true,
            "availability_zone": "ap-northeast-2a",
            "capacity_reservation_specification": [
              {
                "capacity_reservation_preference": "open",
                "capacity_reservation_target": []
              }
            ],
            "cpu_core_count": 1,
            "cpu_threads_per_core": 1,
            "credit_specification": [
              {
                "cpu_credits": "standard"
              }
            ],
            "disable_api_stop": false,
            "disable_api_termination": false,
            "ebs_block_device": [],
            "ebs_optimized": false,
            "enclave_options": [
              {
                "enabled": false
              }
            ],
            "ephemeral_block_device": [],
            "get_password_data": false,
            "hibernation": false,
            "host_id": null,
            "host_resource_group_arn": null,
            "iam_instance_profile": "",
            "id": "i-0a096adf1cf895bb9",
            "instance_initiated_shutdown_behavior": "stop",
            "instance_state": "running",
            "instance_type": "t2.micro",
            "ipv6_address_count": 0,
            "ipv6_addresses": [],
            "key_name": "wemade_defi",
            "launch_template": [],
            "maintenance_options": [
              {
                "auto_recovery": "default"
              }
            ],
            "metadata_options": [
              {
                "http_endpoint": "enabled",
                "http_put_response_hop_limit": 1,
                "http_tokens": "optional",
                "instance_metadata_tags": "disabled"
              }
            ],
            "monitoring": false,
            "network_interface": [],
            "outpost_arn": "",
            "password_data": "",
            "placement_group": "",
            "placement_partition_number": null,
            "primary_network_interface_id": "eni-033b8f218242dfb9c",
            "private_dns": "ip-10-0-2-93.ap-northeast-2.compute.internal",
            "private_dns_name_options": [
              {
                "enable_resource_name_dns_a_record": false,
                "enable_resource_name_dns_aaaa_record": false,
                "hostname_type": "ip-name"
              }
            ],
            "private_ip": "10.0.2.93",
            "public_dns": "ec2-3-38-100-25.ap-northeast-2.compute.amazonaws.com",
            "public_ip": "3.38.100.25",
            "root_block_device": [
              {
                "delete_on_termination": true,
                "device_name": "/dev/xvda",
                "encrypted": false,
                "iops": 100,
                "kms_key_id": "",
                "tags": {},
                "throughput": 0,
                "volume_id": "vol-01ec9212270ee15e1",
                "volume_size": 20,
                "volume_type": "gp2"
              }
            ],
            "secondary_private_ips": [],
            "security_groups": [
              "sg-0042d239ccd89b853"
            ],
            "source_dest_check": true,
            "subnet_id": "subnet-05f98d7c2c79335fe",
            "tags": {
              "Name": "sc_node_3"
            },
            "tags_all": {
              "Name": "sc_node_3"
            },
            "tenancy": "default",
            "timeouts": null,
            "user_data": null,
            "user_data_base64": null,
            "user_data_replace_on_change": false,
            "volume_tags": null,
            "vpc_security_group_ids": [
              "sg-0042d239ccd89b853"
            ]
          },
          "sensitive_attributes": [],
          "private": "eyJlMmJmYjczMC1lY2FhLTExZTYtOGY4OC0zNDM2M2JjN2M0YzAiOnsiY3JlYXRlIjo2MDAwMDAwMDAwMDAsImRlbGV0ZSI6MTIwMDAwMDAwMDAwMCwidXBkYXRlIjo2MDAwMDAwMDAwMDB9LCJzY2hlbWFfdmVyc2lvbiI6IjEifQ==",
          "dependencies": [
            "aws_key_pair.kp",
            "aws_security_group.en_sg",
            "aws_subnet.my_subnet"
          ]
        }
      ]
    },
    {
      "mode": "managed",
      "type": "aws_instance",
      "name": "sc_node_4",
      "provider": "provider[\"registry.terraform.io/hashicorp/aws\"]",
      "instances": [
        {
          "schema_version": 1,
          "attributes": {
            "ami": "ami-088ad74b092dedbcf",
            "arn": "arn:aws:ec2:ap-northeast-2:815089976118:instance/i-01dcd652992c7c695",
            "associate_public_ip_address": true,
            "availability_zone": "ap-northeast-2a",
            "capacity_reservation_specification": [
              {
                "capacity_reservation_preference": "open",
                "capacity_reservation_target": []
              }
            ],
            "cpu_core_count": 1,
            "cpu_threads_per_core": 1,
            "credit_specification": [
              {
                "cpu_credits": "standard"
              }
            ],
            "disable_api_stop": false,
            "disable_api_termination": false,
            "ebs_block_device": [],
            "ebs_optimized": false,
            "enclave_options": [
              {
                "enabled": false
              }
            ],
            "ephemeral_block_device": [],
            "get_password_data": false,
            "hibernation": false,
            "host_id": null,
            "host_resource_group_arn": null,
            "iam_instance_profile": "",
            "id": "i-01dcd652992c7c695",
            "instance_initiated_shutdown_behavior": "stop",
            "instance_state": "running",
            "instance_type": "t2.micro",
            "ipv6_address_count": 0,
            "ipv6_addresses": [],
            "key_name": "wemade_defi",
            "launch_template": [],
            "maintenance_options": [
              {
                "auto_recovery": "default"
              }
            ],
            "metadata_options": [
              {
                "http_endpoint": "enabled",
                "http_put_response_hop_limit": 1,
                "http_tokens": "optional",
                "instance_metadata_tags": "disabled"
              }
            ],
            "monitoring": false,
            "network_interface": [],
            "outpost_arn": "",
            "password_data": "",
            "placement_group": "",
            "placement_partition_number": null,
            "primary_network_interface_id": "eni-03c1301a4a8681e5f",
            "private_dns": "ip-10-0-2-28.ap-northeast-2.compute.internal",
            "private_dns_name_options": [
              {
                "enable_resource_name_dns_a_record": false,
                "enable_resource_name_dns_aaaa_record": false,
                "hostname_type": "ip-name"
              }
            ],
            "private_ip": "10.0.2.28",
            "public_dns": "ec2-3-36-26-71.ap-northeast-2.compute.amazonaws.com",
            "public_ip": "3.36.26.71",
            "root_block_device": [
              {
                "delete_on_termination": true,
                "device_name": "/dev/xvda",
                "encrypted": false,
                "iops": 100,
                "kms_key_id": "",
                "tags": {},
                "throughput": 0,
                "volume_id": "vol-0cc6b9427bfc82fdc",
                "volume_size": 20,
                "volume_type": "gp2"
              }
            ],
            "secondary_private_ips": [],
            "security_groups": [
              "sg-0042d239ccd89b853"
            ],
            "source_dest_check": true,
            "subnet_id": "subnet-05f98d7c2c79335fe",
            "tags": {
              "Name": "sc_node_4"
            },
            "tags_all": {
              "Name": "sc_node_4"
            },
            "tenancy": "default",
            "timeouts": null,
            "user_data": null,
            "user_data_base64": null,
            "user_data_replace_on_change": false,
            "volume_tags": null,
            "vpc_security_group_ids": [
              "sg-0042d239ccd89b853"
            ]
          },
          "sensitive_attributes": [],
          "private": "eyJlMmJmYjczMC1lY2FhLTExZTYtOGY4OC0zNDM2M2JjN2M0YzAiOnsiY3JlYXRlIjo2MDAwMDAwMDAwMDAsImRlbGV0ZSI6MTIwMDAwMDAwMDAwMCwidXBkYXRlIjo2MDAwMDAwMDAwMDB9LCJzY2hlbWFfdmVyc2lvbiI6IjEifQ==",
          "dependencies": [
            "aws_key_pair.kp",
            "aws_security_group.en_sg",
            "aws_subnet.my_subnet"
          ]
        }
      ]
    },
    {
      "mode": "managed",
      "type": "aws_internet_gateway",
      "name": "grafana_gw",
      "provider": "provider[\"registry.terraform.io/hashicorp/aws\"]",
      "instances": [
        {
          "status": "tainted",
          "schema_version": 0,
          "attributes": {
            "arn": null,
            "id": "igw-0b832ead79c5235e7",
            "owner_id": null,
            "tags": {
              "Name": "grafana"
            },
            "tags_all": {
              "Name": "grafana"
            },
            "timeouts": null,
            "vpc_id": "vpc-0981c09915038c818"
          },
          "sensitive_attributes": [],
          "private": "eyJlMmJmYjczMC1lY2FhLTExZTYtOGY4OC0zNDM2M2JjN2M0YzAiOnsiY3JlYXRlIjoxMjAwMDAwMDAwMDAwLCJkZWxldGUiOjEyMDAwMDAwMDAwMDAsInVwZGF0ZSI6MTIwMDAwMDAwMDAwMH19",
          "dependencies": [
            "aws_vpc.my_vpc"
          ]
        }
      ]
    },
    {
      "mode": "managed",
      "type": "aws_internet_gateway",
      "name": "my_vpc_gw",
      "provider": "provider[\"registry.terraform.io/hashicorp/aws\"]",
      "instances": [
        {
          "schema_version": 0,
          "attributes": {
            "arn": "arn:aws:ec2:ap-northeast-2:815089976118:internet-gateway/igw-02fb5d925808a051e",
            "id": "igw-02fb5d925808a051e",
            "owner_id": "815089976118",
            "tags": {
              "Name": "public"
            },
            "tags_all": {
              "Name": "public"
            },
            "timeouts": null,
            "vpc_id": "vpc-0981c09915038c818"
          },
          "sensitive_attributes": [],
          "private": "eyJlMmJmYjczMC1lY2FhLTExZTYtOGY4OC0zNDM2M2JjN2M0YzAiOnsiY3JlYXRlIjoxMjAwMDAwMDAwMDAwLCJkZWxldGUiOjEyMDAwMDAwMDAwMDAsInVwZGF0ZSI6MTIwMDAwMDAwMDAwMH19",
          "dependencies": [
            "aws_vpc.my_vpc"
          ]
        }
      ]
    },
    {
      "mode": "managed",
      "type": "aws_key_pair",
      "name": "kp",
      "provider": "provider[\"registry.terraform.io/hashicorp/aws\"]",
      "instances": [
        {
          "schema_version": 1,
          "attributes": {
            "arn": "arn:aws:ec2:ap-northeast-2:815089976118:key-pair/wemade_defi",
            "fingerprint": "6b:86:b9:40:86:9d:4d:67:d7:d1:54:80:8a:1d:c2:71",
            "id": "wemade_defi",
            "key_name": "wemade_defi",
            "key_name_prefix": "",
            "key_pair_id": "key-0aa967b4a11e6736e",
            "key_type": "rsa",
            "public_key": "ssh-rsa AAAAB3NzaC1yc2EAAAADAQABAAACAQD+7W0MN966N8SOWFlRWROMShlr/hTHe/ouHn8d+SwS3N/qSnVsfmXl+1dJRq5KhXD0gLWUUQa4kcsSMaHRNv9mIirWXiGTOovqMp0aC6fdGNcTfGUgACWasUNp3GMAp6vp7TCXsT+/lq/fHS29KCRrPv9yN8QKgP07n1WMZcEhp3SU7XBNidNW3TdTUgoNzwcTAFssEv9LPS3SkxLffb7jPTu4ZESBWJ4zLggZu0rIw8ZXapudniYwzE6cF07o7xDn7rrFYy3VZ6LxhQt2OR0PFqFHYKFpW6aWmofh8hACmXVtmT3V7UTgNRIF1EVA8ijZeMYb+EYFDGiNcDHx0MCofxSiATMLnGmYRIu5ANnbenQOHXIsT0rbyLFXAbxXhWI7xAmwptnMzdU13qtbQHGvfl4kkWvNevix4vmGhd8EYe61sYx/dCqjqnKFqQbKKnBIHS1exAOPR6lrg7IHCSoiP1hw+gwDITh7sD+RCC2UkrLyWpZ8xxztyu8HsU286LjRepblbXMbbD3dR3pz0XymXYtMg8Y+uBAeSqiRohjs5CN3su991Ucxn8sg9eJ7B/wMqFje7bNZmCW9cKBDFFwk1ub3p3UdyIp4ZU1n7sjBIE2mncPe1oD7UDaW0qYJsZi0x77lmmfPMP3+PLWjWuvUZpy8bqeFp+y5wN76bsnnVQ==",
            "tags": {},
            "tags_all": {}
          },
          "sensitive_attributes": [],
          "private": "eyJzY2hlbWFfdmVyc2lvbiI6IjEifQ==",
          "dependencies": [
            "tls_private_key.pk"
          ]
        }
      ]
    },
    {
      "mode": "managed",
      "type": "aws_main_route_table_association",
      "name": "a",
      "provider": "provider[\"registry.terraform.io/hashicorp/aws\"]",
      "instances": [
        {
          "schema_version": 0,
          "attributes": {
            "id": "rtbassoc-0166132bddf0ccb8b",
            "original_route_table_id": "rtb-0548ea07fc6bbfc11",
            "route_table_id": "rtb-031ba640a81c39982",
            "vpc_id": "vpc-0981c09915038c818"
          },
          "sensitive_attributes": [],
          "private": "bnVsbA==",
          "dependencies": [
            "aws_route_table.route_grafana",
            "aws_vpc.my_vpc"
          ]
        }
      ]
    },
    {
      "mode": "managed",
      "type": "aws_main_route_table_association",
      "name": "route_association",
      "provider": "provider[\"registry.terraform.io/hashicorp/aws\"]",
      "instances": [
        {
          "schema_version": 0,
          "attributes": {
            "id": "rtbassoc-04e4f4491ab39718f",
            "original_route_table_id": "rtb-031ba640a81c39982",
            "route_table_id": "rtb-0548ea07fc6bbfc11",
            "vpc_id": "vpc-0981c09915038c818"
          },
          "sensitive_attributes": [],
          "private": "bnVsbA==",
          "dependencies": [
            "aws_internet_gateway.my_vpc_gw",
            "aws_route_table.route_table",
            "aws_vpc.my_vpc"
          ]
        }
      ]
    },
    {
      "mode": "managed",
      "type": "aws_nat_gateway",
      "name": "nat_gateway_1",
      "provider": "provider[\"registry.terraform.io/hashicorp/aws\"]",
      "instances": [
        {
          "schema_version": 0,
          "attributes": {
            "allocation_id": "eipalloc-03d572089e36433aa",
            "connectivity_type": "public",
            "id": "nat-04e9766bf7adac091",
            "network_interface_id": "eni-08643d1b6d8c6b22e",
            "private_ip": "10.0.10.226",
            "public_ip": "3.34.109.72",
            "subnet_id": "subnet-0616a07c9ef66d6cc",
            "tags": {
              "Name": "NAT-GW-1"
            },
            "tags_all": {
              "Name": "NAT-GW-1"
            }
          },
          "sensitive_attributes": [],
          "private": "bnVsbA==",
          "dependencies": [
            "aws_eip.nat_1",
            "aws_subnet.grafana_subnet",
            "aws_vpc.my_vpc"
          ]
        }
      ]
    },
    {
      "mode": "managed",
      "type": "aws_route",
      "name": "private_nat_1",
      "provider": "provider[\"registry.terraform.io/hashicorp/aws\"]",
      "instances": [
        {
          "schema_version": 0,
          "attributes": {
            "carrier_gateway_id": "",
            "core_network_arn": "",
            "destination_cidr_block": "0.0.0.0/0",
            "destination_ipv6_cidr_block": "",
            "destination_prefix_list_id": "",
            "egress_only_gateway_id": "",
            "gateway_id": "",
            "id": "r-rtb-0ae53af77a365381b1080289494",
            "instance_id": "",
            "instance_owner_id": "",
            "local_gateway_id": "",
            "nat_gateway_id": "nat-04e9766bf7adac091",
            "network_interface_id": "",
            "origin": "CreateRoute",
            "route_table_id": "rtb-0ae53af77a365381b",
            "state": "active",
            "timeouts": null,
            "transit_gateway_id": "",
            "vpc_endpoint_id": "",
            "vpc_peering_connection_id": ""
          },
          "sensitive_attributes": [],
          "private": "eyJlMmJmYjczMC1lY2FhLTExZTYtOGY4OC0zNDM2M2JjN2M0YzAiOnsiY3JlYXRlIjozMDAwMDAwMDAwMDAsImRlbGV0ZSI6MzAwMDAwMDAwMDAwLCJ1cGRhdGUiOjEyMDAwMDAwMDAwMH19",
          "dependencies": [
            "aws_eip.nat_1",
            "aws_nat_gateway.nat_gateway_1",
            "aws_route_table.private_route_table",
            "aws_subnet.grafana_subnet",
            "aws_vpc.my_vpc"
          ]
        }
      ]
    },
    {
      "mode": "managed",
      "type": "aws_route_table",
      "name": "private_route_table",
      "provider": "provider[\"registry.terraform.io/hashicorp/aws\"]",
      "instances": [
        {
          "schema_version": 0,
          "attributes": {
            "arn": "arn:aws:ec2:ap-northeast-2:815089976118:route-table/rtb-0ae53af77a365381b",
            "id": "rtb-0ae53af77a365381b",
            "owner_id": "815089976118",
            "propagating_vgws": [],
            "route": [],
            "tags": {
              "Name": "private"
            },
            "tags_all": {
              "Name": "private"
            },
            "timeouts": null,
            "vpc_id": "vpc-0981c09915038c818"
          },
          "sensitive_attributes": [],
          "private": "eyJlMmJmYjczMC1lY2FhLTExZTYtOGY4OC0zNDM2M2JjN2M0YzAiOnsiY3JlYXRlIjozMDAwMDAwMDAwMDAsImRlbGV0ZSI6MzAwMDAwMDAwMDAwLCJ1cGRhdGUiOjEyMDAwMDAwMDAwMH19",
          "dependencies": [
            "aws_vpc.my_vpc"
          ]
        }
      ]
    },
    {
      "mode": "managed",
      "type": "aws_route_table",
      "name": "route_grafana",
      "provider": "provider[\"registry.terraform.io/hashicorp/aws\"]",
      "instances": [
        {
          "schema_version": 0,
          "attributes": {
            "arn": "arn:aws:ec2:ap-northeast-2:815089976118:route-table/rtb-031ba640a81c39982",
            "id": "rtb-031ba640a81c39982",
            "owner_id": "815089976118",
            "propagating_vgws": [],
            "route": [
              {
                "carrier_gateway_id": "",
                "cidr_block": "0.0.0.0/0",
                "core_network_arn": "",
                "destination_prefix_list_id": "",
                "egress_only_gateway_id": "",
                "gateway_id": "igw-02fb5d925808a051e",
                "instance_id": "",
                "ipv6_cidr_block": "",
                "local_gateway_id": "",
                "nat_gateway_id": "",
                "network_interface_id": "",
                "transit_gateway_id": "",
                "vpc_endpoint_id": "",
                "vpc_peering_connection_id": ""
              }
            ],
            "tags": {
              "Name": "grafana"
            },
            "tags_all": {
              "Name": "grafana"
            },
            "timeouts": null,
            "vpc_id": "vpc-0981c09915038c818"
          },
          "sensitive_attributes": [],
          "private": "eyJlMmJmYjczMC1lY2FhLTExZTYtOGY4OC0zNDM2M2JjN2M0YzAiOnsiY3JlYXRlIjozMDAwMDAwMDAwMDAsImRlbGV0ZSI6MzAwMDAwMDAwMDAwLCJ1cGRhdGUiOjEyMDAwMDAwMDAwMH19",
          "dependencies": [
            "aws_internet_gateway.my_vpc_gw",
            "aws_vpc.my_vpc"
          ]
        }
      ]
    },
    {
      "mode": "managed",
      "type": "aws_route_table",
      "name": "route_table",
      "provider": "provider[\"registry.terraform.io/hashicorp/aws\"]",
      "instances": [
        {
          "schema_version": 0,
          "attributes": {
            "arn": "arn:aws:ec2:ap-northeast-2:815089976118:route-table/rtb-0548ea07fc6bbfc11",
            "id": "rtb-0548ea07fc6bbfc11",
            "owner_id": "815089976118",
            "propagating_vgws": [],
            "route": [
              {
                "carrier_gateway_id": "",
                "cidr_block": "0.0.0.0/0",
                "core_network_arn": "",
                "destination_prefix_list_id": "",
                "egress_only_gateway_id": "",
                "gateway_id": "igw-02fb5d925808a051e",
                "instance_id": "",
                "ipv6_cidr_block": "",
                "local_gateway_id": "",
                "nat_gateway_id": "",
                "network_interface_id": "",
                "transit_gateway_id": "",
                "vpc_endpoint_id": "",
                "vpc_peering_connection_id": ""
              }
            ],
            "tags": {
              "Name": "public"
            },
            "tags_all": {
              "Name": "public"
            },
            "timeouts": null,
            "vpc_id": "vpc-0981c09915038c818"
          },
          "sensitive_attributes": [],
          "private": "eyJlMmJmYjczMC1lY2FhLTExZTYtOGY4OC0zNDM2M2JjN2M0YzAiOnsiY3JlYXRlIjozMDAwMDAwMDAwMDAsImRlbGV0ZSI6MzAwMDAwMDAwMDAwLCJ1cGRhdGUiOjEyMDAwMDAwMDAwMH19",
          "dependencies": [
            "aws_internet_gateway.my_vpc_gw",
            "aws_vpc.my_vpc"
          ]
        }
      ]
    },
    {
      "mode": "managed",
      "type": "aws_route_table_association",
      "name": "route_table_association_private",
      "provider": "provider[\"registry.terraform.io/hashicorp/aws\"]",
      "instances": [
        {
          "schema_version": 0,
          "attributes": {
            "gateway_id": "",
            "id": "rtbassoc-015bf0544a9add625",
            "route_table_id": "rtb-0ae53af77a365381b",
            "subnet_id": "subnet-0044f548357b6dbcd"
          },
          "sensitive_attributes": [],
          "private": "bnVsbA==",
          "dependencies": [
            "aws_route_table.private_route_table",
            "aws_subnet.private_subnet",
            "aws_vpc.my_vpc"
          ]
        }
      ]
    },
    {
      "mode": "managed",
      "type": "aws_security_group",
      "name": "allow_grafana",
      "provider": "provider[\"registry.terraform.io/hashicorp/aws\"]",
      "instances": [
        {
          "schema_version": 1,
          "attributes": {
            "arn": "arn:aws:ec2:ap-northeast-2:815089976118:security-group/sg-0ca7030eaac2ab9b4",
            "description": "Allow inbound grafana traffic",
            "egress": [
              {
                "cidr_blocks": [
                  "0.0.0.0/0"
                ],
                "description": "",
                "from_port": 0,
                "ipv6_cidr_blocks": [
                  "::/0"
                ],
                "prefix_list_ids": [],
                "protocol": "-1",
                "security_groups": [],
                "self": false,
                "to_port": 0
              }
            ],
            "id": "sg-0ca7030eaac2ab9b4",
            "ingress": [
              {
                "cidr_blocks": [
                  "0.0.0.0/0"
                ],
                "description": "Grafana traffic (3000) from VPC",
                "from_port": 3000,
                "ipv6_cidr_blocks": [],
                "prefix_list_ids": [],
                "protocol": "tcp",
                "security_groups": [],
                "self": false,
                "to_port": 3000
              },
              {
                "cidr_blocks": [
                  "0.0.0.0/0"
                ],
                "description": "SSH from VPC",
                "from_port": 22,
                "ipv6_cidr_blocks": [],
                "prefix_list_ids": [],
                "protocol": "tcp",
                "security_groups": [],
                "self": false,
                "to_port": 22
              }
            ],
            "name": "Grafana-SecGp",
            "name_prefix": "",
            "owner_id": "815089976118",
            "revoke_rules_on_delete": false,
            "tags": {
              "Name": "allow_grafana"
            },
            "tags_all": {
              "Name": "allow_grafana"
            },
            "timeouts": null,
            "vpc_id": "vpc-0981c09915038c818"
          },
          "sensitive_attributes": [],
          "private": "eyJlMmJmYjczMC1lY2FhLTExZTYtOGY4OC0zNDM2M2JjN2M0YzAiOnsiY3JlYXRlIjo2MDAwMDAwMDAwMDAsImRlbGV0ZSI6OTAwMDAwMDAwMDAwfSwic2NoZW1hX3ZlcnNpb24iOiIxIn0=",
          "dependencies": [
            "aws_vpc.my_vpc"
          ]
        }
      ]
    },
    {
      "mode": "managed",
      "type": "aws_security_group",
      "name": "en_sg",
      "provider": "provider[\"registry.terraform.io/hashicorp/aws\"]",
      "instances": [
        {
          "schema_version": 1,
          "attributes": {
            "arn": "arn:aws:ec2:ap-northeast-2:815089976118:security-group/sg-0042d239ccd89b853",
            "description": "SSH from Anywhere",
            "egress": [
              {
                "cidr_blocks": [
                  "0.0.0.0/0"
                ],
                "description": "",
                "from_port": 0,
                "ipv6_cidr_blocks": [],
                "prefix_list_ids": [],
                "protocol": "-1",
                "security_groups": [],
                "self": false,
                "to_port": 0
              }
            ],
            "id": "sg-0042d239ccd89b853",
            "ingress": [
              {
                "cidr_blocks": [
                  "0.0.0.0/0"
                ],
                "description": "HTTP Access",
                "from_port": 80,
                "ipv6_cidr_blocks": [],
                "prefix_list_ids": [],
                "protocol": "tcp",
                "security_groups": [],
                "self": false,
                "to_port": 80
              },
              {
                "cidr_blocks": [
                  "0.0.0.0/0"
                ],
                "description": "SSH Access",
                "from_port": 22323,
                "ipv6_cidr_blocks": [],
                "prefix_list_ids": [],
                "protocol": "tcp",
                "security_groups": [],
                "self": false,
                "to_port": 22323
              },
              {
                "cidr_blocks": [
                  "0.0.0.0/0"
                ],
                "description": "SSH Access",
                "from_port": 22,
                "ipv6_cidr_blocks": [],
                "prefix_list_ids": [],
                "protocol": "tcp",
                "security_groups": [],
                "self": false,
                "to_port": 22
              },
              {
                "cidr_blocks": [
                  "0.0.0.0/0"
                ],
                "description": "endpoint Access",
                "from_port": 50505,
                "ipv6_cidr_blocks": [],
                "prefix_list_ids": [],
                "protocol": "tcp",
                "security_groups": [],
                "self": false,
                "to_port": 50505
              }
            ],
            "name": "en_sg",
            "name_prefix": "",
            "owner_id": "815089976118",
            "revoke_rules_on_delete": false,
            "tags": {
              "Name": "public"
            },
            "tags_all": {
              "Name": "public"
            },
            "timeouts": null,
            "vpc_id": "vpc-0981c09915038c818"
          },
          "sensitive_attributes": [],
          "private": "eyJlMmJmYjczMC1lY2FhLTExZTYtOGY4OC0zNDM2M2JjN2M0YzAiOnsiY3JlYXRlIjo2MDAwMDAwMDAwMDAsImRlbGV0ZSI6OTAwMDAwMDAwMDAwfSwic2NoZW1hX3ZlcnNpb24iOiIxIn0=",
          "dependencies": [
            "aws_vpc.my_vpc"
          ]
        }
      ]
    },
    {
      "mode": "managed",
      "type": "aws_security_group",
      "name": "private_sg",
      "provider": "provider[\"registry.terraform.io/hashicorp/aws\"]",
      "instances": [
        {
          "schema_version": 1,
          "attributes": {
            "arn": "arn:aws:ec2:ap-northeast-2:815089976118:security-group/sg-0a4842e37b569d68e",
            "description": "SSH from Anywhere",
            "egress": [
              {
                "cidr_blocks": [
                  "0.0.0.0/0"
                ],
                "description": "",
                "from_port": 0,
                "ipv6_cidr_blocks": [],
                "prefix_list_ids": [],
                "protocol": "-1",
                "security_groups": [],
                "self": false,
                "to_port": 0
              }
            ],
            "id": "sg-0a4842e37b569d68e",
            "ingress": [
              {
                "cidr_blocks": [
                  "0.0.0.0/0"
                ],
                "description": "SSH Access",
                "from_port": 22,
                "ipv6_cidr_blocks": [],
                "prefix_list_ids": [],
                "protocol": "tcp",
                "security_groups": [],
                "self": false,
                "to_port": 22
              }
            ],
            "name": "private_sg",
            "name_prefix": "",
            "owner_id": "815089976118",
            "revoke_rules_on_delete": false,
            "tags": {
              "Name": "private"
            },
            "tags_all": {
              "Name": "private"
            },
            "timeouts": null,
            "vpc_id": "vpc-0981c09915038c818"
          },
          "sensitive_attributes": [],
          "private": "eyJlMmJmYjczMC1lY2FhLTExZTYtOGY4OC0zNDM2M2JjN2M0YzAiOnsiY3JlYXRlIjo2MDAwMDAwMDAwMDAsImRlbGV0ZSI6OTAwMDAwMDAwMDAwfSwic2NoZW1hX3ZlcnNpb24iOiIxIn0=",
          "dependencies": [
            "aws_vpc.my_vpc"
          ]
        }
      ]
    },
    {
      "mode": "managed",
      "type": "aws_subnet",
      "name": "grafana_subnet",
      "provider": "provider[\"registry.terraform.io/hashicorp/aws\"]",
      "instances": [
        {
          "schema_version": 1,
          "attributes": {
            "arn": "arn:aws:ec2:ap-northeast-2:815089976118:subnet/subnet-0616a07c9ef66d6cc",
            "assign_ipv6_address_on_creation": false,
            "availability_zone": "ap-northeast-2a",
            "availability_zone_id": "apne2-az1",
            "cidr_block": "10.0.10.0/24",
            "customer_owned_ipv4_pool": "",
            "enable_dns64": false,
            "enable_resource_name_dns_a_record_on_launch": false,
            "enable_resource_name_dns_aaaa_record_on_launch": false,
            "id": "subnet-0616a07c9ef66d6cc",
            "ipv6_cidr_block": "",
            "ipv6_cidr_block_association_id": "",
            "ipv6_native": false,
            "map_customer_owned_ip_on_launch": false,
            "map_public_ip_on_launch": true,
            "outpost_arn": "",
            "owner_id": "815089976118",
            "private_dns_hostname_type_on_launch": "ip-name",
            "tags": {
              "Name": "grafana"
            },
            "tags_all": {
              "Name": "grafana"
            },
            "timeouts": null,
            "vpc_id": "vpc-0981c09915038c818"
          },
          "sensitive_attributes": [],
          "private": "eyJlMmJmYjczMC1lY2FhLTExZTYtOGY4OC0zNDM2M2JjN2M0YzAiOnsiY3JlYXRlIjo2MDAwMDAwMDAwMDAsImRlbGV0ZSI6MTIwMDAwMDAwMDAwMH0sInNjaGVtYV92ZXJzaW9uIjoiMSJ9",
          "dependencies": [
            "aws_vpc.my_vpc"
          ]
        }
      ]
    },
    {
      "mode": "managed",
      "type": "aws_subnet",
      "name": "my_subnet",
      "provider": "provider[\"registry.terraform.io/hashicorp/aws\"]",
      "instances": [
        {
          "schema_version": 1,
          "attributes": {
            "arn": "arn:aws:ec2:ap-northeast-2:815089976118:subnet/subnet-05f98d7c2c79335fe",
            "assign_ipv6_address_on_creation": false,
            "availability_zone": "ap-northeast-2a",
            "availability_zone_id": "apne2-az1",
            "cidr_block": "10.0.2.0/24",
            "customer_owned_ipv4_pool": "",
            "enable_dns64": false,
            "enable_resource_name_dns_a_record_on_launch": false,
            "enable_resource_name_dns_aaaa_record_on_launch": false,
            "id": "subnet-05f98d7c2c79335fe",
            "ipv6_cidr_block": "",
            "ipv6_cidr_block_association_id": "",
            "ipv6_native": false,
            "map_customer_owned_ip_on_launch": false,
            "map_public_ip_on_launch": true,
            "outpost_arn": "",
            "owner_id": "815089976118",
            "private_dns_hostname_type_on_launch": "ip-name",
            "tags": {
              "Name": "public"
            },
            "tags_all": {
              "Name": "public"
            },
            "timeouts": null,
            "vpc_id": "vpc-0981c09915038c818"
          },
          "sensitive_attributes": [],
          "private": "eyJlMmJmYjczMC1lY2FhLTExZTYtOGY4OC0zNDM2M2JjN2M0YzAiOnsiY3JlYXRlIjo2MDAwMDAwMDAwMDAsImRlbGV0ZSI6MTIwMDAwMDAwMDAwMH0sInNjaGVtYV92ZXJzaW9uIjoiMSJ9",
          "dependencies": [
            "aws_vpc.my_vpc"
          ]
        }
      ]
    },
    {
      "mode": "managed",
      "type": "aws_subnet",
      "name": "private_subnet",
      "provider": "provider[\"registry.terraform.io/hashicorp/aws\"]",
      "instances": [
        {
          "schema_version": 1,
          "attributes": {
            "arn": "arn:aws:ec2:ap-northeast-2:815089976118:subnet/subnet-0044f548357b6dbcd",
            "assign_ipv6_address_on_creation": false,
            "availability_zone": "ap-northeast-2a",
            "availability_zone_id": "apne2-az1",
            "cidr_block": "10.0.1.0/24",
            "customer_owned_ipv4_pool": "",
            "enable_dns64": false,
            "enable_resource_name_dns_a_record_on_launch": false,
            "enable_resource_name_dns_aaaa_record_on_launch": false,
            "id": "subnet-0044f548357b6dbcd",
            "ipv6_cidr_block": "",
            "ipv6_cidr_block_association_id": "",
            "ipv6_native": false,
            "map_customer_owned_ip_on_launch": false,
            "map_public_ip_on_launch": true,
            "outpost_arn": "",
            "owner_id": "815089976118",
            "private_dns_hostname_type_on_launch": "ip-name",
            "tags": {
              "Name": "private"
            },
            "tags_all": {
              "Name": "private"
            },
            "timeouts": null,
            "vpc_id": "vpc-0981c09915038c818"
          },
          "sensitive_attributes": [],
          "private": "eyJlMmJmYjczMC1lY2FhLTExZTYtOGY4OC0zNDM2M2JjN2M0YzAiOnsiY3JlYXRlIjo2MDAwMDAwMDAwMDAsImRlbGV0ZSI6MTIwMDAwMDAwMDAwMH0sInNjaGVtYV92ZXJzaW9uIjoiMSJ9",
          "dependencies": [
            "aws_vpc.my_vpc"
          ]
        }
      ]
    },
    {
      "mode": "managed",
      "type": "aws_vpc",
      "name": "my_vpc",
      "provider": "provider[\"registry.terraform.io/hashicorp/aws\"]",
      "instances": [
        {
          "schema_version": 1,
          "attributes": {
            "arn": "arn:aws:ec2:ap-northeast-2:815089976118:vpc/vpc-0981c09915038c818",
            "assign_generated_ipv6_cidr_block": false,
            "cidr_block": "10.0.0.0/16",
            "default_network_acl_id": "acl-09ebae18cae9c806a",
            "default_route_table_id": "rtb-0548ea07fc6bbfc11",
            "default_security_group_id": "sg-09dbc50811c2c4cf9",
            "dhcp_options_id": "dopt-0a09beb34debae9eb",
            "enable_classiclink": false,
            "enable_classiclink_dns_support": false,
            "enable_dns_hostnames": true,
            "enable_dns_support": true,
            "id": "vpc-0981c09915038c818",
            "instance_tenancy": "default",
            "ipv4_ipam_pool_id": null,
            "ipv4_netmask_length": null,
            "ipv6_association_id": "",
            "ipv6_cidr_block": "",
            "ipv6_cidr_block_network_border_group": "",
            "ipv6_ipam_pool_id": "",
            "ipv6_netmask_length": 0,
            "main_route_table_id": "rtb-0548ea07fc6bbfc11",
            "owner_id": "815089976118",
            "tags": {},
            "tags_all": {}
          },
          "sensitive_attributes": [],
          "private": "eyJzY2hlbWFfdmVyc2lvbiI6IjEifQ=="
        }
      ]
    },
    {
      "mode": "managed",
      "type": "local_file",
      "name": "ssh_key",
      "provider": "provider[\"registry.terraform.io/hashicorp/local\"]",
      "instances": [
        {
          "schema_version": 0,
          "attributes": {
            "content": "-----BEGIN RSA PRIVATE KEY-----\nMIIJKQIBAAKCAgEA/u1tDDfeujfEjlhZUVkTjEoZa/4Ux3v6Lh5/HfksEtzf6kp1\nbH5l5ftXSUauSoVw9IC1lFEGuJHLEjGh0Tb/ZiIq1l4hkzqL6jKdGgun3RjXE3xl\nIAAlmrFDadxjAKer6e0wl7E/v5av3x0tvSgkaz7/cjfECoD9O59VjGXBIad0lO1w\nTYnTVt03U1IKDc8HEwBbLBL/Sz0t0pMS332+4z07uGREgVieMy4IGbtKyMPGV2qb\nnZ4mMMxOnBdO6O8Q5+66xWMt1Wei8YULdjkdDxahR2ChaVumlpqH4fIQApl1bZk9\n1e1E4DUSBdRFQPIo2XjGG/hGBQxojXAx8dDAqH8UogEzC5xpmESLuQDZ23p0Dh1y\nLE9K28ixVwG8V4ViO8QJsKbZzM3VNd6rW0Bxr35eJJFrzXr4seL5hoXfBGHutbGM\nf3Qqo6pyhakGyipwSB0tXsQDj0epa4OyBwkqIj9YcPoMAyE4e7A/kQgtlJKy8lqW\nfMcc7crvB7FNvOi40XqW5W1zG2w93Ud6c9F8pl2LTIPGPrgQHkqokaIY7OQjd7Lv\nfdVHMZ/LIPXiewf8DKhY3u2zWZglvXCgQxRcJNbm96d1HciKeGVNZ+7IwSBNpp3D\n3taA+1A2ltKmCbGYtMe+5ZpnzzD9/jy1o1rr1GacvG6nhafsucDe+m7J51UCAwEA\nAQKCAgEA91qc4qwbWwjdmVi0YbBSvV7wx85jjyQGnlVM9mJdl3fldEoHIdyLNtnn\n2dvRJdHQxg1VIrJ0GQatyduKrZv1uL4SXqo7XcYDGJ0/vpPsryV5GxkqbiB2XGD/\njmofTfVjY7mX2rhLqLSntY90YAPhQoaACe1+NMrv67gwo+ffu63l+tNgknvXKoO/\nOQNzae6laJSB4oQUXobgPWAjgeNbIta5abMwnWjFJ9fUWFNYvvDnNM7ma8uWNucm\np2IeWPoOp10GsJwJTvYeLsbvVikYvxkwKDfkpnwdaihLDLt5OWx5enykeTyeBga4\nlBthjyDo7gq3/0+pcSCXGhXxADeTlnrm0MpnGbKCPKwccSa9xb1znN5Ry4DOEGKn\n7QB/4sI6g5un847OgulgSprx0hDWT8GsCJGwo1TMIPllAxnqMU3/rx02Q+pJ+MCi\n/sFpcy4j2i5irwSpakmTpO39WNphTqcjtalhDHEJxWpFqhJz7qpfyMYfJh1BybXv\n9k6Pr1sczdd0+c4ud0Envz+s3lMno9/3LMQyEqDHeNd3pMhT8HObSXQF9w4yYaWi\nKNZoeHFQLmxtu9TOrOy/C2jf8E8Nlh5pqTJqT6c+9nWim7VJv9LBqf9pa6EKw0wS\n3wtntJvLby+14zCtRdx0XM+Y2aQA/RicCZWX6kBq56x0GZnP6AECggEBAP+g9Dok\ntfGvu39YH+1ZO1E0cWYjpforFJI1TrQ2Frej2GutTxA3M4HWtH+B3VZdSSzCkVN5\n4yHA+vHLFaS9R4b68irQKsw2KtdJGSbKLXF834JdvkIxpGusryXmPvOkj6lFhg+v\nxx96UKdLBwfTpKXEYbP9XMRdULNee5NkBCzq4aO6kQ8503C1hPA9mexURmZCgs1/\neYA2jEao6JHsnCz35RJqs+0EN0if+oewknOisgYv29GQ2zdRR7XdIRU0K/BxcZ5/\nuxOuXToNyc3Be7q+FwJdcgCURIrH0Z5F7Z/dVisflJqvI3uEvRqu9WBOcy4MRzNa\n98hfv3PFxIl5cwECggEBAP9MNhHfKPdSK1xCxSVRHo7Wf1w5fqYd4ZpfBBL0ItPC\n23trUe7fRMOF6KskpAck9ZrSUy9JR21TGVWXvM1V9qH1iefVCVTQlwYc/JLzdhGH\nt6mIrclrw2Dg/O75E415O8GVSy0AF8Qr6tj81K/23bYr2VtfXr88g4/Em50xQI+B\nBjrNOD9N+dwOEGkH/hY/k0veuLWpQQYdaA4X6SdkFeBa51tJFwZP+Ukiq38jZWl8\n6z7TxN53NJZ8W95BmB4RC3FqBPnU450zpvM0iIbsX9P5Y02LLSlxL2u4p7oFRYuD\nC3mBS+ZltICXCDl5QbS3agXgAbuzGYjc22r6kvTOuFUCggEAe4SXXhzs+Wpzi9XW\nH4a1XcicXsEs6xOz7e3qKLPWCEgYQ/dLM8eokL1hHBdxDtEmkYU2WYKU2HN6DimW\nPLLlA/jv2PYbJ++ohbwhdhfNG4A+M6z+SNfZ3dlkDEkT9AB5Fk6st5m0+qXMoPlk\n3UhLz3lzyFfNYmjAnNszlQWH6vhXrRhyDUxguZ5MLRVm8cXK+pB6ybcly2kQIPhu\n4EvXLvddbae3ZvhZijMbCEOukEd2A/1OFxYKhtE0eFDwMmGyNY1rXC3WBG2FSI7v\nCwfJtHMzhQYIFvWNpQ1mYTbi2hNGFrI8yP2FhKKgCWuuzyk5CHAQW2VCQ0TYqqVO\nEStpAQKCAQEA4O23kcVpJYZK162oXrl6z+RiL9IkKJ2ZIFZok35vlN1QXQvwEyK5\nRf8cQHU242iHz9FRIw9QFB0r7AKVgOAlPQrFZvGGmChzdxpg2eQQ+V72zTKz0wvU\nBu4TS0U+Gd5fbK5pnos/ZUJAVs9jYGmDa7Z0eZGsO5dIXomdhUBYnlbSM0qOLRA5\nfM0TXkaBcf6veyAO41btCEMuY4RjkqYWtCXDQuVBmPkrLGmUaZ65AdjitucDw/GI\n7rFAi7CFIrBnwZPkMG2F4QIaLJrzUtS9lVhbSn29245ydlkpxbZRUJqzqGjng2XG\nQ6lNwL15y4vxqJ11SXeBntjfpQCCK5haRQKCAQArJLR1dCDPz5TTsnbP0IBnnvk0\nq+QC5Joct5IHcLA9B5ZfJIJZ+D/mAZaN0h33V/1DJb6jecmRbIJOjQ8tcJkw/aAl\n1kdeFQ+XRM7BtFAAXK5uF3VBG4G5RKBloLpNLUghX+wtttqKeNSuINGBxMSxJxvf\n7je9vt/wyZgDMTeRWiUKkaXY3Jc7Eqkg969QYQcXHqR0L4jV3rGasYoA0+Jys4Na\nwEU4cLUp5WZDlFdpS2IajCZ1DWI5UYZhR+Vep/rueHI38xWIIyzTj3dgib64p7yk\n2TG5gVa+KKmY2hZj/RhMM42ZRSyro+gUP8YOB+GqEzow5kRxRAbXd4u5ak85\n-----END RSA PRIVATE KEY-----\n",
            "content_base64": null,
            "directory_permission": "0777",
            "file_permission": "0777",
            "filename": "wemade_defi.pem",
            "id": "4aa57c31d3c3776ae850bdb3a60cc29a4f3efad9",
            "sensitive_content": null,
            "source": null
          },
          "sensitive_attributes": [
            [
              {
                "type": "get_attr",
                "value": "content"
              }
            ]
          ],
          "private": "bnVsbA==",
          "dependencies": [
            "aws_key_pair.kp",
            "tls_private_key.pk"
          ]
        }
      ]
    },
    {
      "mode": "managed",
      "type": "tls_private_key",
      "name": "pk",
      "provider": "provider[\"registry.terraform.io/hashicorp/tls\"]",
      "instances": [
        {
          "schema_version": 1,
          "attributes": {
            "algorithm": "RSA",
            "ecdsa_curve": "P224",
            "id": "069357aeea54e87437f85adcd1d846bccfc730ed",
            "private_key_openssh": "-----BEGIN OPENSSH PRIVATE KEY-----\nb3BlbnNzaC1rZXktdjEAAAAABG5vbmUAAAAEbm9uZQAAAAAAAAABAAACFwAAAAdz\nc2gtcnNhAAAAAwEAAQAAAgEA/u1tDDfeujfEjlhZUVkTjEoZa/4Ux3v6Lh5/Hfks\nEtzf6kp1bH5l5ftXSUauSoVw9IC1lFEGuJHLEjGh0Tb/ZiIq1l4hkzqL6jKdGgun\n3RjXE3xlIAAlmrFDadxjAKer6e0wl7E/v5av3x0tvSgkaz7/cjfECoD9O59VjGXB\nIad0lO1wTYnTVt03U1IKDc8HEwBbLBL/Sz0t0pMS332+4z07uGREgVieMy4IGbtK\nyMPGV2qbnZ4mMMxOnBdO6O8Q5+66xWMt1Wei8YULdjkdDxahR2ChaVumlpqH4fIQ\nApl1bZk91e1E4DUSBdRFQPIo2XjGG/hGBQxojXAx8dDAqH8UogEzC5xpmESLuQDZ\n23p0Dh1yLE9K28ixVwG8V4ViO8QJsKbZzM3VNd6rW0Bxr35eJJFrzXr4seL5hoXf\nBGHutbGMf3Qqo6pyhakGyipwSB0tXsQDj0epa4OyBwkqIj9YcPoMAyE4e7A/kQgt\nlJKy8lqWfMcc7crvB7FNvOi40XqW5W1zG2w93Ud6c9F8pl2LTIPGPrgQHkqokaIY\n7OQjd7LvfdVHMZ/LIPXiewf8DKhY3u2zWZglvXCgQxRcJNbm96d1HciKeGVNZ+7I\nwSBNpp3D3taA+1A2ltKmCbGYtMe+5ZpnzzD9/jy1o1rr1GacvG6nhafsucDe+m7J\n51UAAAc4KGrlQihq5UIAAAAHc3NoLXJzYQAAAgEA/u1tDDfeujfEjlhZUVkTjEoZ\na/4Ux3v6Lh5/HfksEtzf6kp1bH5l5ftXSUauSoVw9IC1lFEGuJHLEjGh0Tb/ZiIq\n1l4hkzqL6jKdGgun3RjXE3xlIAAlmrFDadxjAKer6e0wl7E/v5av3x0tvSgkaz7/\ncjfECoD9O59VjGXBIad0lO1wTYnTVt03U1IKDc8HEwBbLBL/Sz0t0pMS332+4z07\nuGREgVieMy4IGbtKyMPGV2qbnZ4mMMxOnBdO6O8Q5+66xWMt1Wei8YULdjkdDxah\nR2ChaVumlpqH4fIQApl1bZk91e1E4DUSBdRFQPIo2XjGG/hGBQxojXAx8dDAqH8U\nogEzC5xpmESLuQDZ23p0Dh1yLE9K28ixVwG8V4ViO8QJsKbZzM3VNd6rW0Bxr35e\nJJFrzXr4seL5hoXfBGHutbGMf3Qqo6pyhakGyipwSB0tXsQDj0epa4OyBwkqIj9Y\ncPoMAyE4e7A/kQgtlJKy8lqWfMcc7crvB7FNvOi40XqW5W1zG2w93Ud6c9F8pl2L\nTIPGPrgQHkqokaIY7OQjd7LvfdVHMZ/LIPXiewf8DKhY3u2zWZglvXCgQxRcJNbm\n96d1HciKeGVNZ+7IwSBNpp3D3taA+1A2ltKmCbGYtMe+5ZpnzzD9/jy1o1rr1Gac\nvG6nhafsucDe+m7J51UAAAADAQABAAACAQD3WpzirBtbCN2ZWLRhsFK9XvDHzmOP\nJAaeVUz2Yl2Xd+V0Sgch3Is22efZ29El0dDGDVUisnQZBq3J24qtm/W4vhJeqjtd\nxgMYnT++k+yvJXkbGSpuIHZcYP+Oah9N9WNjuZfauEuotKe1j3RgA+FChoAJ7X40\nyu/ruDCj59+7reX602CSe9cqg785A3Np7qVolIHihBRehuA9YCOB41si1rlpszCd\naMUn19RYU1i+8Oc0zuZry5Y25yanYh5Y+g6nXQawnAlO9h4uxu9WKRi/GTAoN+Sm\nfB1qKEsMu3k5bHl6fKR5PJ4GBriUG2GPIOjuCrf/T6lxIJcaFfEAN5OWeubQymcZ\nsoI8rBxxJr3FvXOc3lHLgM4QYqftAH/iwjqDm6fzjs6C6WBKmvHSENZPwawIkbCj\nVMwg+WUDGeoxTf+vHTZD6kn4wKL+wWlzLiPaLmKvBKlqSZOk7f1Y2mFOpyO1qWEM\ncQnFakWqEnPuql/Ixh8mHUHJte/2To+vWxzN13T5zi53QSe/P6zeUyej3/csxDIS\noMd413ekyFPwc5tJdAX3DjJhpaIo1mh4cVAubG271M6s7L8LaN/wTw2WHmmpMmpP\npz72daKbtUm/0sGp/2lroQrDTBLfC2e0m8tvL7XjMK1F3HRcz5jZpAD9GJwJlZfq\nQGrnrHQZmc/oAQAAAQArJLR1dCDPz5TTsnbP0IBnnvk0q+QC5Joct5IHcLA9B5Zf\nJIJZ+D/mAZaN0h33V/1DJb6jecmRbIJOjQ8tcJkw/aAl1kdeFQ+XRM7BtFAAXK5u\nF3VBG4G5RKBloLpNLUghX+wtttqKeNSuINGBxMSxJxvf7je9vt/wyZgDMTeRWiUK\nkaXY3Jc7Eqkg969QYQcXHqR0L4jV3rGasYoA0+Jys4NawEU4cLUp5WZDlFdpS2Ia\njCZ1DWI5UYZhR+Vep/rueHI38xWIIyzTj3dgib64p7yk2TG5gVa+KKmY2hZj/RhM\nM42ZRSyro+gUP8YOB+GqEzow5kRxRAbXd4u5ak85AAABAQD/oPQ6JLXxr7t/WB/t\nWTtRNHFmI6X6KxSSNU60Nha3o9hrrU8QNzOB1rR/gd1WXUkswpFTeeMhwPrxyxWk\nvUeG+vIq0CrMNirXSRkmyi1xfN+CXb5CMaRrrK8l5j7zpI+pRYYPr8cfelCnSwcH\n06SlxGGz/VzEXVCzXnuTZAQs6uGjupEPOdNwtYTwPZnsVEZmQoLNf3mANoxGqOiR\n7Jws9+USarPtBDdIn/qHsJJzorIGL9vRkNs3UUe13SEVNCvwcXGef7sTrl06DcnN\nwXu6vhcCXXIAlESKx9GeRe2f3VYrH5SaryN7hL0arvVgTnMuDEczWvfIX79zxcSJ\neXMBAAABAQD/TDYR3yj3UitcQsUlUR6O1n9cOX6mHeGaXwQS9CLTwtt7a1Hu30TD\nheirJKQHJPWa0lMvSUdtUxlVl7zNVfah9Ynn1QlU0JcGHPyS83YRh7epiK3Ja8Ng\n4Pzu+RONeTvBlUstABfEK+rY/NSv9t22K9lbX16/PIOPxJudMUCPgQY6zTg/Tfnc\nDhBpB/4WP5NL3ri1qUEGHWgOF+knZBXgWudbSRcGT/lJIqt/I2VpfOs+08TedzSW\nfFveQZgeEQtxagT51OOdM6bzNIiG7F/T+WNNiy0pcS9ruKe6BUWLgwt5gUvmZbSA\nlwg5eUG0t2oF4AG7sxmI3Ntq+pL0zrhVAAAAAAEC\n-----END OPENSSH PRIVATE KEY-----\n",
            "private_key_pem": "-----BEGIN RSA PRIVATE KEY-----\nMIIJKQIBAAKCAgEA/u1tDDfeujfEjlhZUVkTjEoZa/4Ux3v6Lh5/HfksEtzf6kp1\nbH5l5ftXSUauSoVw9IC1lFEGuJHLEjGh0Tb/ZiIq1l4hkzqL6jKdGgun3RjXE3xl\nIAAlmrFDadxjAKer6e0wl7E/v5av3x0tvSgkaz7/cjfECoD9O59VjGXBIad0lO1w\nTYnTVt03U1IKDc8HEwBbLBL/Sz0t0pMS332+4z07uGREgVieMy4IGbtKyMPGV2qb\nnZ4mMMxOnBdO6O8Q5+66xWMt1Wei8YULdjkdDxahR2ChaVumlpqH4fIQApl1bZk9\n1e1E4DUSBdRFQPIo2XjGG/hGBQxojXAx8dDAqH8UogEzC5xpmESLuQDZ23p0Dh1y\nLE9K28ixVwG8V4ViO8QJsKbZzM3VNd6rW0Bxr35eJJFrzXr4seL5hoXfBGHutbGM\nf3Qqo6pyhakGyipwSB0tXsQDj0epa4OyBwkqIj9YcPoMAyE4e7A/kQgtlJKy8lqW\nfMcc7crvB7FNvOi40XqW5W1zG2w93Ud6c9F8pl2LTIPGPrgQHkqokaIY7OQjd7Lv\nfdVHMZ/LIPXiewf8DKhY3u2zWZglvXCgQxRcJNbm96d1HciKeGVNZ+7IwSBNpp3D\n3taA+1A2ltKmCbGYtMe+5ZpnzzD9/jy1o1rr1GacvG6nhafsucDe+m7J51UCAwEA\nAQKCAgEA91qc4qwbWwjdmVi0YbBSvV7wx85jjyQGnlVM9mJdl3fldEoHIdyLNtnn\n2dvRJdHQxg1VIrJ0GQatyduKrZv1uL4SXqo7XcYDGJ0/vpPsryV5GxkqbiB2XGD/\njmofTfVjY7mX2rhLqLSntY90YAPhQoaACe1+NMrv67gwo+ffu63l+tNgknvXKoO/\nOQNzae6laJSB4oQUXobgPWAjgeNbIta5abMwnWjFJ9fUWFNYvvDnNM7ma8uWNucm\np2IeWPoOp10GsJwJTvYeLsbvVikYvxkwKDfkpnwdaihLDLt5OWx5enykeTyeBga4\nlBthjyDo7gq3/0+pcSCXGhXxADeTlnrm0MpnGbKCPKwccSa9xb1znN5Ry4DOEGKn\n7QB/4sI6g5un847OgulgSprx0hDWT8GsCJGwo1TMIPllAxnqMU3/rx02Q+pJ+MCi\n/sFpcy4j2i5irwSpakmTpO39WNphTqcjtalhDHEJxWpFqhJz7qpfyMYfJh1BybXv\n9k6Pr1sczdd0+c4ud0Envz+s3lMno9/3LMQyEqDHeNd3pMhT8HObSXQF9w4yYaWi\nKNZoeHFQLmxtu9TOrOy/C2jf8E8Nlh5pqTJqT6c+9nWim7VJv9LBqf9pa6EKw0wS\n3wtntJvLby+14zCtRdx0XM+Y2aQA/RicCZWX6kBq56x0GZnP6AECggEBAP+g9Dok\ntfGvu39YH+1ZO1E0cWYjpforFJI1TrQ2Frej2GutTxA3M4HWtH+B3VZdSSzCkVN5\n4yHA+vHLFaS9R4b68irQKsw2KtdJGSbKLXF834JdvkIxpGusryXmPvOkj6lFhg+v\nxx96UKdLBwfTpKXEYbP9XMRdULNee5NkBCzq4aO6kQ8503C1hPA9mexURmZCgs1/\neYA2jEao6JHsnCz35RJqs+0EN0if+oewknOisgYv29GQ2zdRR7XdIRU0K/BxcZ5/\nuxOuXToNyc3Be7q+FwJdcgCURIrH0Z5F7Z/dVisflJqvI3uEvRqu9WBOcy4MRzNa\n98hfv3PFxIl5cwECggEBAP9MNhHfKPdSK1xCxSVRHo7Wf1w5fqYd4ZpfBBL0ItPC\n23trUe7fRMOF6KskpAck9ZrSUy9JR21TGVWXvM1V9qH1iefVCVTQlwYc/JLzdhGH\nt6mIrclrw2Dg/O75E415O8GVSy0AF8Qr6tj81K/23bYr2VtfXr88g4/Em50xQI+B\nBjrNOD9N+dwOEGkH/hY/k0veuLWpQQYdaA4X6SdkFeBa51tJFwZP+Ukiq38jZWl8\n6z7TxN53NJZ8W95BmB4RC3FqBPnU450zpvM0iIbsX9P5Y02LLSlxL2u4p7oFRYuD\nC3mBS+ZltICXCDl5QbS3agXgAbuzGYjc22r6kvTOuFUCggEAe4SXXhzs+Wpzi9XW\nH4a1XcicXsEs6xOz7e3qKLPWCEgYQ/dLM8eokL1hHBdxDtEmkYU2WYKU2HN6DimW\nPLLlA/jv2PYbJ++ohbwhdhfNG4A+M6z+SNfZ3dlkDEkT9AB5Fk6st5m0+qXMoPlk\n3UhLz3lzyFfNYmjAnNszlQWH6vhXrRhyDUxguZ5MLRVm8cXK+pB6ybcly2kQIPhu\n4EvXLvddbae3ZvhZijMbCEOukEd2A/1OFxYKhtE0eFDwMmGyNY1rXC3WBG2FSI7v\nCwfJtHMzhQYIFvWNpQ1mYTbi2hNGFrI8yP2FhKKgCWuuzyk5CHAQW2VCQ0TYqqVO\nEStpAQKCAQEA4O23kcVpJYZK162oXrl6z+RiL9IkKJ2ZIFZok35vlN1QXQvwEyK5\nRf8cQHU242iHz9FRIw9QFB0r7AKVgOAlPQrFZvGGmChzdxpg2eQQ+V72zTKz0wvU\nBu4TS0U+Gd5fbK5pnos/ZUJAVs9jYGmDa7Z0eZGsO5dIXomdhUBYnlbSM0qOLRA5\nfM0TXkaBcf6veyAO41btCEMuY4RjkqYWtCXDQuVBmPkrLGmUaZ65AdjitucDw/GI\n7rFAi7CFIrBnwZPkMG2F4QIaLJrzUtS9lVhbSn29245ydlkpxbZRUJqzqGjng2XG\nQ6lNwL15y4vxqJ11SXeBntjfpQCCK5haRQKCAQArJLR1dCDPz5TTsnbP0IBnnvk0\nq+QC5Joct5IHcLA9B5ZfJIJZ+D/mAZaN0h33V/1DJb6jecmRbIJOjQ8tcJkw/aAl\n1kdeFQ+XRM7BtFAAXK5uF3VBG4G5RKBloLpNLUghX+wtttqKeNSuINGBxMSxJxvf\n7je9vt/wyZgDMTeRWiUKkaXY3Jc7Eqkg969QYQcXHqR0L4jV3rGasYoA0+Jys4Na\nwEU4cLUp5WZDlFdpS2IajCZ1DWI5UYZhR+Vep/rueHI38xWIIyzTj3dgib64p7yk\n2TG5gVa+KKmY2hZj/RhMM42ZRSyro+gUP8YOB+GqEzow5kRxRAbXd4u5ak85\n-----END RSA PRIVATE KEY-----\n",
            "private_key_pem_pkcs8": "-----BEGIN PRIVATE KEY-----\nMIIJQwIBADANBgkqhkiG9w0BAQEFAASCCS0wggkpAgEAAoICAQD+7W0MN966N8SO\nWFlRWROMShlr/hTHe/ouHn8d+SwS3N/qSnVsfmXl+1dJRq5KhXD0gLWUUQa4kcsS\nMaHRNv9mIirWXiGTOovqMp0aC6fdGNcTfGUgACWasUNp3GMAp6vp7TCXsT+/lq/f\nHS29KCRrPv9yN8QKgP07n1WMZcEhp3SU7XBNidNW3TdTUgoNzwcTAFssEv9LPS3S\nkxLffb7jPTu4ZESBWJ4zLggZu0rIw8ZXapudniYwzE6cF07o7xDn7rrFYy3VZ6Lx\nhQt2OR0PFqFHYKFpW6aWmofh8hACmXVtmT3V7UTgNRIF1EVA8ijZeMYb+EYFDGiN\ncDHx0MCofxSiATMLnGmYRIu5ANnbenQOHXIsT0rbyLFXAbxXhWI7xAmwptnMzdU1\n3qtbQHGvfl4kkWvNevix4vmGhd8EYe61sYx/dCqjqnKFqQbKKnBIHS1exAOPR6lr\ng7IHCSoiP1hw+gwDITh7sD+RCC2UkrLyWpZ8xxztyu8HsU286LjRepblbXMbbD3d\nR3pz0XymXYtMg8Y+uBAeSqiRohjs5CN3su991Ucxn8sg9eJ7B/wMqFje7bNZmCW9\ncKBDFFwk1ub3p3UdyIp4ZU1n7sjBIE2mncPe1oD7UDaW0qYJsZi0x77lmmfPMP3+\nPLWjWuvUZpy8bqeFp+y5wN76bsnnVQIDAQABAoICAQD3WpzirBtbCN2ZWLRhsFK9\nXvDHzmOPJAaeVUz2Yl2Xd+V0Sgch3Is22efZ29El0dDGDVUisnQZBq3J24qtm/W4\nvhJeqjtdxgMYnT++k+yvJXkbGSpuIHZcYP+Oah9N9WNjuZfauEuotKe1j3RgA+FC\nhoAJ7X40yu/ruDCj59+7reX602CSe9cqg785A3Np7qVolIHihBRehuA9YCOB41si\n1rlpszCdaMUn19RYU1i+8Oc0zuZry5Y25yanYh5Y+g6nXQawnAlO9h4uxu9WKRi/\nGTAoN+SmfB1qKEsMu3k5bHl6fKR5PJ4GBriUG2GPIOjuCrf/T6lxIJcaFfEAN5OW\neubQymcZsoI8rBxxJr3FvXOc3lHLgM4QYqftAH/iwjqDm6fzjs6C6WBKmvHSENZP\nwawIkbCjVMwg+WUDGeoxTf+vHTZD6kn4wKL+wWlzLiPaLmKvBKlqSZOk7f1Y2mFO\npyO1qWEMcQnFakWqEnPuql/Ixh8mHUHJte/2To+vWxzN13T5zi53QSe/P6zeUyej\n3/csxDISoMd413ekyFPwc5tJdAX3DjJhpaIo1mh4cVAubG271M6s7L8LaN/wTw2W\nHmmpMmpPpz72daKbtUm/0sGp/2lroQrDTBLfC2e0m8tvL7XjMK1F3HRcz5jZpAD9\nGJwJlZfqQGrnrHQZmc/oAQKCAQEA/6D0OiS18a+7f1gf7Vk7UTRxZiOl+isUkjVO\ntDYWt6PYa61PEDczgda0f4HdVl1JLMKRU3njIcD68csVpL1HhvryKtAqzDYq10kZ\nJsotcXzfgl2+QjGka6yvJeY+86SPqUWGD6/HH3pQp0sHB9OkpcRhs/1cxF1Qs157\nk2QELOrho7qRDznTcLWE8D2Z7FRGZkKCzX95gDaMRqjokeycLPflEmqz7QQ3SJ/6\nh7CSc6KyBi/b0ZDbN1FHtd0hFTQr8HFxnn+7E65dOg3JzcF7ur4XAl1yAJREisfR\nnkXtn91WKx+Umq8je4S9Gq71YE5zLgxHM1r3yF+/c8XEiXlzAQKCAQEA/0w2Ed8o\n91IrXELFJVEejtZ/XDl+ph3hml8EEvQi08Lbe2tR7t9Ew4XoqySkByT1mtJTL0lH\nbVMZVZe8zVX2ofWJ59UJVNCXBhz8kvN2EYe3qYityWvDYOD87vkTjXk7wZVLLQAX\nxCvq2PzUr/bdtivZW19evzyDj8SbnTFAj4EGOs04P0353A4QaQf+Fj+TS964talB\nBh1oDhfpJ2QV4FrnW0kXBk/5SSKrfyNlaXzrPtPE3nc0lnxb3kGYHhELcWoE+dTj\nnTOm8zSIhuxf0/ljTYstKXEva7inugVFi4MLeYFL5mW0gJcIOXlBtLdqBeABu7MZ\niNzbavqS9M64VQKCAQB7hJdeHOz5anOL1dYfhrVdyJxewSzrE7Pt7eoos9YISBhD\n90szx6iQvWEcF3EO0SaRhTZZgpTYc3oOKZY8suUD+O/Y9hsn76iFvCF2F80bgD4z\nrP5I19nd2WQMSRP0AHkWTqy3mbT6pcyg+WTdSEvPeXPIV81iaMCc2zOVBYfq+Fet\nGHINTGC5nkwtFWbxxcr6kHrJtyXLaRAg+G7gS9cu911tp7dm+FmKMxsIQ66QR3YD\n/U4XFgqG0TR4UPAyYbI1jWtcLdYEbYVIju8LB8m0czOFBggW9Y2lDWZhNuLaE0YW\nsjzI/YWEoqAJa67PKTkIcBBbZUJDRNiqpU4RK2kBAoIBAQDg7beRxWklhkrXrahe\nuXrP5GIv0iQonZkgVmiTfm+U3VBdC/ATIrlF/xxAdTbjaIfP0VEjD1AUHSvsApWA\n4CU9CsVm8YaYKHN3GmDZ5BD5XvbNMrPTC9QG7hNLRT4Z3l9srmmeiz9lQkBWz2Ng\naYNrtnR5kaw7l0heiZ2FQFieVtIzSo4tEDl8zRNeRoFx/q97IA7jVu0IQy5jhGOS\npha0JcNC5UGY+SssaZRpnrkB2OK25wPD8YjusUCLsIUisGfBk+QwbYXhAhosmvNS\n1L2VWFtKfb3bjnJ2WSnFtlFQmrOoaOeDZcZDqU3AvXnLi/GonXVJd4Ge2N+lAIIr\nmFpFAoIBACsktHV0IM/PlNOyds/QgGee+TSr5ALkmhy3kgdwsD0Hll8kgln4P+YB\nlo3SHfdX/UMlvqN5yZFsgk6NDy1wmTD9oCXWR14VD5dEzsG0UABcrm4XdUEbgblE\noGWguk0tSCFf7C222op41K4g0YHExLEnG9/uN72+3/DJmAMxN5FaJQqRpdjclzsS\nqSD3r1BhBxcepHQviNXesZqxigDT4nKzg1rARThwtSnlZkOUV2lLYhqMJnUNYjlR\nhmFH5V6n+u54cjfzFYgjLNOPd2CJvrinvKTZMbmBVr4oqZjaFmP9GEwzjZlFLKuj\n6BQ/xg4H4aoTOjDmRHFEBtd3i7lqTzk=\n-----END PRIVATE KEY-----\n",
            "public_key_fingerprint_md5": "42:a9:cc:55:71:4c:39:b7:0c:5c:50:45:f0:e7:e6:b6",
            "public_key_fingerprint_sha256": "SHA256:tg/j8P/H8fxg67f6Z6G/0+IkbdE8NxjXbUM1R0545iU",
            "public_key_openssh": "ssh-rsa AAAAB3NzaC1yc2EAAAADAQABAAACAQD+7W0MN966N8SOWFlRWROMShlr/hTHe/ouHn8d+SwS3N/qSnVsfmXl+1dJRq5KhXD0gLWUUQa4kcsSMaHRNv9mIirWXiGTOovqMp0aC6fdGNcTfGUgACWasUNp3GMAp6vp7TCXsT+/lq/fHS29KCRrPv9yN8QKgP07n1WMZcEhp3SU7XBNidNW3TdTUgoNzwcTAFssEv9LPS3SkxLffb7jPTu4ZESBWJ4zLggZu0rIw8ZXapudniYwzE6cF07o7xDn7rrFYy3VZ6LxhQt2OR0PFqFHYKFpW6aWmofh8hACmXVtmT3V7UTgNRIF1EVA8ijZeMYb+EYFDGiNcDHx0MCofxSiATMLnGmYRIu5ANnbenQOHXIsT0rbyLFXAbxXhWI7xAmwptnMzdU13qtbQHGvfl4kkWvNevix4vmGhd8EYe61sYx/dCqjqnKFqQbKKnBIHS1exAOPR6lrg7IHCSoiP1hw+gwDITh7sD+RCC2UkrLyWpZ8xxztyu8HsU286LjRepblbXMbbD3dR3pz0XymXYtMg8Y+uBAeSqiRohjs5CN3su991Ucxn8sg9eJ7B/wMqFje7bNZmCW9cKBDFFwk1ub3p3UdyIp4ZU1n7sjBIE2mncPe1oD7UDaW0qYJsZi0x77lmmfPMP3+PLWjWuvUZpy8bqeFp+y5wN76bsnnVQ==\n",
            "public_key_pem": "-----BEGIN PUBLIC KEY-----\nMIICIjANBgkqhkiG9w0BAQEFAAOCAg8AMIICCgKCAgEA/u1tDDfeujfEjlhZUVkT\njEoZa/4Ux3v6Lh5/HfksEtzf6kp1bH5l5ftXSUauSoVw9IC1lFEGuJHLEjGh0Tb/\nZiIq1l4hkzqL6jKdGgun3RjXE3xlIAAlmrFDadxjAKer6e0wl7E/v5av3x0tvSgk\naz7/cjfECoD9O59VjGXBIad0lO1wTYnTVt03U1IKDc8HEwBbLBL/Sz0t0pMS332+\n4z07uGREgVieMy4IGbtKyMPGV2qbnZ4mMMxOnBdO6O8Q5+66xWMt1Wei8YULdjkd\nDxahR2ChaVumlpqH4fIQApl1bZk91e1E4DUSBdRFQPIo2XjGG/hGBQxojXAx8dDA\nqH8UogEzC5xpmESLuQDZ23p0Dh1yLE9K28ixVwG8V4ViO8QJsKbZzM3VNd6rW0Bx\nr35eJJFrzXr4seL5hoXfBGHutbGMf3Qqo6pyhakGyipwSB0tXsQDj0epa4OyBwkq\nIj9YcPoMAyE4e7A/kQgtlJKy8lqWfMcc7crvB7FNvOi40XqW5W1zG2w93Ud6c9F8\npl2LTIPGPrgQHkqokaIY7OQjd7LvfdVHMZ/LIPXiewf8DKhY3u2zWZglvXCgQxRc\nJNbm96d1HciKeGVNZ+7IwSBNpp3D3taA+1A2ltKmCbGYtMe+5ZpnzzD9/jy1o1rr\n1GacvG6nhafsucDe+m7J51UCAwEAAQ==\n-----END PUBLIC KEY-----\n",
            "rsa_bits": 4096
          },
          "sensitive_attributes": []
        }
      ]
    }
  ]
}
