{
  "version": 4,
  "terraform_version": "1.2.6",
  "serial": 972,
  "lineage": "0e658c3c-8ad7-2a53-9671-f9f4d09b4b2f",
  "outputs": {},
  "resources": [
    {
      "mode": "managed",
      "type": "aws_ebs_volume",
      "name": "ebs_volume",
      "provider": "provider[\"registry.terraform.io/hashicorp/aws\"]",
      "instances": [
        {
          "schema_version": 0,
          "attributes": {
            "arn": "arn:aws:ec2:ap-northeast-2:815089976118:volume/vol-056760754401b44ff",
            "availability_zone": "ap-northeast-2a",
            "encrypted": false,
            "final_snapshot": false,
            "id": "vol-056760754401b44ff",
            "iops": 150,
            "kms_key_id": "",
            "multi_attach_enabled": false,
            "outpost_arn": "",
            "size": 50,
            "snapshot_id": "",
            "tags": {
              "Name": "endpoint_ebs"
            },
            "tags_all": {
              "Name": "endpoint_ebs"
            },
            "throughput": 0,
            "timeouts": null,
            "type": "gp2"
          },
          "sensitive_attributes": [],
          "private": "eyJlMmJmYjczMC1lY2FhLTExZTYtOGY4OC0zNDM2M2JjN2M0YzAiOnsiY3JlYXRlIjozMDAwMDAwMDAwMDAsImRlbGV0ZSI6MzAwMDAwMDAwMDAwLCJ1cGRhdGUiOjMwMDAwMDAwMDAwMH19",
          "dependencies": [
            "aws_instance.en_node",
            "aws_key_pair.kp",
            "aws_security_group.en_sg",
            "aws_subnet.my_subnet"
          ]
        }
      ]
    },
    {
      "mode": "managed",
      "type": "aws_eip",
      "name": "nat_1",
      "provider": "provider[\"registry.terraform.io/hashicorp/aws\"]",
      "instances": [
        {
          "schema_version": 0,
          "attributes": {
            "address": null,
            "allocation_id": "eipalloc-00b6c0a9a54f6e624",
            "associate_with_private_ip": null,
            "association_id": "eipassoc-02cc713b197b639df",
            "carrier_ip": "",
            "customer_owned_ip": "",
            "customer_owned_ipv4_pool": "",
            "domain": "vpc",
            "id": "eipalloc-00b6c0a9a54f6e624",
            "instance": "",
            "network_border_group": "ap-northeast-2",
            "network_interface": "eni-0b51c2100c08d6dc7",
            "private_dns": "ip-10-0-50-191.ap-northeast-2.compute.internal",
            "private_ip": "10.0.50.191",
            "public_dns": "ec2-15-165-24-165.ap-northeast-2.compute.amazonaws.com",
            "public_ip": "15.165.24.165",
            "public_ipv4_pool": "amazon",
            "tags": {},
            "tags_all": {},
            "timeouts": null,
            "vpc": true
          },
          "sensitive_attributes": [],
          "private": "eyJlMmJmYjczMC1lY2FhLTExZTYtOGY4OC0zNDM2M2JjN2M0YzAiOnsiZGVsZXRlIjoxODAwMDAwMDAwMDAsInJlYWQiOjkwMDAwMDAwMDAwMCwidXBkYXRlIjozMDAwMDAwMDAwMDB9fQ==",
          "create_before_destroy": true
        }
      ]
    },
    {
      "mode": "managed",
      "type": "aws_eip",
      "name": "scn",
      "provider": "provider[\"registry.terraform.io/hashicorp/aws\"]",
      "instances": [
        {
          "index_key": 0,
          "schema_version": 0,
          "attributes": {
            "address": null,
            "allocation_id": "eipalloc-0ebc8d3321ad6e4d9",
            "associate_with_private_ip": null,
            "association_id": "eipassoc-05b9137dfd510ede3",
            "carrier_ip": "",
            "customer_owned_ip": "",
            "customer_owned_ipv4_pool": "",
            "domain": "vpc",
            "id": "eipalloc-0ebc8d3321ad6e4d9",
            "instance": "i-0966e2ec2f7137c59",
            "network_border_group": "ap-northeast-2",
            "network_interface": "eni-0ed9f6e0b53c19525",
            "private_dns": "ip-10-0-5-245.ap-northeast-2.compute.internal",
            "private_ip": "10.0.5.245",
            "public_dns": "ec2-43-200-97-16.ap-northeast-2.compute.amazonaws.com",
            "public_ip": "43.200.97.16",
            "public_ipv4_pool": "amazon",
            "tags": {
              "Name": "scn-1"
            },
            "tags_all": {
              "Name": "scn-1"
            },
            "timeouts": null,
            "vpc": true
          },
          "sensitive_attributes": [],
          "private": "eyJlMmJmYjczMC1lY2FhLTExZTYtOGY4OC0zNDM2M2JjN2M0YzAiOnsiZGVsZXRlIjoxODAwMDAwMDAwMDAsInJlYWQiOjkwMDAwMDAwMDAwMCwidXBkYXRlIjozMDAwMDAwMDAwMDB9fQ=="
        },
        {
          "index_key": 1,
          "schema_version": 0,
          "attributes": {
            "address": null,
            "allocation_id": "eipalloc-03439320b8115323e",
            "associate_with_private_ip": null,
            "association_id": "eipassoc-029b40330c2034c3c",
            "carrier_ip": "",
            "customer_owned_ip": "",
            "customer_owned_ipv4_pool": "",
            "domain": "vpc",
            "id": "eipalloc-03439320b8115323e",
            "instance": "i-028ab142549d91580",
            "network_border_group": "ap-northeast-2",
            "network_interface": "eni-08efd4e93864bf164",
            "private_dns": "ip-10-0-5-7.ap-northeast-2.compute.internal",
            "private_ip": "10.0.5.7",
            "public_dns": "ec2-52-79-213-183.ap-northeast-2.compute.amazonaws.com",
            "public_ip": "52.79.213.183",
            "public_ipv4_pool": "amazon",
            "tags": {
              "Name": "scn-2"
            },
            "tags_all": {
              "Name": "scn-2"
            },
            "timeouts": null,
            "vpc": true
          },
          "sensitive_attributes": [],
          "private": "eyJlMmJmYjczMC1lY2FhLTExZTYtOGY4OC0zNDM2M2JjN2M0YzAiOnsiZGVsZXRlIjoxODAwMDAwMDAwMDAsInJlYWQiOjkwMDAwMDAwMDAwMCwidXBkYXRlIjozMDAwMDAwMDAwMDB9fQ=="
        },
        {
          "index_key": 2,
          "schema_version": 0,
          "attributes": {
            "address": null,
            "allocation_id": "eipalloc-0b431b26ab7b8f3d9",
            "associate_with_private_ip": null,
            "association_id": "eipassoc-0fedc5b67c75f7de7",
            "carrier_ip": "",
            "customer_owned_ip": "",
            "customer_owned_ipv4_pool": "",
            "domain": "vpc",
            "id": "eipalloc-0b431b26ab7b8f3d9",
            "instance": "i-0aa15ab4ee4d16834",
            "network_border_group": "ap-northeast-2",
            "network_interface": "eni-066785686ca52b2f3",
            "private_dns": "ip-10-0-5-164.ap-northeast-2.compute.internal",
            "private_ip": "10.0.5.164",
            "public_dns": "ec2-3-35-70-249.ap-northeast-2.compute.amazonaws.com",
            "public_ip": "3.35.70.249",
            "public_ipv4_pool": "amazon",
            "tags": {
              "Name": "scn-3"
            },
            "tags_all": {
              "Name": "scn-3"
            },
            "timeouts": null,
            "vpc": true
          },
          "sensitive_attributes": [],
          "private": "eyJlMmJmYjczMC1lY2FhLTExZTYtOGY4OC0zNDM2M2JjN2M0YzAiOnsiZGVsZXRlIjoxODAwMDAwMDAwMDAsInJlYWQiOjkwMDAwMDAwMDAwMCwidXBkYXRlIjozMDAwMDAwMDAwMDB9fQ=="
        }
      ]
    },
    {
      "mode": "managed",
      "type": "aws_eip",
      "name": "scn_master",
      "provider": "provider[\"registry.terraform.io/hashicorp/aws\"]",
      "instances": [
        {
          "schema_version": 0,
          "attributes": {
            "address": null,
            "allocation_id": "eipalloc-0be1199b59e636d74",
            "associate_with_private_ip": null,
            "association_id": "eipassoc-0e25dcd43c858b269",
            "carrier_ip": "",
            "customer_owned_ip": "",
            "customer_owned_ipv4_pool": "",
            "domain": "vpc",
            "id": "eipalloc-0be1199b59e636d74",
            "instance": "i-0348d3438e25bb4a1",
            "network_border_group": "ap-northeast-2",
            "network_interface": "eni-0346325e4ac44d30c",
            "private_dns": "ip-10-0-5-85.ap-northeast-2.compute.internal",
            "private_ip": "10.0.5.85",
            "public_dns": "ec2-3-37-170-17.ap-northeast-2.compute.amazonaws.com",
            "public_ip": "3.37.170.17",
            "public_ipv4_pool": "amazon",
            "tags": {
              "Name": "scn-master"
            },
            "tags_all": {
              "Name": "scn-master"
            },
            "timeouts": null,
            "vpc": true
          },
          "sensitive_attributes": [],
          "private": "eyJlMmJmYjczMC1lY2FhLTExZTYtOGY4OC0zNDM2M2JjN2M0YzAiOnsiZGVsZXRlIjoxODAwMDAwMDAwMDAsInJlYWQiOjkwMDAwMDAwMDAwMCwidXBkYXRlIjozMDAwMDAwMDAwMDB9fQ=="
        }
      ]
    },
    {
      "mode": "managed",
      "type": "aws_eip_association",
      "name": "scn",
      "provider": "provider[\"registry.terraform.io/hashicorp/aws\"]",
      "instances": [
        {
          "index_key": 0,
          "schema_version": 0,
          "attributes": {
            "allocation_id": "eipalloc-0ebc8d3321ad6e4d9",
            "allow_reassociation": null,
            "id": "eipassoc-06ab5e506cdc7d5b1",
            "instance_id": "i-0e1cb208cd2a12059",
            "network_interface_id": "eni-05396cda3c179266a",
            "private_ip_address": "10.0.5.49",
            "public_ip": "43.200.97.16"
          },
          "sensitive_attributes": [],
          "private": "bnVsbA==",
          "dependencies": [
            "aws_eip.scn",
            "aws_instance.sc_node",
            "aws_key_pair.kp",
            "aws_security_group.en_sg",
            "aws_subnet.my_subnet"
          ]
        },
        {
          "index_key": 1,
          "schema_version": 0,
          "attributes": {
            "allocation_id": "eipalloc-03439320b8115323e",
            "allow_reassociation": null,
            "id": "eipassoc-0aa9cf6d722147f23",
            "instance_id": "i-01fb384b02690a4cf",
            "network_interface_id": "eni-0675a1bcbc1339572",
            "private_ip_address": "10.0.5.8",
            "public_ip": "52.79.213.183"
          },
          "sensitive_attributes": [],
          "private": "bnVsbA==",
          "dependencies": [
            "aws_eip.scn",
            "aws_instance.sc_node",
            "aws_key_pair.kp",
            "aws_security_group.en_sg",
            "aws_subnet.my_subnet"
          ]
        },
        {
          "index_key": 2,
          "schema_version": 0,
          "attributes": {
            "allocation_id": "eipalloc-0b431b26ab7b8f3d9",
            "allow_reassociation": null,
            "id": "eipassoc-05b51dd896086daf3",
            "instance_id": "i-08e1cd8d26d20c5f5",
            "network_interface_id": "eni-00aa499948aab4e14",
            "private_ip_address": "10.0.5.52",
            "public_ip": "3.35.70.249"
          },
          "sensitive_attributes": [],
          "private": "bnVsbA==",
          "dependencies": [
            "aws_eip.scn",
            "aws_instance.sc_node",
            "aws_key_pair.kp",
            "aws_security_group.en_sg",
            "aws_subnet.my_subnet"
          ]
        }
      ]
    },
    {
      "mode": "managed",
      "type": "aws_eip_association",
      "name": "scn_master",
      "provider": "provider[\"registry.terraform.io/hashicorp/aws\"]",
      "instances": [
        {
          "schema_version": 0,
          "attributes": {
            "allocation_id": "eipalloc-0be1199b59e636d74",
            "allow_reassociation": null,
            "id": "eipassoc-07b8e8500f0313818",
            "instance_id": "i-0c8e851c25e66a76c",
            "network_interface_id": "eni-0446bc1eb253059f6",
            "private_ip_address": "10.0.5.90",
            "public_ip": "3.37.170.17"
          },
          "sensitive_attributes": [],
          "private": "bnVsbA==",
          "dependencies": [
            "aws_eip.scn_master",
            "aws_instance.scn-master",
            "aws_key_pair.kp",
            "aws_security_group.en_sg",
            "aws_subnet.my_subnet"
          ]
        }
      ]
    },
    {
      "mode": "managed",
      "type": "aws_iam_instance_profile",
      "name": "profile",
      "provider": "provider[\"registry.terraform.io/hashicorp/aws\"]",
      "instances": [
        {
          "schema_version": 0,
          "attributes": {
            "arn": "arn:aws:iam::815089976118:instance-profile/profile",
            "create_date": "2022-09-24T13:58:29Z",
            "id": "profile",
            "name": "profile",
            "name_prefix": null,
            "path": "/",
            "role": "role",
            "tags": {},
            "tags_all": {},
            "unique_id": "AIPA33RZGAM3H6DNWDBPO"
          },
          "sensitive_attributes": [],
          "private": "bnVsbA==",
          "dependencies": [
            "aws_iam_role.role"
          ]
        }
      ]
    },
    {
      "mode": "managed",
      "type": "aws_iam_role",
      "name": "role",
      "provider": "provider[\"registry.terraform.io/hashicorp/aws\"]",
      "instances": [
        {
          "schema_version": 0,
          "attributes": {
            "arn": "arn:aws:iam::815089976118:role/role",
            "assume_role_policy": "{\"Statement\":[{\"Action\":\"sts:AssumeRole\",\"Effect\":\"Allow\",\"Principal\":{\"Service\":\"ec2.amazonaws.com\"},\"Sid\":\"\"}],\"Version\":\"2012-10-17\"}",
            "create_date": "2022-09-24T13:58:27Z",
            "description": "",
            "force_detach_policies": false,
            "id": "role",
            "inline_policy": [
              {
                "name": "policy",
                "policy": "{\n    \"Version\": \"2012-10-17\",\n    \"Statement\": [\n        {\n            \"Action\": \"ec2:*\",\n            \"Effect\": \"Allow\",\n            \"Resource\": \"*\"\n        },\n        {\n            \"Effect\": \"Allow\",\n            \"Action\": \"elasticloadbalancing:*\",\n            \"Resource\": \"*\"\n        },\n        {\n            \"Effect\": \"Allow\",\n            \"Action\": \"cloudwatch:*\",\n            \"Resource\": \"*\"\n        },\n        {\n            \"Effect\": \"Allow\",\n            \"Action\": \"autoscaling:*\",\n            \"Resource\": \"*\"\n        },\n        {\n            \"Effect\": \"Allow\",\n            \"Action\": \"iam:CreateServiceLinkedRole\",\n            \"Resource\": \"*\",\n            \"Condition\": {\n                \"StringEquals\": {\n                    \"iam:AWSServiceName\": [\n                        \"autoscaling.amazonaws.com\",\n                        \"ec2scheduled.amazonaws.com\",\n                        \"elasticloadbalancing.amazonaws.com\",\n                        \"spot.amazonaws.com\",\n                        \"spotfleet.amazonaws.com\",\n                        \"transitgateway.amazonaws.com\"\n                    ]\n                }\n            }\n        }\n    ]\n}\n"
              }
            ],
            "managed_policy_arns": [],
            "max_session_duration": 3600,
            "name": "role",
            "name_prefix": "",
            "path": "/",
            "permissions_boundary": null,
            "tags": {
              "tag-key": "tag-value"
            },
            "tags_all": {
              "tag-key": "tag-value"
            },
            "unique_id": "AROA33RZGAM3J5SXU6ZMR"
          },
          "sensitive_attributes": [],
          "private": "bnVsbA=="
        }
      ]
    },
    {
      "mode": "managed",
      "type": "aws_iam_role_policy",
      "name": "policy",
      "provider": "provider[\"registry.terraform.io/hashicorp/aws\"]",
      "instances": [
        {
          "schema_version": 0,
          "attributes": {
            "id": "role:policy",
            "name": "policy",
            "name_prefix": null,
            "policy": "{\n    \"Version\": \"2012-10-17\",\n    \"Statement\": [\n        {\n            \"Action\": \"ec2:*\",\n            \"Effect\": \"Allow\",\n            \"Resource\": \"*\"\n        },\n        {\n            \"Effect\": \"Allow\",\n            \"Action\": \"elasticloadbalancing:*\",\n            \"Resource\": \"*\"\n        },\n        {\n            \"Effect\": \"Allow\",\n            \"Action\": \"cloudwatch:*\",\n            \"Resource\": \"*\"\n        },\n        {\n            \"Effect\": \"Allow\",\n            \"Action\": \"autoscaling:*\",\n            \"Resource\": \"*\"\n        },\n        {\n            \"Effect\": \"Allow\",\n            \"Action\": \"iam:CreateServiceLinkedRole\",\n            \"Resource\": \"*\",\n            \"Condition\": {\n                \"StringEquals\": {\n                    \"iam:AWSServiceName\": [\n                        \"autoscaling.amazonaws.com\",\n                        \"ec2scheduled.amazonaws.com\",\n                        \"elasticloadbalancing.amazonaws.com\",\n                        \"spot.amazonaws.com\",\n                        \"spotfleet.amazonaws.com\",\n                        \"transitgateway.amazonaws.com\"\n                    ]\n                }\n            }\n        }\n    ]\n}\n",
            "role": "role"
          },
          "sensitive_attributes": [],
          "private": "bnVsbA==",
          "dependencies": [
            "aws_iam_role.role"
          ]
        }
      ]
    },
    {
      "mode": "managed",
      "type": "aws_instance",
      "name": "ansible",
      "provider": "provider[\"registry.terraform.io/hashicorp/aws\"]",
      "instances": [
        {
          "schema_version": 1,
          "attributes": {
            "ami": "ami-0e9bfdb247cc8de84",
            "arn": "arn:aws:ec2:ap-northeast-2:815089976118:instance/i-0fc6b4835b97faef4",
            "associate_public_ip_address": true,
            "availability_zone": "ap-northeast-2a",
            "capacity_reservation_specification": [
              {
                "capacity_reservation_preference": "open",
                "capacity_reservation_target": []
              }
            ],
            "cpu_core_count": 1,
            "cpu_threads_per_core": 1,
            "credit_specification": [
              {
                "cpu_credits": "standard"
              }
            ],
            "disable_api_stop": false,
            "disable_api_termination": false,
            "ebs_block_device": [],
            "ebs_optimized": false,
            "enclave_options": [
              {
                "enabled": false
              }
            ],
            "ephemeral_block_device": [],
            "get_password_data": false,
            "hibernation": false,
            "host_id": null,
            "host_resource_group_arn": null,
            "iam_instance_profile": "profile",
            "id": "i-0fc6b4835b97faef4",
            "instance_initiated_shutdown_behavior": "stop",
            "instance_state": "running",
            "instance_type": "t2.micro",
            "ipv6_address_count": 0,
            "ipv6_addresses": [],
            "key_name": "wemade_defi",
            "launch_template": [],
            "maintenance_options": [
              {
                "auto_recovery": "default"
              }
            ],
            "metadata_options": [
              {
                "http_endpoint": "enabled",
                "http_put_response_hop_limit": 1,
                "http_tokens": "optional",
                "instance_metadata_tags": "disabled"
              }
            ],
            "monitoring": false,
            "network_interface": [],
            "outpost_arn": "",
            "password_data": "",
            "placement_group": "",
            "placement_partition_number": null,
            "primary_network_interface_id": "eni-0288001ac4fa843a7",
            "private_dns": "ip-10-0-100-87.ap-northeast-2.compute.internal",
            "private_dns_name_options": [
              {
                "enable_resource_name_dns_a_record": false,
                "enable_resource_name_dns_aaaa_record": false,
                "hostname_type": "ip-name"
              }
            ],
            "private_ip": "10.0.100.87",
            "public_dns": "ec2-13-125-65-133.ap-northeast-2.compute.amazonaws.com",
            "public_ip": "13.125.65.133",
            "root_block_device": [
              {
                "delete_on_termination": true,
                "device_name": "/dev/sda1",
                "encrypted": false,
                "iops": 100,
                "kms_key_id": "",
                "tags": {},
                "throughput": 0,
                "volume_id": "vol-0792cdd57982ee406",
                "volume_size": 8,
                "volume_type": "gp2"
              }
            ],
            "secondary_private_ips": [],
            "security_groups": [
              "sg-0b042791b012e23da"
            ],
            "source_dest_check": true,
            "subnet_id": "subnet-05749cc82e7833923",
            "tags": {
              "Name": "ansible_master"
            },
            "tags_all": {
              "Name": "ansible_master"
            },
            "tenancy": "default",
            "timeouts": null,
            "user_data": "3e78ae96e1eed0dd890356caeb60fadc63f9bb82",
            "user_data_base64": null,
            "user_data_replace_on_change": false,
            "volume_tags": null,
            "vpc_security_group_ids": [
              "sg-0b042791b012e23da"
            ]
          },
          "sensitive_attributes": [],
          "private": "eyJlMmJmYjczMC1lY2FhLTExZTYtOGY4OC0zNDM2M2JjN2M0YzAiOnsiY3JlYXRlIjo2MDAwMDAwMDAwMDAsImRlbGV0ZSI6MTIwMDAwMDAwMDAwMCwidXBkYXRlIjo2MDAwMDAwMDAwMDB9LCJzY2hlbWFfdmVyc2lvbiI6IjEifQ==",
          "dependencies": [
            "aws_iam_instance_profile.profile",
            "aws_key_pair.kp",
            "aws_security_group.private_sg",
            "aws_subnet.private_subnet"
          ]
        }
      ]
    },
    {
      "mode": "managed",
      "type": "aws_instance",
      "name": "en_node",
      "provider": "provider[\"registry.terraform.io/hashicorp/aws\"]",
      "instances": [
        {
          "schema_version": 1,
          "attributes": {
            "ami": "ami-058165de3b7202099",
            "arn": "arn:aws:ec2:ap-northeast-2:815089976118:instance/i-056c04f66d27f1748",
            "associate_public_ip_address": true,
            "availability_zone": "ap-northeast-2a",
            "capacity_reservation_specification": [
              {
                "capacity_reservation_preference": "open",
                "capacity_reservation_target": []
              }
            ],
            "cpu_core_count": 2,
            "cpu_threads_per_core": 1,
            "credit_specification": [
              {
                "cpu_credits": "standard"
              }
            ],
            "disable_api_stop": false,
            "disable_api_termination": false,
            "ebs_block_device": [],
            "ebs_optimized": false,
            "enclave_options": [
              {
                "enabled": false
              }
            ],
            "ephemeral_block_device": [],
            "get_password_data": false,
            "hibernation": false,
            "host_id": null,
            "host_resource_group_arn": null,
            "iam_instance_profile": "",
            "id": "i-056c04f66d27f1748",
            "instance_initiated_shutdown_behavior": "stop",
            "instance_state": "running",
            "instance_type": "t2.medium",
            "ipv6_address_count": 0,
            "ipv6_addresses": [],
            "key_name": "wemade_defi",
            "launch_template": [],
            "maintenance_options": [
              {
                "auto_recovery": "default"
              }
            ],
            "metadata_options": [
              {
                "http_endpoint": "enabled",
                "http_put_response_hop_limit": 1,
                "http_tokens": "optional",
                "instance_metadata_tags": "disabled"
              }
            ],
            "monitoring": false,
            "network_interface": [],
            "outpost_arn": "",
            "password_data": "",
            "placement_group": "",
            "placement_partition_number": null,
            "primary_network_interface_id": "eni-037b17fcaaeb47296",
            "private_dns": "ip-10-0-5-5.ap-northeast-2.compute.internal",
            "private_dns_name_options": [
              {
                "enable_resource_name_dns_a_record": false,
                "enable_resource_name_dns_aaaa_record": false,
                "hostname_type": "ip-name"
              }
            ],
            "private_ip": "10.0.5.5",
            "public_dns": "ec2-43-201-70-29.ap-northeast-2.compute.amazonaws.com",
            "public_ip": "43.201.70.29",
            "root_block_device": [
              {
                "delete_on_termination": true,
                "device_name": "/dev/sda1",
                "encrypted": false,
                "iops": 100,
                "kms_key_id": "",
                "tags": {},
                "throughput": 0,
                "volume_id": "vol-01df5b12a57fd6773",
                "volume_size": 8,
                "volume_type": "gp2"
              }
            ],
            "secondary_private_ips": [],
            "security_groups": [
              "sg-0c2c5c2b3b8d9355a"
            ],
            "source_dest_check": true,
            "subnet_id": "subnet-01f32b8a0bcd715e8",
            "tags": {
              "Name": "en_node"
            },
            "tags_all": {
              "Name": "en_node"
            },
            "tenancy": "default",
            "timeouts": null,
            "user_data": "f220a6610b47e1a65749a05631489976c33bad61",
            "user_data_base64": null,
            "user_data_replace_on_change": false,
            "volume_tags": null,
            "vpc_security_group_ids": [
              "sg-0c2c5c2b3b8d9355a"
            ]
          },
          "sensitive_attributes": [],
          "private": "eyJlMmJmYjczMC1lY2FhLTExZTYtOGY4OC0zNDM2M2JjN2M0YzAiOnsiY3JlYXRlIjo2MDAwMDAwMDAwMDAsImRlbGV0ZSI6MTIwMDAwMDAwMDAwMCwidXBkYXRlIjo2MDAwMDAwMDAwMDB9LCJzY2hlbWFfdmVyc2lvbiI6IjEifQ==",
          "dependencies": [
            "aws_key_pair.kp",
            "aws_security_group.en_sg",
            "aws_subnet.my_subnet"
          ]
        }
      ]
    },
    {
      "mode": "managed",
      "type": "aws_instance",
      "name": "grafana-ec2-final",
      "provider": "provider[\"registry.terraform.io/hashicorp/aws\"]",
      "instances": [
        {
          "schema_version": 1,
          "attributes": {
            "ami": "ami-058165de3b7202099",
            "arn": "arn:aws:ec2:ap-northeast-2:815089976118:instance/i-04a79cc44e3d8b223",
            "associate_public_ip_address": true,
            "availability_zone": "ap-northeast-2a",
            "capacity_reservation_specification": [
              {
                "capacity_reservation_preference": "open",
                "capacity_reservation_target": []
              }
            ],
            "cpu_core_count": 2,
            "cpu_threads_per_core": 1,
            "credit_specification": [
              {
                "cpu_credits": "standard"
              }
            ],
            "disable_api_stop": false,
            "disable_api_termination": false,
            "ebs_block_device": [],
            "ebs_optimized": false,
            "enclave_options": [
              {
                "enabled": false
              }
            ],
            "ephemeral_block_device": [],
            "get_password_data": false,
            "hibernation": false,
            "host_id": null,
            "host_resource_group_arn": null,
            "iam_instance_profile": "",
            "id": "i-04a79cc44e3d8b223",
            "instance_initiated_shutdown_behavior": "stop",
            "instance_state": "running",
            "instance_type": "t2.medium",
            "ipv6_address_count": 0,
            "ipv6_addresses": [],
            "key_name": "wemade_defi",
            "launch_template": [],
            "maintenance_options": [
              {
                "auto_recovery": "default"
              }
            ],
            "metadata_options": [
              {
                "http_endpoint": "enabled",
                "http_put_response_hop_limit": 1,
                "http_tokens": "optional",
                "instance_metadata_tags": "disabled"
              }
            ],
            "monitoring": false,
            "network_interface": [],
            "outpost_arn": "",
            "password_data": "",
            "placement_group": "",
            "placement_partition_number": null,
            "primary_network_interface_id": "eni-097d5ea0ba23f15e8",
            "private_dns": "ip-10-0-50-114.ap-northeast-2.compute.internal",
            "private_dns_name_options": [
              {
                "enable_resource_name_dns_a_record": false,
                "enable_resource_name_dns_aaaa_record": false,
                "hostname_type": "ip-name"
              }
            ],
            "private_ip": "10.0.50.114",
            "public_dns": "ec2-43-200-253-59.ap-northeast-2.compute.amazonaws.com",
            "public_ip": "43.200.253.59",
            "root_block_device": [
              {
                "delete_on_termination": true,
                "device_name": "/dev/sda1",
                "encrypted": false,
                "iops": 100,
                "kms_key_id": "",
                "tags": {},
                "throughput": 0,
                "volume_id": "vol-09e963b4efcfe5858",
                "volume_size": 8,
                "volume_type": "gp2"
              }
            ],
            "secondary_private_ips": [],
            "security_groups": [],
            "source_dest_check": true,
            "subnet_id": "subnet-0fc7a7c72bb19a87a",
            "tags": {
              "Name": "grafana-ec2-final"
            },
            "tags_all": {
              "Name": "grafana-ec2-final"
            },
            "tenancy": "default",
            "timeouts": null,
            "user_data": "84ef6b86a63fa5329b6f6503cda9041821e0eca2",
            "user_data_base64": null,
            "user_data_replace_on_change": false,
            "volume_tags": null,
            "vpc_security_group_ids": [
              "sg-014a0ea1cacb8a8ec"
            ]
          },
          "sensitive_attributes": [],
          "private": "eyJlMmJmYjczMC1lY2FhLTExZTYtOGY4OC0zNDM2M2JjN2M0YzAiOnsiY3JlYXRlIjo2MDAwMDAwMDAwMDAsImRlbGV0ZSI6MTIwMDAwMDAwMDAwMCwidXBkYXRlIjo2MDAwMDAwMDAwMDB9LCJzY2hlbWFfdmVyc2lvbiI6IjEifQ==",
          "dependencies": [
            "aws_key_pair.kp",
            "aws_security_group.allow_grafana",
            "aws_subnet.grafana_subnet",
            "aws_vpc.my_vpc",
            "tls_private_key.pk"
          ]
        }
      ]
    },
    {
      "mode": "managed",
      "type": "aws_instance",
      "name": "sc_node",
      "provider": "provider[\"registry.terraform.io/hashicorp/aws\"]",
      "instances": [
        {
          "index_key": 0,
          "schema_version": 1,
          "attributes": {
            "ami": "ami-058165de3b7202099",
            "arn": "arn:aws:ec2:ap-northeast-2:815089976118:instance/i-0e1cb208cd2a12059",
            "associate_public_ip_address": true,
            "availability_zone": "ap-northeast-2a",
            "capacity_reservation_specification": [
              {
                "capacity_reservation_preference": "open",
                "capacity_reservation_target": []
              }
            ],
            "cpu_core_count": 2,
            "cpu_threads_per_core": 1,
            "credit_specification": [
              {
                "cpu_credits": "standard"
              }
            ],
            "disable_api_stop": false,
            "disable_api_termination": false,
            "ebs_block_device": [],
            "ebs_optimized": false,
            "enclave_options": [
              {
                "enabled": false
              }
            ],
            "ephemeral_block_device": [],
            "get_password_data": false,
            "hibernation": false,
            "host_id": null,
            "host_resource_group_arn": null,
            "iam_instance_profile": "",
            "id": "i-0e1cb208cd2a12059",
            "instance_initiated_shutdown_behavior": "stop",
            "instance_state": "running",
            "instance_type": "t2.medium",
            "ipv6_address_count": 0,
            "ipv6_addresses": [],
            "key_name": "wemade_defi",
            "launch_template": [],
            "maintenance_options": [
              {
                "auto_recovery": "default"
              }
            ],
            "metadata_options": [
              {
                "http_endpoint": "enabled",
                "http_put_response_hop_limit": 1,
                "http_tokens": "optional",
                "instance_metadata_tags": "disabled"
              }
            ],
            "monitoring": false,
            "network_interface": [],
            "outpost_arn": "",
            "password_data": "",
            "placement_group": "",
            "placement_partition_number": null,
            "primary_network_interface_id": "eni-05396cda3c179266a",
            "private_dns": "ip-10-0-5-49.ap-northeast-2.compute.internal",
            "private_dns_name_options": [
              {
                "enable_resource_name_dns_a_record": false,
                "enable_resource_name_dns_aaaa_record": false,
                "hostname_type": "ip-name"
              }
            ],
            "private_ip": "10.0.5.49",
            "public_dns": "ec2-13-124-203-151.ap-northeast-2.compute.amazonaws.com",
            "public_ip": "13.124.203.151",
            "root_block_device": [
              {
                "delete_on_termination": true,
                "device_name": "/dev/sda1",
                "encrypted": false,
                "iops": 100,
                "kms_key_id": "",
                "tags": {},
                "throughput": 0,
                "volume_id": "vol-052e9efd47867a6ae",
                "volume_size": 8,
                "volume_type": "gp2"
              }
            ],
            "secondary_private_ips": [],
            "security_groups": [
              "sg-0c2c5c2b3b8d9355a"
            ],
            "source_dest_check": true,
            "subnet_id": "subnet-01f32b8a0bcd715e8",
            "tags": {
              "Name": "scn-1"
            },
            "tags_all": {
              "Name": "scn-1"
            },
            "tenancy": "default",
            "timeouts": null,
            "user_data": null,
            "user_data_base64": null,
            "user_data_replace_on_change": false,
            "volume_tags": null,
            "vpc_security_group_ids": [
              "sg-0c2c5c2b3b8d9355a"
            ]
          },
          "sensitive_attributes": [],
          "private": "eyJlMmJmYjczMC1lY2FhLTExZTYtOGY4OC0zNDM2M2JjN2M0YzAiOnsiY3JlYXRlIjo2MDAwMDAwMDAwMDAsImRlbGV0ZSI6MTIwMDAwMDAwMDAwMCwidXBkYXRlIjo2MDAwMDAwMDAwMDB9LCJzY2hlbWFfdmVyc2lvbiI6IjEifQ==",
          "dependencies": [
            "aws_key_pair.kp",
            "aws_security_group.en_sg",
            "aws_subnet.my_subnet"
          ]
        },
        {
          "index_key": 1,
          "schema_version": 1,
          "attributes": {
            "ami": "ami-058165de3b7202099",
            "arn": "arn:aws:ec2:ap-northeast-2:815089976118:instance/i-01fb384b02690a4cf",
            "associate_public_ip_address": true,
            "availability_zone": "ap-northeast-2a",
            "capacity_reservation_specification": [
              {
                "capacity_reservation_preference": "open",
                "capacity_reservation_target": []
              }
            ],
            "cpu_core_count": 2,
            "cpu_threads_per_core": 1,
            "credit_specification": [
              {
                "cpu_credits": "standard"
              }
            ],
            "disable_api_stop": false,
            "disable_api_termination": false,
            "ebs_block_device": [],
            "ebs_optimized": false,
            "enclave_options": [
              {
                "enabled": false
              }
            ],
            "ephemeral_block_device": [],
            "get_password_data": false,
            "hibernation": false,
            "host_id": null,
            "host_resource_group_arn": null,
            "iam_instance_profile": "",
            "id": "i-01fb384b02690a4cf",
            "instance_initiated_shutdown_behavior": "stop",
            "instance_state": "running",
            "instance_type": "t2.medium",
            "ipv6_address_count": 0,
            "ipv6_addresses": [],
            "key_name": "wemade_defi",
            "launch_template": [],
            "maintenance_options": [
              {
                "auto_recovery": "default"
              }
            ],
            "metadata_options": [
              {
                "http_endpoint": "enabled",
                "http_put_response_hop_limit": 1,
                "http_tokens": "optional",
                "instance_metadata_tags": "disabled"
              }
            ],
            "monitoring": false,
            "network_interface": [],
            "outpost_arn": "",
            "password_data": "",
            "placement_group": "",
            "placement_partition_number": null,
            "primary_network_interface_id": "eni-0675a1bcbc1339572",
            "private_dns": "ip-10-0-5-8.ap-northeast-2.compute.internal",
            "private_dns_name_options": [
              {
                "enable_resource_name_dns_a_record": false,
                "enable_resource_name_dns_aaaa_record": false,
                "hostname_type": "ip-name"
              }
            ],
            "private_ip": "10.0.5.8",
            "public_dns": "ec2-3-38-162-255.ap-northeast-2.compute.amazonaws.com",
            "public_ip": "3.38.162.255",
            "root_block_device": [
              {
                "delete_on_termination": true,
                "device_name": "/dev/sda1",
                "encrypted": false,
                "iops": 100,
                "kms_key_id": "",
                "tags": {},
                "throughput": 0,
                "volume_id": "vol-07740a0bfc3733e7e",
                "volume_size": 8,
                "volume_type": "gp2"
              }
            ],
            "secondary_private_ips": [],
            "security_groups": [
              "sg-0c2c5c2b3b8d9355a"
            ],
            "source_dest_check": true,
            "subnet_id": "subnet-01f32b8a0bcd715e8",
            "tags": {
              "Name": "scn-2"
            },
            "tags_all": {
              "Name": "scn-2"
            },
            "tenancy": "default",
            "timeouts": null,
            "user_data": null,
            "user_data_base64": null,
            "user_data_replace_on_change": false,
            "volume_tags": null,
            "vpc_security_group_ids": [
              "sg-0c2c5c2b3b8d9355a"
            ]
          },
          "sensitive_attributes": [],
          "private": "eyJlMmJmYjczMC1lY2FhLTExZTYtOGY4OC0zNDM2M2JjN2M0YzAiOnsiY3JlYXRlIjo2MDAwMDAwMDAwMDAsImRlbGV0ZSI6MTIwMDAwMDAwMDAwMCwidXBkYXRlIjo2MDAwMDAwMDAwMDB9LCJzY2hlbWFfdmVyc2lvbiI6IjEifQ==",
          "dependencies": [
            "aws_key_pair.kp",
            "aws_security_group.en_sg",
            "aws_subnet.my_subnet"
          ]
        },
        {
          "index_key": 2,
          "schema_version": 1,
          "attributes": {
            "ami": "ami-058165de3b7202099",
            "arn": "arn:aws:ec2:ap-northeast-2:815089976118:instance/i-08e1cd8d26d20c5f5",
            "associate_public_ip_address": true,
            "availability_zone": "ap-northeast-2a",
            "capacity_reservation_specification": [
              {
                "capacity_reservation_preference": "open",
                "capacity_reservation_target": []
              }
            ],
            "cpu_core_count": 2,
            "cpu_threads_per_core": 1,
            "credit_specification": [
              {
                "cpu_credits": "standard"
              }
            ],
            "disable_api_stop": false,
            "disable_api_termination": false,
            "ebs_block_device": [],
            "ebs_optimized": false,
            "enclave_options": [
              {
                "enabled": false
              }
            ],
            "ephemeral_block_device": [],
            "get_password_data": false,
            "hibernation": false,
            "host_id": null,
            "host_resource_group_arn": null,
            "iam_instance_profile": "",
            "id": "i-08e1cd8d26d20c5f5",
            "instance_initiated_shutdown_behavior": "stop",
            "instance_state": "running",
            "instance_type": "t2.medium",
            "ipv6_address_count": 0,
            "ipv6_addresses": [],
            "key_name": "wemade_defi",
            "launch_template": [],
            "maintenance_options": [
              {
                "auto_recovery": "default"
              }
            ],
            "metadata_options": [
              {
                "http_endpoint": "enabled",
                "http_put_response_hop_limit": 1,
                "http_tokens": "optional",
                "instance_metadata_tags": "disabled"
              }
            ],
            "monitoring": false,
            "network_interface": [],
            "outpost_arn": "",
            "password_data": "",
            "placement_group": "",
            "placement_partition_number": null,
            "primary_network_interface_id": "eni-00aa499948aab4e14",
            "private_dns": "ip-10-0-5-52.ap-northeast-2.compute.internal",
            "private_dns_name_options": [
              {
                "enable_resource_name_dns_a_record": false,
                "enable_resource_name_dns_aaaa_record": false,
                "hostname_type": "ip-name"
              }
            ],
            "private_ip": "10.0.5.52",
            "public_dns": "ec2-43-201-1-77.ap-northeast-2.compute.amazonaws.com",
            "public_ip": "43.201.1.77",
            "root_block_device": [
              {
                "delete_on_termination": true,
                "device_name": "/dev/sda1",
                "encrypted": false,
                "iops": 100,
                "kms_key_id": "",
                "tags": {},
                "throughput": 0,
                "volume_id": "vol-070096cfe48c2ff2b",
                "volume_size": 8,
                "volume_type": "gp2"
              }
            ],
            "secondary_private_ips": [],
            "security_groups": [
              "sg-0c2c5c2b3b8d9355a"
            ],
            "source_dest_check": true,
            "subnet_id": "subnet-01f32b8a0bcd715e8",
            "tags": {
              "Name": "scn-3"
            },
            "tags_all": {
              "Name": "scn-3"
            },
            "tenancy": "default",
            "timeouts": null,
            "user_data": null,
            "user_data_base64": null,
            "user_data_replace_on_change": false,
            "volume_tags": null,
            "vpc_security_group_ids": [
              "sg-0c2c5c2b3b8d9355a"
            ]
          },
          "sensitive_attributes": [],
          "private": "eyJlMmJmYjczMC1lY2FhLTExZTYtOGY4OC0zNDM2M2JjN2M0YzAiOnsiY3JlYXRlIjo2MDAwMDAwMDAwMDAsImRlbGV0ZSI6MTIwMDAwMDAwMDAwMCwidXBkYXRlIjo2MDAwMDAwMDAwMDB9LCJzY2hlbWFfdmVyc2lvbiI6IjEifQ==",
          "dependencies": [
            "aws_key_pair.kp",
            "aws_security_group.en_sg",
            "aws_subnet.my_subnet"
          ]
        }
      ]
    },
    {
      "mode": "managed",
      "type": "aws_instance",
      "name": "scn-master",
      "provider": "provider[\"registry.terraform.io/hashicorp/aws\"]",
      "instances": [
        {
          "schema_version": 1,
          "attributes": {
            "ami": "ami-058165de3b7202099",
            "arn": "arn:aws:ec2:ap-northeast-2:815089976118:instance/i-0c8e851c25e66a76c",
            "associate_public_ip_address": true,
            "availability_zone": "ap-northeast-2a",
            "capacity_reservation_specification": [
              {
                "capacity_reservation_preference": "open",
                "capacity_reservation_target": []
              }
            ],
            "cpu_core_count": 2,
            "cpu_threads_per_core": 1,
            "credit_specification": [
              {
                "cpu_credits": "standard"
              }
            ],
            "disable_api_stop": false,
            "disable_api_termination": false,
            "ebs_block_device": [],
            "ebs_optimized": false,
            "enclave_options": [
              {
                "enabled": false
              }
            ],
            "ephemeral_block_device": [],
            "get_password_data": false,
            "hibernation": false,
            "host_id": null,
            "host_resource_group_arn": null,
            "iam_instance_profile": "",
            "id": "i-0c8e851c25e66a76c",
            "instance_initiated_shutdown_behavior": "stop",
            "instance_state": "running",
            "instance_type": "t2.medium",
            "ipv6_address_count": 0,
            "ipv6_addresses": [],
            "key_name": "wemade_defi",
            "launch_template": [],
            "maintenance_options": [
              {
                "auto_recovery": "default"
              }
            ],
            "metadata_options": [
              {
                "http_endpoint": "enabled",
                "http_put_response_hop_limit": 1,
                "http_tokens": "optional",
                "instance_metadata_tags": "disabled"
              }
            ],
            "monitoring": false,
            "network_interface": [],
            "outpost_arn": "",
            "password_data": "",
            "placement_group": "",
            "placement_partition_number": null,
            "primary_network_interface_id": "eni-0446bc1eb253059f6",
            "private_dns": "ip-10-0-5-90.ap-northeast-2.compute.internal",
            "private_dns_name_options": [
              {
                "enable_resource_name_dns_a_record": false,
                "enable_resource_name_dns_aaaa_record": false,
                "hostname_type": "ip-name"
              }
            ],
            "private_ip": "10.0.5.90",
            "public_dns": "ec2-52-79-133-2.ap-northeast-2.compute.amazonaws.com",
            "public_ip": "52.79.133.2",
            "root_block_device": [
              {
                "delete_on_termination": true,
                "device_name": "/dev/sda1",
                "encrypted": false,
                "iops": 100,
                "kms_key_id": "",
                "tags": {},
                "throughput": 0,
                "volume_id": "vol-02860be1462334183",
                "volume_size": 8,
                "volume_type": "gp2"
              }
            ],
            "secondary_private_ips": [],
            "security_groups": [
              "sg-0c2c5c2b3b8d9355a"
            ],
            "source_dest_check": true,
            "subnet_id": "subnet-01f32b8a0bcd715e8",
            "tags": {
              "Name": "scn-master"
            },
            "tags_all": {
              "Name": "scn-master"
            },
            "tenancy": "default",
            "timeouts": null,
            "user_data": null,
            "user_data_base64": null,
            "user_data_replace_on_change": false,
            "volume_tags": null,
            "vpc_security_group_ids": [
              "sg-0c2c5c2b3b8d9355a"
            ]
          },
          "sensitive_attributes": [],
          "private": "eyJlMmJmYjczMC1lY2FhLTExZTYtOGY4OC0zNDM2M2JjN2M0YzAiOnsiY3JlYXRlIjo2MDAwMDAwMDAwMDAsImRlbGV0ZSI6MTIwMDAwMDAwMDAwMCwidXBkYXRlIjo2MDAwMDAwMDAwMDB9LCJzY2hlbWFfdmVyc2lvbiI6IjEifQ==",
          "dependencies": [
            "aws_key_pair.kp",
            "aws_security_group.en_sg",
            "aws_subnet.my_subnet"
          ]
        }
      ]
    },
    {
      "mode": "managed",
      "type": "aws_internet_gateway",
      "name": "my_vpc_gw",
      "provider": "provider[\"registry.terraform.io/hashicorp/aws\"]",
      "instances": [
        {
          "schema_version": 0,
          "attributes": {
            "arn": "arn:aws:ec2:ap-northeast-2:815089976118:internet-gateway/igw-02fb5d925808a051e",
            "id": "igw-02fb5d925808a051e",
            "owner_id": "815089976118",
            "tags": {
              "Name": "public"
            },
            "tags_all": {
              "Name": "public"
            },
            "timeouts": null,
            "vpc_id": "vpc-0981c09915038c818"
          },
          "sensitive_attributes": [],
          "private": "eyJlMmJmYjczMC1lY2FhLTExZTYtOGY4OC0zNDM2M2JjN2M0YzAiOnsiY3JlYXRlIjoxMjAwMDAwMDAwMDAwLCJkZWxldGUiOjEyMDAwMDAwMDAwMDAsInVwZGF0ZSI6MTIwMDAwMDAwMDAwMH19",
          "dependencies": [
            "aws_vpc.my_vpc"
          ]
        }
      ]
    },
    {
      "mode": "managed",
      "type": "aws_key_pair",
      "name": "kp",
      "provider": "provider[\"registry.terraform.io/hashicorp/aws\"]",
      "instances": [
        {
          "schema_version": 1,
          "attributes": {
            "arn": "arn:aws:ec2:ap-northeast-2:815089976118:key-pair/wemade_defi",
            "fingerprint": "bd:56:4f:6c:86:38:0b:67:1f:80:cb:ab:1f:01:ce:61",
            "id": "wemade_defi",
            "key_name": "wemade_defi",
            "key_name_prefix": "",
            "key_pair_id": "key-06e915701e22733fa",
            "key_type": "rsa",
            "public_key": "ssh-rsa AAAAB3NzaC1yc2EAAAADAQABAAACAQCmSfgTtTSe8Kp7E2eo4sU36OWNVO2sOTQJsBrwb5CnYwvnLyMJtMRQ1mu+0MqEMnxMHPNQFgIm10ZE97B6+rAQ0joSrm2QJcDJ3DrorNFJuYJQoTsHMiw02GikD7UZZempGOMVRK8uKFBBs+2KReWKq646Uv17u/WAkNcDeZ0G7PGxypZ3Apbhixig2nwBZ6xOjU+026oTPEZssDvXYw7v8qAVXbycCr5FXzNcafJsPrWTleKoPXBY1a6Kf4494S/ZqBWSINj+s8b+LbMGLnmV8QLh4BcviUejrt/F/+kg3IScSpDZoom/ox+wPGu3SC+uKxBDQhgykesEEvcLOe5K98/5qC5pFa3oxJG0g8UqDdkeKWEIbRUuVHpTJcDqWLehCgDqAKNS1BxV7xqwTftu04AFly62/1brbs7gITZwTdBOr+3W78+9rd/1fW85vh9G8TToCfpk4vIIcQJBmjJpkLa9v+KDpVyfps/ehECOqU8RvClMAxRQ6g6rHkQFQ2xLkn5q/lYmkeF5gZcYt736Zd3H3IkndfVT4ssD2qw11v7hW8mFWA5Ps254dlJ0wyEZKUIBFIu/xZtUL2mHsaK7wAKcHcLnbDfHGC2UZcomwVcL1jxsGwdCCmm6Vw9ke/lOOmihlHXCE3qT16qICtFxhVe9atTbC/BT7GxkAOhELQ==",
            "tags": {},
            "tags_all": {}
          },
          "sensitive_attributes": [],
          "private": "eyJzY2hlbWFfdmVyc2lvbiI6IjEifQ==",
          "dependencies": [
            "tls_private_key.pk"
          ]
        }
      ]
    },
    {
      "mode": "managed",
      "type": "aws_main_route_table_association",
      "name": "a",
      "provider": "provider[\"registry.terraform.io/hashicorp/aws\"]",
      "instances": [
        {
          "schema_version": 0,
          "attributes": {
            "id": "rtbassoc-0a3a6ffa971de4439",
            "original_route_table_id": "rtb-0eec75780f92f40b1",
            "route_table_id": "rtb-0eec75780f92f40b1",
            "vpc_id": "vpc-0981c09915038c818"
          },
          "sensitive_attributes": [],
          "private": "bnVsbA==",
          "dependencies": [
            "aws_internet_gateway.my_vpc_gw",
            "aws_route_table.route_grafana",
            "aws_vpc.my_vpc"
          ]
        }
      ]
    },
    {
      "mode": "managed",
      "type": "aws_nat_gateway",
      "name": "nat_gateway_1",
      "provider": "provider[\"registry.terraform.io/hashicorp/aws\"]",
      "instances": [
        {
          "schema_version": 0,
          "attributes": {
            "allocation_id": "eipalloc-00b6c0a9a54f6e624",
            "connectivity_type": "public",
            "id": "nat-0bd3d8f5b2edcb18d",
            "network_interface_id": "eni-0b51c2100c08d6dc7",
            "private_ip": "10.0.50.191",
            "public_ip": "15.165.24.165",
            "subnet_id": "subnet-0fc7a7c72bb19a87a",
            "tags": {
              "Name": "NAT-GW-1"
            },
            "tags_all": {
              "Name": "NAT-GW-1"
            }
          },
          "sensitive_attributes": [],
          "private": "bnVsbA==",
          "dependencies": [
            "aws_eip.nat_1",
            "aws_subnet.grafana_subnet",
            "aws_vpc.my_vpc"
          ]
        }
      ]
    },
    {
      "mode": "managed",
      "type": "aws_route",
      "name": "private_nat_1",
      "provider": "provider[\"registry.terraform.io/hashicorp/aws\"]",
      "instances": [
        {
          "schema_version": 0,
          "attributes": {
            "carrier_gateway_id": "",
            "core_network_arn": "",
            "destination_cidr_block": "0.0.0.0/0",
            "destination_ipv6_cidr_block": "",
            "destination_prefix_list_id": "",
            "egress_only_gateway_id": "",
            "gateway_id": "",
            "id": "r-rtb-02eadd8cb7622463b1080289494",
            "instance_id": "",
            "instance_owner_id": "",
            "local_gateway_id": "",
            "nat_gateway_id": "nat-0bd3d8f5b2edcb18d",
            "network_interface_id": "",
            "origin": "CreateRoute",
            "route_table_id": "rtb-02eadd8cb7622463b",
            "state": "active",
            "timeouts": null,
            "transit_gateway_id": "",
            "vpc_endpoint_id": "",
            "vpc_peering_connection_id": ""
          },
          "sensitive_attributes": [],
          "private": "eyJlMmJmYjczMC1lY2FhLTExZTYtOGY4OC0zNDM2M2JjN2M0YzAiOnsiY3JlYXRlIjozMDAwMDAwMDAwMDAsImRlbGV0ZSI6MzAwMDAwMDAwMDAwLCJ1cGRhdGUiOjEyMDAwMDAwMDAwMH19",
          "dependencies": [
            "aws_eip.nat_1",
            "aws_nat_gateway.nat_gateway_1",
            "aws_route_table.private_route_table",
            "aws_subnet.grafana_subnet",
            "aws_vpc.my_vpc"
          ]
        }
      ]
    },
    {
      "mode": "managed",
      "type": "aws_route_table",
      "name": "private_route_table",
      "provider": "provider[\"registry.terraform.io/hashicorp/aws\"]",
      "instances": [
        {
          "schema_version": 0,
          "attributes": {
            "arn": "arn:aws:ec2:ap-northeast-2:815089976118:route-table/rtb-02eadd8cb7622463b",
            "id": "rtb-02eadd8cb7622463b",
            "owner_id": "815089976118",
            "propagating_vgws": [],
            "route": [
              {
                "carrier_gateway_id": "",
                "cidr_block": "0.0.0.0/0",
                "core_network_arn": "",
                "destination_prefix_list_id": "",
                "egress_only_gateway_id": "",
                "gateway_id": "",
                "instance_id": "",
                "ipv6_cidr_block": "",
                "local_gateway_id": "",
                "nat_gateway_id": "nat-0bd3d8f5b2edcb18d",
                "network_interface_id": "",
                "transit_gateway_id": "",
                "vpc_endpoint_id": "",
                "vpc_peering_connection_id": ""
              }
            ],
            "tags": {
              "Name": "private"
            },
            "tags_all": {
              "Name": "private"
            },
            "timeouts": null,
            "vpc_id": "vpc-0981c09915038c818"
          },
          "sensitive_attributes": [],
          "private": "eyJlMmJmYjczMC1lY2FhLTExZTYtOGY4OC0zNDM2M2JjN2M0YzAiOnsiY3JlYXRlIjozMDAwMDAwMDAwMDAsImRlbGV0ZSI6MzAwMDAwMDAwMDAwLCJ1cGRhdGUiOjEyMDAwMDAwMDAwMH19",
          "dependencies": [
            "aws_vpc.my_vpc"
          ]
        }
      ]
    },
    {
      "mode": "managed",
      "type": "aws_route_table",
      "name": "route_grafana",
      "provider": "provider[\"registry.terraform.io/hashicorp/aws\"]",
      "instances": [
        {
          "schema_version": 0,
          "attributes": {
            "arn": "arn:aws:ec2:ap-northeast-2:815089976118:route-table/rtb-0eec75780f92f40b1",
            "id": "rtb-0eec75780f92f40b1",
            "owner_id": "815089976118",
            "propagating_vgws": [],
            "route": [
              {
                "carrier_gateway_id": "",
                "cidr_block": "0.0.0.0/0",
                "core_network_arn": "",
                "destination_prefix_list_id": "",
                "egress_only_gateway_id": "",
                "gateway_id": "igw-02fb5d925808a051e",
                "instance_id": "",
                "ipv6_cidr_block": "",
                "local_gateway_id": "",
                "nat_gateway_id": "",
                "network_interface_id": "",
                "transit_gateway_id": "",
                "vpc_endpoint_id": "",
                "vpc_peering_connection_id": ""
              }
            ],
            "tags": {
              "Name": "grafana"
            },
            "tags_all": {
              "Name": "grafana"
            },
            "timeouts": null,
            "vpc_id": "vpc-0981c09915038c818"
          },
          "sensitive_attributes": [],
          "private": "eyJlMmJmYjczMC1lY2FhLTExZTYtOGY4OC0zNDM2M2JjN2M0YzAiOnsiY3JlYXRlIjozMDAwMDAwMDAwMDAsImRlbGV0ZSI6MzAwMDAwMDAwMDAwLCJ1cGRhdGUiOjEyMDAwMDAwMDAwMH19",
          "dependencies": [
            "aws_internet_gateway.my_vpc_gw",
            "aws_vpc.my_vpc"
          ]
        }
      ]
    },
    {
      "mode": "managed",
      "type": "aws_route_table",
      "name": "route_table",
      "provider": "provider[\"registry.terraform.io/hashicorp/aws\"]",
      "instances": [
        {
          "schema_version": 0,
          "attributes": {
            "arn": "arn:aws:ec2:ap-northeast-2:815089976118:route-table/rtb-0548ea07fc6bbfc11",
            "id": "rtb-0548ea07fc6bbfc11",
            "owner_id": "815089976118",
            "propagating_vgws": [],
            "route": [
              {
                "carrier_gateway_id": "",
                "cidr_block": "0.0.0.0/0",
                "core_network_arn": "",
                "destination_prefix_list_id": "",
                "egress_only_gateway_id": "",
                "gateway_id": "igw-02fb5d925808a051e",
                "instance_id": "",
                "ipv6_cidr_block": "",
                "local_gateway_id": "",
                "nat_gateway_id": "",
                "network_interface_id": "",
                "transit_gateway_id": "",
                "vpc_endpoint_id": "",
                "vpc_peering_connection_id": ""
              }
            ],
            "tags": {
              "Name": "public"
            },
            "tags_all": {
              "Name": "public"
            },
            "timeouts": null,
            "vpc_id": "vpc-0981c09915038c818"
          },
          "sensitive_attributes": [],
          "private": "eyJlMmJmYjczMC1lY2FhLTExZTYtOGY4OC0zNDM2M2JjN2M0YzAiOnsiY3JlYXRlIjozMDAwMDAwMDAwMDAsImRlbGV0ZSI6MzAwMDAwMDAwMDAwLCJ1cGRhdGUiOjEyMDAwMDAwMDAwMH19",
          "dependencies": [
            "aws_internet_gateway.my_vpc_gw",
            "aws_vpc.my_vpc"
          ]
        }
      ]
    },
    {
      "mode": "managed",
      "type": "aws_route_table_association",
      "name": "route_association",
      "provider": "provider[\"registry.terraform.io/hashicorp/aws\"]",
      "instances": [
        {
          "schema_version": 0,
          "attributes": {
            "gateway_id": "",
            "id": "rtbassoc-00eb0c50966fb682e",
            "route_table_id": "rtb-0548ea07fc6bbfc11",
            "subnet_id": "subnet-01f32b8a0bcd715e8"
          },
          "sensitive_attributes": [],
          "private": "bnVsbA==",
          "dependencies": [
            "aws_internet_gateway.my_vpc_gw",
            "aws_route_table.route_table",
            "aws_subnet.my_subnet",
            "aws_vpc.my_vpc"
          ]
        }
      ]
    },
    {
      "mode": "managed",
      "type": "aws_route_table_association",
      "name": "route_table_association_private",
      "provider": "provider[\"registry.terraform.io/hashicorp/aws\"]",
      "instances": [
        {
          "schema_version": 0,
          "attributes": {
            "gateway_id": "",
            "id": "rtbassoc-0cbf8f40bea2f319f",
            "route_table_id": "rtb-02eadd8cb7622463b",
            "subnet_id": "subnet-05749cc82e7833923"
          },
          "sensitive_attributes": [],
          "private": "bnVsbA==",
          "dependencies": [
            "aws_route_table.private_route_table",
            "aws_subnet.private_subnet",
            "aws_vpc.my_vpc"
          ]
        }
      ]
    },
    {
      "mode": "managed",
      "type": "aws_security_group",
      "name": "allow_grafana",
      "provider": "provider[\"registry.terraform.io/hashicorp/aws\"]",
      "instances": [
        {
          "schema_version": 1,
          "attributes": {
            "arn": "arn:aws:ec2:ap-northeast-2:815089976118:security-group/sg-014a0ea1cacb8a8ec",
            "description": "Allow inbound grafana traffic",
            "egress": [
              {
                "cidr_blocks": [
                  "0.0.0.0/0"
                ],
                "description": "",
                "from_port": 0,
                "ipv6_cidr_blocks": [
                  "::/0"
                ],
                "prefix_list_ids": [],
                "protocol": "-1",
                "security_groups": [],
                "self": false,
                "to_port": 0
              }
            ],
            "id": "sg-014a0ea1cacb8a8ec",
            "ingress": [
              {
                "cidr_blocks": [
                  "0.0.0.0/0"
                ],
                "description": "Grafana traffic (3000) from VPC",
                "from_port": 3000,
                "ipv6_cidr_blocks": [],
                "prefix_list_ids": [],
                "protocol": "tcp",
                "security_groups": [],
                "self": false,
                "to_port": 3000
              },
              {
                "cidr_blocks": [
                  "0.0.0.0/0"
                ],
                "description": "SSH from VPC",
                "from_port": 22,
                "ipv6_cidr_blocks": [],
                "prefix_list_ids": [],
                "protocol": "tcp",
                "security_groups": [],
                "self": false,
                "to_port": 22
              }
            ],
            "name": "Grafana-SecGp",
            "name_prefix": "",
            "owner_id": "815089976118",
            "revoke_rules_on_delete": false,
            "tags": {
              "Name": "allow_grafana"
            },
            "tags_all": {
              "Name": "allow_grafana"
            },
            "timeouts": null,
            "vpc_id": "vpc-0981c09915038c818"
          },
          "sensitive_attributes": [],
          "private": "eyJlMmJmYjczMC1lY2FhLTExZTYtOGY4OC0zNDM2M2JjN2M0YzAiOnsiY3JlYXRlIjo2MDAwMDAwMDAwMDAsImRlbGV0ZSI6OTAwMDAwMDAwMDAwfSwic2NoZW1hX3ZlcnNpb24iOiIxIn0=",
          "dependencies": [
            "aws_vpc.my_vpc"
          ]
        }
      ]
    },
    {
      "mode": "managed",
      "type": "aws_security_group",
      "name": "en_sg",
      "provider": "provider[\"registry.terraform.io/hashicorp/aws\"]",
      "instances": [
        {
          "schema_version": 1,
          "attributes": {
            "arn": "arn:aws:ec2:ap-northeast-2:815089976118:security-group/sg-0c2c5c2b3b8d9355a",
            "description": "SSH from Anywhere",
            "egress": [
              {
                "cidr_blocks": [
                  "0.0.0.0/0"
                ],
                "description": "",
                "from_port": 0,
                "ipv6_cidr_blocks": [],
                "prefix_list_ids": [],
                "protocol": "-1",
                "security_groups": [],
                "self": false,
                "to_port": 0
              }
            ],
            "id": "sg-0c2c5c2b3b8d9355a",
            "ingress": [
              {
                "cidr_blocks": [
                  "0.0.0.0/0"
                ],
                "description": "HTTP Access",
                "from_port": 80,
                "ipv6_cidr_blocks": [],
                "prefix_list_ids": [],
                "protocol": "tcp",
                "security_groups": [],
                "self": false,
                "to_port": 80
              },
              {
                "cidr_blocks": [
                  "0.0.0.0/0"
                ],
                "description": "SSH Access",
                "from_port": 22323,
                "ipv6_cidr_blocks": [],
                "prefix_list_ids": [],
                "protocol": "tcp",
                "security_groups": [],
                "self": false,
                "to_port": 22323
              },
              {
                "cidr_blocks": [
                  "0.0.0.0/0"
                ],
                "description": "SSH Access",
                "from_port": 22324,
                "ipv6_cidr_blocks": [],
                "prefix_list_ids": [],
                "protocol": "tcp",
                "security_groups": [],
                "self": false,
                "to_port": 22324
              },
              {
                "cidr_blocks": [
                  "0.0.0.0/0"
                ],
                "description": "SSH Access",
                "from_port": 22,
                "ipv6_cidr_blocks": [],
                "prefix_list_ids": [],
                "protocol": "tcp",
                "security_groups": [],
                "self": false,
                "to_port": 22
              },
              {
                "cidr_blocks": [
                  "0.0.0.0/0"
                ],
                "description": "endpoint Access",
                "from_port": 50505,
                "ipv6_cidr_blocks": [],
                "prefix_list_ids": [],
                "protocol": "tcp",
                "security_groups": [],
                "self": false,
                "to_port": 50505
              }
            ],
            "name": "en_sg",
            "name_prefix": "",
            "owner_id": "815089976118",
            "revoke_rules_on_delete": false,
            "tags": {
              "Name": "public"
            },
            "tags_all": {
              "Name": "public"
            },
            "timeouts": null,
            "vpc_id": "vpc-0981c09915038c818"
          },
          "sensitive_attributes": [],
          "private": "eyJlMmJmYjczMC1lY2FhLTExZTYtOGY4OC0zNDM2M2JjN2M0YzAiOnsiY3JlYXRlIjo2MDAwMDAwMDAwMDAsImRlbGV0ZSI6OTAwMDAwMDAwMDAwfSwic2NoZW1hX3ZlcnNpb24iOiIxIn0=",
          "dependencies": [
            "aws_vpc.my_vpc"
          ]
        }
      ]
    },
    {
      "mode": "managed",
      "type": "aws_security_group",
      "name": "private_sg",
      "provider": "provider[\"registry.terraform.io/hashicorp/aws\"]",
      "instances": [
        {
          "schema_version": 1,
          "attributes": {
            "arn": "arn:aws:ec2:ap-northeast-2:815089976118:security-group/sg-0b042791b012e23da",
            "description": "SSH from Anywhere",
            "egress": [
              {
                "cidr_blocks": [
                  "0.0.0.0/0"
                ],
                "description": "",
                "from_port": 0,
                "ipv6_cidr_blocks": [],
                "prefix_list_ids": [],
                "protocol": "-1",
                "security_groups": [],
                "self": false,
                "to_port": 0
              }
            ],
            "id": "sg-0b042791b012e23da",
            "ingress": [
              {
                "cidr_blocks": [
                  "0.0.0.0/0"
                ],
                "description": "SSH Access",
                "from_port": 22,
                "ipv6_cidr_blocks": [],
                "prefix_list_ids": [],
                "protocol": "tcp",
                "security_groups": [],
                "self": false,
                "to_port": 22
              }
            ],
            "name": "private_sg",
            "name_prefix": "",
            "owner_id": "815089976118",
            "revoke_rules_on_delete": false,
            "tags": {
              "Name": "private"
            },
            "tags_all": {
              "Name": "private"
            },
            "timeouts": null,
            "vpc_id": "vpc-0981c09915038c818"
          },
          "sensitive_attributes": [],
          "private": "eyJlMmJmYjczMC1lY2FhLTExZTYtOGY4OC0zNDM2M2JjN2M0YzAiOnsiY3JlYXRlIjo2MDAwMDAwMDAwMDAsImRlbGV0ZSI6OTAwMDAwMDAwMDAwfSwic2NoZW1hX3ZlcnNpb24iOiIxIn0=",
          "dependencies": [
            "aws_vpc.my_vpc"
          ]
        }
      ]
    },
    {
      "mode": "managed",
      "type": "aws_subnet",
      "name": "grafana_subnet",
      "provider": "provider[\"registry.terraform.io/hashicorp/aws\"]",
      "instances": [
        {
          "schema_version": 1,
          "attributes": {
            "arn": "arn:aws:ec2:ap-northeast-2:815089976118:subnet/subnet-0fc7a7c72bb19a87a",
            "assign_ipv6_address_on_creation": false,
            "availability_zone": "ap-northeast-2a",
            "availability_zone_id": "apne2-az1",
            "cidr_block": "10.0.50.0/24",
            "customer_owned_ipv4_pool": "",
            "enable_dns64": false,
            "enable_resource_name_dns_a_record_on_launch": false,
            "enable_resource_name_dns_aaaa_record_on_launch": false,
            "id": "subnet-0fc7a7c72bb19a87a",
            "ipv6_cidr_block": "",
            "ipv6_cidr_block_association_id": "",
            "ipv6_native": false,
            "map_customer_owned_ip_on_launch": false,
            "map_public_ip_on_launch": true,
            "outpost_arn": "",
            "owner_id": "815089976118",
            "private_dns_hostname_type_on_launch": "ip-name",
            "tags": {
              "Name": "grafana"
            },
            "tags_all": {
              "Name": "grafana"
            },
            "timeouts": null,
            "vpc_id": "vpc-0981c09915038c818"
          },
          "sensitive_attributes": [],
          "private": "eyJlMmJmYjczMC1lY2FhLTExZTYtOGY4OC0zNDM2M2JjN2M0YzAiOnsiY3JlYXRlIjo2MDAwMDAwMDAwMDAsImRlbGV0ZSI6MTIwMDAwMDAwMDAwMH0sInNjaGVtYV92ZXJzaW9uIjoiMSJ9",
          "dependencies": [
            "aws_vpc.my_vpc"
          ]
        }
      ]
    },
    {
      "mode": "managed",
      "type": "aws_subnet",
      "name": "my_subnet",
      "provider": "provider[\"registry.terraform.io/hashicorp/aws\"]",
      "instances": [
        {
          "schema_version": 1,
          "attributes": {
            "arn": "arn:aws:ec2:ap-northeast-2:815089976118:subnet/subnet-01f32b8a0bcd715e8",
            "assign_ipv6_address_on_creation": false,
            "availability_zone": "ap-northeast-2a",
            "availability_zone_id": "apne2-az1",
            "cidr_block": "10.0.5.0/24",
            "customer_owned_ipv4_pool": "",
            "enable_dns64": false,
            "enable_resource_name_dns_a_record_on_launch": false,
            "enable_resource_name_dns_aaaa_record_on_launch": false,
            "id": "subnet-01f32b8a0bcd715e8",
            "ipv6_cidr_block": "",
            "ipv6_cidr_block_association_id": "",
            "ipv6_native": false,
            "map_customer_owned_ip_on_launch": false,
            "map_public_ip_on_launch": true,
            "outpost_arn": "",
            "owner_id": "815089976118",
            "private_dns_hostname_type_on_launch": "ip-name",
            "tags": {
              "Name": "public"
            },
            "tags_all": {
              "Name": "public"
            },
            "timeouts": null,
            "vpc_id": "vpc-0981c09915038c818"
          },
          "sensitive_attributes": [],
          "private": "eyJlMmJmYjczMC1lY2FhLTExZTYtOGY4OC0zNDM2M2JjN2M0YzAiOnsiY3JlYXRlIjo2MDAwMDAwMDAwMDAsImRlbGV0ZSI6MTIwMDAwMDAwMDAwMH0sInNjaGVtYV92ZXJzaW9uIjoiMSJ9",
          "dependencies": [
            "aws_vpc.my_vpc"
          ]
        }
      ]
    },
    {
      "mode": "managed",
      "type": "aws_subnet",
      "name": "private_subnet",
      "provider": "provider[\"registry.terraform.io/hashicorp/aws\"]",
      "instances": [
        {
          "schema_version": 1,
          "attributes": {
            "arn": "arn:aws:ec2:ap-northeast-2:815089976118:subnet/subnet-05749cc82e7833923",
            "assign_ipv6_address_on_creation": false,
            "availability_zone": "ap-northeast-2a",
            "availability_zone_id": "apne2-az1",
            "cidr_block": "10.0.100.0/24",
            "customer_owned_ipv4_pool": "",
            "enable_dns64": false,
            "enable_resource_name_dns_a_record_on_launch": false,
            "enable_resource_name_dns_aaaa_record_on_launch": false,
            "id": "subnet-05749cc82e7833923",
            "ipv6_cidr_block": "",
            "ipv6_cidr_block_association_id": "",
            "ipv6_native": false,
            "map_customer_owned_ip_on_launch": false,
            "map_public_ip_on_launch": true,
            "outpost_arn": "",
            "owner_id": "815089976118",
            "private_dns_hostname_type_on_launch": "ip-name",
            "tags": {
              "Name": "private"
            },
            "tags_all": {
              "Name": "private"
            },
            "timeouts": null,
            "vpc_id": "vpc-0981c09915038c818"
          },
          "sensitive_attributes": [],
          "private": "eyJlMmJmYjczMC1lY2FhLTExZTYtOGY4OC0zNDM2M2JjN2M0YzAiOnsiY3JlYXRlIjo2MDAwMDAwMDAwMDAsImRlbGV0ZSI6MTIwMDAwMDAwMDAwMH0sInNjaGVtYV92ZXJzaW9uIjoiMSJ9",
          "dependencies": [
            "aws_vpc.my_vpc"
          ]
        }
      ]
    },
    {
      "mode": "managed",
      "type": "aws_volume_attachment",
      "name": "ebs_att",
      "provider": "provider[\"registry.terraform.io/hashicorp/aws\"]",
      "instances": [
        {
          "schema_version": 0,
          "attributes": {
            "device_name": "/dev/sdd",
            "force_detach": true,
            "id": "vai-3227235055",
            "instance_id": "i-056c04f66d27f1748",
            "skip_destroy": null,
            "stop_instance_before_detaching": null,
            "timeouts": null,
            "volume_id": "vol-056760754401b44ff"
          },
          "sensitive_attributes": [],
          "private": "eyJlMmJmYjczMC1lY2FhLTExZTYtOGY4OC0zNDM2M2JjN2M0YzAiOnsiY3JlYXRlIjozMDAwMDAwMDAwMDAsImRlbGV0ZSI6MzAwMDAwMDAwMDAwfX0=",
          "dependencies": [
            "aws_ebs_volume.ebs_volume",
            "aws_instance.en_node",
            "aws_key_pair.kp",
            "aws_security_group.en_sg",
            "aws_subnet.my_subnet"
          ]
        }
      ]
    },
    {
      "mode": "managed",
      "type": "aws_vpc",
      "name": "my_vpc",
      "provider": "provider[\"registry.terraform.io/hashicorp/aws\"]",
      "instances": [
        {
          "schema_version": 1,
          "attributes": {
            "arn": "arn:aws:ec2:ap-northeast-2:815089976118:vpc/vpc-0981c09915038c818",
            "assign_generated_ipv6_cidr_block": false,
            "cidr_block": "10.0.0.0/16",
            "default_network_acl_id": "acl-09ebae18cae9c806a",
            "default_route_table_id": "rtb-0eec75780f92f40b1",
            "default_security_group_id": "sg-09dbc50811c2c4cf9",
            "dhcp_options_id": "dopt-0a09beb34debae9eb",
            "enable_classiclink": false,
            "enable_classiclink_dns_support": false,
            "enable_dns_hostnames": true,
            "enable_dns_support": true,
            "id": "vpc-0981c09915038c818",
            "instance_tenancy": "default",
            "ipv4_ipam_pool_id": null,
            "ipv4_netmask_length": null,
            "ipv6_association_id": "",
            "ipv6_cidr_block": "",
            "ipv6_cidr_block_network_border_group": "",
            "ipv6_ipam_pool_id": "",
            "ipv6_netmask_length": 0,
            "main_route_table_id": "rtb-0eec75780f92f40b1",
            "owner_id": "815089976118",
            "tags": {},
            "tags_all": {}
          },
          "sensitive_attributes": [],
          "private": "eyJzY2hlbWFfdmVyc2lvbiI6IjEifQ=="
        }
      ]
    },
    {
      "mode": "managed",
      "type": "local_file",
      "name": "ssh_key",
      "provider": "provider[\"registry.terraform.io/hashicorp/local\"]",
      "instances": [
        {
          "schema_version": 0,
          "attributes": {
            "content": "-----BEGIN RSA PRIVATE KEY-----\nMIIJKQIBAAKCAgEApkn4E7U0nvCqexNnqOLFN+jljVTtrDk0CbAa8G+Qp2ML5y8j\nCbTEUNZrvtDKhDJ8TBzzUBYCJtdGRPewevqwENI6Eq5tkCXAydw66KzRSbmCUKE7\nBzIsNNhopA+1GWXpqRjjFUSvLihQQbPtikXliquuOlL9e7v1gJDXA3mdBuzxscqW\ndwKW4YsYoNp8AWesTo1PtNuqEzxGbLA712MO7/KgFV28nAq+RV8zXGnybD61k5Xi\nqD1wWNWuin+OPeEv2agVkiDY/rPG/i2zBi55lfEC4eAXL4lHo67fxf/pINyEnEqQ\n2aKJv6MfsDxrt0gvrisQQ0IYMpHrBBL3CznuSvfP+aguaRWt6MSRtIPFKg3ZHilh\nCG0VLlR6UyXA6li3oQoA6gCjUtQcVe8asE37btOABZcutv9W627O4CE2cE3QTq/t\n1u/Pva3f9X1vOb4fRvE06An6ZOLyCHECQZoyaZC2vb/ig6Vcn6bP3oRAjqlPEbwp\nTAMUUOoOqx5EBUNsS5J+av5WJpHheYGXGLe9+mXdx9yJJ3X1U+LLA9qsNdb+4VvJ\nhVgOT7NueHZSdMMhGSlCARSLv8WbVC9ph7Giu8ACnB3C52w3xxgtlGXKJsFXC9Y8\nbBsHQgppulcPZHv5TjpooZR1whN6k9eqiArRcYVXvWrU2wvwU+xsZADoRC0CAwEA\nAQKCAgEAjYUAMs2Rpf7OKAaAvvOXwphb3Gc+Csd4KRKOKrfYFQyvUaYFHLqSJPYH\nJpMM92r7687rp+nDFQk7DXD66f61nus7bzCxn+7xXxolrGV/jE3rwPEmil5Bzwuq\nKo4PozjfngDHKg+VQyQeAXy+mWIZE2Y+1fZRMl/pdOxPgO6cHAvFOnleipRSkkrN\nv/+Rb6SquQN8pUAZQ1uV1+Q4WXs9eCo14VkwLmDaQ7HcxTaJkWPhJmR2TJZVKdVZ\nQReDl9gw3/0ztnRsGIApx6Je7NDauygtOsx7DwK3TG+ElD7SShxCY7z1/7JbpxON\n4W/agFZX9dNCeOskKs2ShJobU5uO1zEc9T1sTKO8/bYZpupxa+KEr/6Gy11sQN9Z\nbFv8F+jv5qo0wJnGBibrHwviSl8V3cgtrcqFAXKcjz9q3cv+JxQhY5cbh43sJYaa\ng4kIt95VXy7qjmN9xmdD4GNk9PVJswx3f7TDqwW+h5/AMdUy0qgsZSsM5AtHtsW7\nsIhcXFRla10R6iP1DnxChQs7W0AMihjDb3Ctn5+IrMNeL23qZ6nBOuv9S0+S3vC6\n1ElwOLS5UYAAKZ7ofUF+RAj+HJ3QD1B7MTe/mEOLeHNZFn5445QStJ2jqS1r8uvH\nAdseqLMp3iRDQgZc3LFlrB7orMhL+je25qnnMTW2C6YXfNIiHsUCggEBAMci1mFV\nRLn7AH64fBy9A5Y4PZ1j8UaKMMSEDsc1XHWj96no8P8BmCE3Kyw2UoAHnIn9slZl\ntrv8HNpvc89qg2isSPwZOmfRtkrfUEwqBsB2+KqSimtEM2IWNWkxy345tSP1ddjE\nEuRTwQT058Nxr2dwfW9rXcLwSFPDDjABE8pkYqMBlYzSB3SPcFFfGbyNqeSBswEU\nIbYVBKmdY7pTVLe5HPUSY9yvp0V6rH63bU9/F3kW1Ic7y8DxpSfpPIVrKwOsi1qe\n78YB5w44gqukC4202zozgiXKCgt1ujt/F8jd4UqeY13jdQ6kEeqqALYG4OVSDLVA\n1rsd1XNLwm6r+5cCggEBANXF9B+Oc2ZyCDMWink3IXNquTcaw7JQvmFJRrVRsw0S\nBTDNY1/LbuW6C51KUMD3crLENoKo77RhVseMnS8VaKs2407r8qmjLfOz3FeB4d6H\nILhao26CFJnLTpatUKsncR9vpjR/cGvzHwSFHxd67bqrhR+la5qMbODXh4X4kNpA\nBazOAl11HFKLaGpgCSxm+9bUbngnrVtpaYAKnWnMtOlrielYvkp0ZdUS8YsSOQge\nntuMjx1S1brQYz18jNOaF0fY+XuTe5kjxKSOMCMV1b5NKMzxdeOSeCsLMwXDlm/M\ndcMstUtkQ6LRz0kOtB1dd0ksEtigiZn0wEzpoZGBhtsCggEBAIT9hx7Jy3RJZTM8\nEec/dD3GoZ+TN3dcouUbLKNtx6npL2WR5CDp96d3KKYGQWKvsqOVgpygoUE6Riq7\ndCR5hflJ1hRG5PKg45VtPjsfdhLjYX7JDxhEG+zN2C3Ay54o/AhfzaxOhi9mn+mn\nhYDJU9NJFPxsP9oIjsUh5z+3+HeaQyWJ0U6SldgKU4CEerOqCGRLGjkGMN1hfBOq\nwQeWz2VDg0tIVNj1lkiYfMrDxYTp48tCq/0EujbJKvtUkM6pm7iAazDCJG+gpaah\npuLqU6z3s9FSxQBnxf2RSiah4kiLpgIndUUmuu5kNHL7xi3KujdsbIBAJSgh7INr\nfRZcVVECggEAaIN8ZAU4JEjx+1A06ShsAUqXPPqn3MEfIt85Y6KK4IQD56UyxX3n\nPQdlcEQKER2phP7rC5xefRjt3WfA3WkhIDwYi9hNbmRqLfCsdFf6vtnfxGID7x5H\nxh0g0gfwHY2N/+mNH7OCmjRl4MbYuZkPKyl6T0uHvSqUfKTDDFvHLf0JCUA65chA\nzZZ8uS00rvG2hISdcb8sQTnbK4+FAFnlxQ0fgucxOaOIudCmKPEC0xZtYjdpLNP3\nzHrfWgtPqpB2e1j4OFOVpPxYwn8Fx9GAC6cboH8YvOc6Owkhq9rA7O3QUVjFVhOy\nAaOELVqz8ntku3CB0klCnPONJM1AgawK6wKCAQAW2zi5Ml4tbaM0kD1NuVr4/tYC\nVmOTJDNcqoG3UF7L0HX4UbtmRwtMntVbNO45JClOSW5OBlE5Jh9LlM8wAVPkDVJh\nJhNJfIrx1UdKOUFS3CPvQPLPpHYYomO9thS1aMcxx9NzL6uqZxIBe9tIcUXT82SJ\n4DHLJRRVlZhxF3pUb5gif74fAOjc/ubSXHUVnT1SoxBAw68p9Lo44B51uURjQAvW\nSHD+GggjhdlXJtI4mAhYfavHxpWw8J2kLV0EtGedMM1oYzefWF9anyojQJgVPhZD\n55PFMBqYGQEU7MgZtn6bwyiD69q6et/f4erWR02jcd2sAkstFqPveb8G+ajV\n-----END RSA PRIVATE KEY-----\n",
            "content_base64": null,
            "directory_permission": "0777",
            "file_permission": "0777",
            "filename": "wemade_defi.pem",
            "id": "4d7d9e6ce7830d9dcb995bd2b5ff22e8754f059e",
            "sensitive_content": null,
            "source": null
          },
          "sensitive_attributes": [
            [
              {
                "type": "get_attr",
                "value": "content"
              }
            ]
          ],
          "private": "bnVsbA==",
          "dependencies": [
            "aws_key_pair.kp",
            "tls_private_key.pk"
          ]
        }
      ]
    },
    {
      "mode": "managed",
      "type": "tls_private_key",
      "name": "pk",
      "provider": "provider[\"registry.terraform.io/hashicorp/tls\"]",
      "instances": [
        {
          "schema_version": 1,
          "attributes": {
            "algorithm": "RSA",
            "ecdsa_curve": "P224",
            "id": "8e7d0aa3dee7ff0c439220ee2fdbce54f2ed4fc1",
            "private_key_openssh": "-----BEGIN OPENSSH PRIVATE KEY-----\nb3BlbnNzaC1rZXktdjEAAAAABG5vbmUAAAAEbm9uZQAAAAAAAAABAAACFwAAAAdz\nc2gtcnNhAAAAAwEAAQAAAgEApkn4E7U0nvCqexNnqOLFN+jljVTtrDk0CbAa8G+Q\np2ML5y8jCbTEUNZrvtDKhDJ8TBzzUBYCJtdGRPewevqwENI6Eq5tkCXAydw66KzR\nSbmCUKE7BzIsNNhopA+1GWXpqRjjFUSvLihQQbPtikXliquuOlL9e7v1gJDXA3md\nBuzxscqWdwKW4YsYoNp8AWesTo1PtNuqEzxGbLA712MO7/KgFV28nAq+RV8zXGny\nbD61k5XiqD1wWNWuin+OPeEv2agVkiDY/rPG/i2zBi55lfEC4eAXL4lHo67fxf/p\nINyEnEqQ2aKJv6MfsDxrt0gvrisQQ0IYMpHrBBL3CznuSvfP+aguaRWt6MSRtIPF\nKg3ZHilhCG0VLlR6UyXA6li3oQoA6gCjUtQcVe8asE37btOABZcutv9W627O4CE2\ncE3QTq/t1u/Pva3f9X1vOb4fRvE06An6ZOLyCHECQZoyaZC2vb/ig6Vcn6bP3oRA\njqlPEbwpTAMUUOoOqx5EBUNsS5J+av5WJpHheYGXGLe9+mXdx9yJJ3X1U+LLA9qs\nNdb+4VvJhVgOT7NueHZSdMMhGSlCARSLv8WbVC9ph7Giu8ACnB3C52w3xxgtlGXK\nJsFXC9Y8bBsHQgppulcPZHv5TjpooZR1whN6k9eqiArRcYVXvWrU2wvwU+xsZADo\nRC0AAAc4DS8pCA0vKQgAAAAHc3NoLXJzYQAAAgEApkn4E7U0nvCqexNnqOLFN+jl\njVTtrDk0CbAa8G+Qp2ML5y8jCbTEUNZrvtDKhDJ8TBzzUBYCJtdGRPewevqwENI6\nEq5tkCXAydw66KzRSbmCUKE7BzIsNNhopA+1GWXpqRjjFUSvLihQQbPtikXliquu\nOlL9e7v1gJDXA3mdBuzxscqWdwKW4YsYoNp8AWesTo1PtNuqEzxGbLA712MO7/Kg\nFV28nAq+RV8zXGnybD61k5XiqD1wWNWuin+OPeEv2agVkiDY/rPG/i2zBi55lfEC\n4eAXL4lHo67fxf/pINyEnEqQ2aKJv6MfsDxrt0gvrisQQ0IYMpHrBBL3CznuSvfP\n+aguaRWt6MSRtIPFKg3ZHilhCG0VLlR6UyXA6li3oQoA6gCjUtQcVe8asE37btOA\nBZcutv9W627O4CE2cE3QTq/t1u/Pva3f9X1vOb4fRvE06An6ZOLyCHECQZoyaZC2\nvb/ig6Vcn6bP3oRAjqlPEbwpTAMUUOoOqx5EBUNsS5J+av5WJpHheYGXGLe9+mXd\nx9yJJ3X1U+LLA9qsNdb+4VvJhVgOT7NueHZSdMMhGSlCARSLv8WbVC9ph7Giu8AC\nnB3C52w3xxgtlGXKJsFXC9Y8bBsHQgppulcPZHv5TjpooZR1whN6k9eqiArRcYVX\nvWrU2wvwU+xsZADoRC0AAAADAQABAAACAQCNhQAyzZGl/s4oBoC+85fCmFvcZz4K\nx3gpEo4qt9gVDK9RpgUcupIk9gcmkwz3avvrzuun6cMVCTsNcPrp/rWe6ztvMLGf\n7vFfGiWsZX+MTevA8SaKXkHPC6oqjg+jON+eAMcqD5VDJB4BfL6ZYhkTZj7V9lEy\nX+l07E+A7pwcC8U6eV6KlFKSSs2//5FvpKq5A3ylQBlDW5XX5DhZez14KjXhWTAu\nYNpDsdzFNomRY+EmZHZMllUp1VlBF4OX2DDf/TO2dGwYgCnHol7s0Nq7KC06zHsP\nArdMb4SUPtJKHEJjvPX/slunE43hb9qAVlf100J46yQqzZKEmhtTm47XMRz1PWxM\no7z9thmm6nFr4oSv/obLXWxA31lsW/wX6O/mqjTAmcYGJusfC+JKXxXdyC2tyoUB\ncpyPP2rdy/4nFCFjlxuHjewlhpqDiQi33lVfLuqOY33GZ0PgY2T09UmzDHd/tMOr\nBb6Hn8Ax1TLSqCxlKwzkC0e2xbuwiFxcVGVrXRHqI/UOfEKFCztbQAyKGMNvcK2f\nn4isw14vbepnqcE66/1LT5Le8LrUSXA4tLlRgAApnuh9QX5ECP4cndAPUHsxN7+Y\nQ4t4c1kWfnjjlBK0naOpLWvy68cB2x6osyneJENCBlzcsWWsHuisyEv6N7bmqecx\nNbYLphd80iIexQAAAQAW2zi5Ml4tbaM0kD1NuVr4/tYCVmOTJDNcqoG3UF7L0HX4\nUbtmRwtMntVbNO45JClOSW5OBlE5Jh9LlM8wAVPkDVJhJhNJfIrx1UdKOUFS3CPv\nQPLPpHYYomO9thS1aMcxx9NzL6uqZxIBe9tIcUXT82SJ4DHLJRRVlZhxF3pUb5gi\nf74fAOjc/ubSXHUVnT1SoxBAw68p9Lo44B51uURjQAvWSHD+GggjhdlXJtI4mAhY\nfavHxpWw8J2kLV0EtGedMM1oYzefWF9anyojQJgVPhZD55PFMBqYGQEU7MgZtn6b\nwyiD69q6et/f4erWR02jcd2sAkstFqPveb8G+ajVAAABAQDHItZhVUS5+wB+uHwc\nvQOWOD2dY/FGijDEhA7HNVx1o/ep6PD/AZghNyssNlKAB5yJ/bJWZba7/Bzab3PP\naoNorEj8GTpn0bZK31BMKgbAdviqkoprRDNiFjVpMct+ObUj9XXYxBLkU8EE9OfD\nca9ncH1va13C8EhTww4wARPKZGKjAZWM0gd0j3BRXxm8jankgbMBFCG2FQSpnWO6\nU1S3uRz1EmPcr6dFeqx+t21Pfxd5FtSHO8vA8aUn6TyFaysDrItanu/GAecOOIKr\npAuNtNs6M4IlygoLdbo7fxfI3eFKnmNd43UOpBHqqgC2BuDlUgy1QNa7HdVzS8Ju\nq/uXAAABAQDVxfQfjnNmcggzFop5NyFzark3GsOyUL5hSUa1UbMNEgUwzWNfy27l\nugudSlDA93KyxDaCqO+0YVbHjJ0vFWirNuNO6/Kpoy3zs9xXgeHehyC4WqNughSZ\ny06WrVCrJ3Efb6Y0f3Br8x8EhR8Xeu26q4UfpWuajGzg14eF+JDaQAWszgJddRxS\ni2hqYAksZvvW1G54J61baWmACp1pzLTpa4npWL5KdGXVEvGLEjkIHp7bjI8dUtW6\n0GM9fIzTmhdH2Pl7k3uZI8SkjjAjFdW+TSjM8XXjkngrCzMFw5ZvzHXDLLVLZEOi\n0c9JDrQdXXdJLBLYoImZ9MBM6aGRgYbbAAAAAAEC\n-----END OPENSSH PRIVATE KEY-----\n",
            "private_key_pem": "-----BEGIN RSA PRIVATE KEY-----\nMIIJKQIBAAKCAgEApkn4E7U0nvCqexNnqOLFN+jljVTtrDk0CbAa8G+Qp2ML5y8j\nCbTEUNZrvtDKhDJ8TBzzUBYCJtdGRPewevqwENI6Eq5tkCXAydw66KzRSbmCUKE7\nBzIsNNhopA+1GWXpqRjjFUSvLihQQbPtikXliquuOlL9e7v1gJDXA3mdBuzxscqW\ndwKW4YsYoNp8AWesTo1PtNuqEzxGbLA712MO7/KgFV28nAq+RV8zXGnybD61k5Xi\nqD1wWNWuin+OPeEv2agVkiDY/rPG/i2zBi55lfEC4eAXL4lHo67fxf/pINyEnEqQ\n2aKJv6MfsDxrt0gvrisQQ0IYMpHrBBL3CznuSvfP+aguaRWt6MSRtIPFKg3ZHilh\nCG0VLlR6UyXA6li3oQoA6gCjUtQcVe8asE37btOABZcutv9W627O4CE2cE3QTq/t\n1u/Pva3f9X1vOb4fRvE06An6ZOLyCHECQZoyaZC2vb/ig6Vcn6bP3oRAjqlPEbwp\nTAMUUOoOqx5EBUNsS5J+av5WJpHheYGXGLe9+mXdx9yJJ3X1U+LLA9qsNdb+4VvJ\nhVgOT7NueHZSdMMhGSlCARSLv8WbVC9ph7Giu8ACnB3C52w3xxgtlGXKJsFXC9Y8\nbBsHQgppulcPZHv5TjpooZR1whN6k9eqiArRcYVXvWrU2wvwU+xsZADoRC0CAwEA\nAQKCAgEAjYUAMs2Rpf7OKAaAvvOXwphb3Gc+Csd4KRKOKrfYFQyvUaYFHLqSJPYH\nJpMM92r7687rp+nDFQk7DXD66f61nus7bzCxn+7xXxolrGV/jE3rwPEmil5Bzwuq\nKo4PozjfngDHKg+VQyQeAXy+mWIZE2Y+1fZRMl/pdOxPgO6cHAvFOnleipRSkkrN\nv/+Rb6SquQN8pUAZQ1uV1+Q4WXs9eCo14VkwLmDaQ7HcxTaJkWPhJmR2TJZVKdVZ\nQReDl9gw3/0ztnRsGIApx6Je7NDauygtOsx7DwK3TG+ElD7SShxCY7z1/7JbpxON\n4W/agFZX9dNCeOskKs2ShJobU5uO1zEc9T1sTKO8/bYZpupxa+KEr/6Gy11sQN9Z\nbFv8F+jv5qo0wJnGBibrHwviSl8V3cgtrcqFAXKcjz9q3cv+JxQhY5cbh43sJYaa\ng4kIt95VXy7qjmN9xmdD4GNk9PVJswx3f7TDqwW+h5/AMdUy0qgsZSsM5AtHtsW7\nsIhcXFRla10R6iP1DnxChQs7W0AMihjDb3Ctn5+IrMNeL23qZ6nBOuv9S0+S3vC6\n1ElwOLS5UYAAKZ7ofUF+RAj+HJ3QD1B7MTe/mEOLeHNZFn5445QStJ2jqS1r8uvH\nAdseqLMp3iRDQgZc3LFlrB7orMhL+je25qnnMTW2C6YXfNIiHsUCggEBAMci1mFV\nRLn7AH64fBy9A5Y4PZ1j8UaKMMSEDsc1XHWj96no8P8BmCE3Kyw2UoAHnIn9slZl\ntrv8HNpvc89qg2isSPwZOmfRtkrfUEwqBsB2+KqSimtEM2IWNWkxy345tSP1ddjE\nEuRTwQT058Nxr2dwfW9rXcLwSFPDDjABE8pkYqMBlYzSB3SPcFFfGbyNqeSBswEU\nIbYVBKmdY7pTVLe5HPUSY9yvp0V6rH63bU9/F3kW1Ic7y8DxpSfpPIVrKwOsi1qe\n78YB5w44gqukC4202zozgiXKCgt1ujt/F8jd4UqeY13jdQ6kEeqqALYG4OVSDLVA\n1rsd1XNLwm6r+5cCggEBANXF9B+Oc2ZyCDMWink3IXNquTcaw7JQvmFJRrVRsw0S\nBTDNY1/LbuW6C51KUMD3crLENoKo77RhVseMnS8VaKs2407r8qmjLfOz3FeB4d6H\nILhao26CFJnLTpatUKsncR9vpjR/cGvzHwSFHxd67bqrhR+la5qMbODXh4X4kNpA\nBazOAl11HFKLaGpgCSxm+9bUbngnrVtpaYAKnWnMtOlrielYvkp0ZdUS8YsSOQge\nntuMjx1S1brQYz18jNOaF0fY+XuTe5kjxKSOMCMV1b5NKMzxdeOSeCsLMwXDlm/M\ndcMstUtkQ6LRz0kOtB1dd0ksEtigiZn0wEzpoZGBhtsCggEBAIT9hx7Jy3RJZTM8\nEec/dD3GoZ+TN3dcouUbLKNtx6npL2WR5CDp96d3KKYGQWKvsqOVgpygoUE6Riq7\ndCR5hflJ1hRG5PKg45VtPjsfdhLjYX7JDxhEG+zN2C3Ay54o/AhfzaxOhi9mn+mn\nhYDJU9NJFPxsP9oIjsUh5z+3+HeaQyWJ0U6SldgKU4CEerOqCGRLGjkGMN1hfBOq\nwQeWz2VDg0tIVNj1lkiYfMrDxYTp48tCq/0EujbJKvtUkM6pm7iAazDCJG+gpaah\npuLqU6z3s9FSxQBnxf2RSiah4kiLpgIndUUmuu5kNHL7xi3KujdsbIBAJSgh7INr\nfRZcVVECggEAaIN8ZAU4JEjx+1A06ShsAUqXPPqn3MEfIt85Y6KK4IQD56UyxX3n\nPQdlcEQKER2phP7rC5xefRjt3WfA3WkhIDwYi9hNbmRqLfCsdFf6vtnfxGID7x5H\nxh0g0gfwHY2N/+mNH7OCmjRl4MbYuZkPKyl6T0uHvSqUfKTDDFvHLf0JCUA65chA\nzZZ8uS00rvG2hISdcb8sQTnbK4+FAFnlxQ0fgucxOaOIudCmKPEC0xZtYjdpLNP3\nzHrfWgtPqpB2e1j4OFOVpPxYwn8Fx9GAC6cboH8YvOc6Owkhq9rA7O3QUVjFVhOy\nAaOELVqz8ntku3CB0klCnPONJM1AgawK6wKCAQAW2zi5Ml4tbaM0kD1NuVr4/tYC\nVmOTJDNcqoG3UF7L0HX4UbtmRwtMntVbNO45JClOSW5OBlE5Jh9LlM8wAVPkDVJh\nJhNJfIrx1UdKOUFS3CPvQPLPpHYYomO9thS1aMcxx9NzL6uqZxIBe9tIcUXT82SJ\n4DHLJRRVlZhxF3pUb5gif74fAOjc/ubSXHUVnT1SoxBAw68p9Lo44B51uURjQAvW\nSHD+GggjhdlXJtI4mAhYfavHxpWw8J2kLV0EtGedMM1oYzefWF9anyojQJgVPhZD\n55PFMBqYGQEU7MgZtn6bwyiD69q6et/f4erWR02jcd2sAkstFqPveb8G+ajV\n-----END RSA PRIVATE KEY-----\n",
            "private_key_pem_pkcs8": "-----BEGIN PRIVATE KEY-----\nMIIJQwIBADANBgkqhkiG9w0BAQEFAASCCS0wggkpAgEAAoICAQCmSfgTtTSe8Kp7\nE2eo4sU36OWNVO2sOTQJsBrwb5CnYwvnLyMJtMRQ1mu+0MqEMnxMHPNQFgIm10ZE\n97B6+rAQ0joSrm2QJcDJ3DrorNFJuYJQoTsHMiw02GikD7UZZempGOMVRK8uKFBB\ns+2KReWKq646Uv17u/WAkNcDeZ0G7PGxypZ3Apbhixig2nwBZ6xOjU+026oTPEZs\nsDvXYw7v8qAVXbycCr5FXzNcafJsPrWTleKoPXBY1a6Kf4494S/ZqBWSINj+s8b+\nLbMGLnmV8QLh4BcviUejrt/F/+kg3IScSpDZoom/ox+wPGu3SC+uKxBDQhgykesE\nEvcLOe5K98/5qC5pFa3oxJG0g8UqDdkeKWEIbRUuVHpTJcDqWLehCgDqAKNS1BxV\n7xqwTftu04AFly62/1brbs7gITZwTdBOr+3W78+9rd/1fW85vh9G8TToCfpk4vII\ncQJBmjJpkLa9v+KDpVyfps/ehECOqU8RvClMAxRQ6g6rHkQFQ2xLkn5q/lYmkeF5\ngZcYt736Zd3H3IkndfVT4ssD2qw11v7hW8mFWA5Ps254dlJ0wyEZKUIBFIu/xZtU\nL2mHsaK7wAKcHcLnbDfHGC2UZcomwVcL1jxsGwdCCmm6Vw9ke/lOOmihlHXCE3qT\n16qICtFxhVe9atTbC/BT7GxkAOhELQIDAQABAoICAQCNhQAyzZGl/s4oBoC+85fC\nmFvcZz4Kx3gpEo4qt9gVDK9RpgUcupIk9gcmkwz3avvrzuun6cMVCTsNcPrp/rWe\n6ztvMLGf7vFfGiWsZX+MTevA8SaKXkHPC6oqjg+jON+eAMcqD5VDJB4BfL6ZYhkT\nZj7V9lEyX+l07E+A7pwcC8U6eV6KlFKSSs2//5FvpKq5A3ylQBlDW5XX5DhZez14\nKjXhWTAuYNpDsdzFNomRY+EmZHZMllUp1VlBF4OX2DDf/TO2dGwYgCnHol7s0Nq7\nKC06zHsPArdMb4SUPtJKHEJjvPX/slunE43hb9qAVlf100J46yQqzZKEmhtTm47X\nMRz1PWxMo7z9thmm6nFr4oSv/obLXWxA31lsW/wX6O/mqjTAmcYGJusfC+JKXxXd\nyC2tyoUBcpyPP2rdy/4nFCFjlxuHjewlhpqDiQi33lVfLuqOY33GZ0PgY2T09Umz\nDHd/tMOrBb6Hn8Ax1TLSqCxlKwzkC0e2xbuwiFxcVGVrXRHqI/UOfEKFCztbQAyK\nGMNvcK2fn4isw14vbepnqcE66/1LT5Le8LrUSXA4tLlRgAApnuh9QX5ECP4cndAP\nUHsxN7+YQ4t4c1kWfnjjlBK0naOpLWvy68cB2x6osyneJENCBlzcsWWsHuisyEv6\nN7bmqecxNbYLphd80iIexQKCAQEAxyLWYVVEufsAfrh8HL0Dljg9nWPxRoowxIQO\nxzVcdaP3qejw/wGYITcrLDZSgAecif2yVmW2u/wc2m9zz2qDaKxI/Bk6Z9G2St9Q\nTCoGwHb4qpKKa0QzYhY1aTHLfjm1I/V12MQS5FPBBPTnw3GvZ3B9b2tdwvBIU8MO\nMAETymRiowGVjNIHdI9wUV8ZvI2p5IGzARQhthUEqZ1julNUt7kc9RJj3K+nRXqs\nfrdtT38XeRbUhzvLwPGlJ+k8hWsrA6yLWp7vxgHnDjiCq6QLjbTbOjOCJcoKC3W6\nO38XyN3hSp5jXeN1DqQR6qoAtgbg5VIMtUDWux3Vc0vCbqv7lwKCAQEA1cX0H45z\nZnIIMxaKeTchc2q5NxrDslC+YUlGtVGzDRIFMM1jX8tu5boLnUpQwPdyssQ2gqjv\ntGFWx4ydLxVoqzbjTuvyqaMt87PcV4Hh3ocguFqjboIUmctOlq1QqydxH2+mNH9w\na/MfBIUfF3rtuquFH6Vrmoxs4NeHhfiQ2kAFrM4CXXUcUotoamAJLGb71tRueCet\nW2lpgAqdacy06WuJ6Vi+SnRl1RLxixI5CB6e24yPHVLVutBjPXyM05oXR9j5e5N7\nmSPEpI4wIxXVvk0ozPF145J4KwszBcOWb8x1wyy1S2RDotHPSQ60HV13SSwS2KCJ\nmfTATOmhkYGG2wKCAQEAhP2HHsnLdEllMzwR5z90Pcahn5M3d1yi5Rsso23Hqekv\nZZHkIOn3p3copgZBYq+yo5WCnKChQTpGKrt0JHmF+UnWFEbk8qDjlW0+Ox92EuNh\nfskPGEQb7M3YLcDLnij8CF/NrE6GL2af6aeFgMlT00kU/Gw/2giOxSHnP7f4d5pD\nJYnRTpKV2ApTgIR6s6oIZEsaOQYw3WF8E6rBB5bPZUODS0hU2PWWSJh8ysPFhOnj\ny0Kr/QS6Nskq+1SQzqmbuIBrMMIkb6ClpqGm4upTrPez0VLFAGfF/ZFKJqHiSIum\nAid1RSa67mQ0cvvGLcq6N2xsgEAlKCHsg2t9FlxVUQKCAQBog3xkBTgkSPH7UDTp\nKGwBSpc8+qfcwR8i3zljoorghAPnpTLFfec9B2VwRAoRHamE/usLnF59GO3dZ8Dd\naSEgPBiL2E1uZGot8Kx0V/q+2d/EYgPvHkfGHSDSB/AdjY3/6Y0fs4KaNGXgxti5\nmQ8rKXpPS4e9KpR8pMMMW8ct/QkJQDrlyEDNlny5LTSu8baEhJ1xvyxBOdsrj4UA\nWeXFDR+C5zE5o4i50KYo8QLTFm1iN2ks0/fMet9aC0+qkHZ7WPg4U5Wk/FjCfwXH\n0YALpxugfxi85zo7CSGr2sDs7dBRWMVWE7IBo4QtWrPye2S7cIHSSUKc840kzUCB\nrArrAoIBABbbOLkyXi1tozSQPU25Wvj+1gJWY5MkM1yqgbdQXsvQdfhRu2ZHC0ye\n1Vs07jkkKU5Jbk4GUTkmH0uUzzABU+QNUmEmE0l8ivHVR0o5QVLcI+9A8s+kdhii\nY722FLVoxzHH03Mvq6pnEgF720hxRdPzZIngMcslFFWVmHEXelRvmCJ/vh8A6Nz+\n5tJcdRWdPVKjEEDDryn0ujjgHnW5RGNAC9ZIcP4aCCOF2Vcm0jiYCFh9q8fGlbDw\nnaQtXQS0Z50wzWhjN59YX1qfKiNAmBU+FkPnk8UwGpgZARTsyBm2fpvDKIPr2rp6\n39/h6tZHTaNx3awCSy0Wo+95vwb5qNU=\n-----END PRIVATE KEY-----\n",
            "public_key_fingerprint_md5": "09:67:5b:e5:d5:e0:c5:8b:bb:1d:98:15:75:83:c3:b8",
            "public_key_fingerprint_sha256": "SHA256:DKhGrJv6JIvD+FOrLqgSR3pa4s1mbhsMbMHbx0JGWvE",
            "public_key_openssh": "ssh-rsa AAAAB3NzaC1yc2EAAAADAQABAAACAQCmSfgTtTSe8Kp7E2eo4sU36OWNVO2sOTQJsBrwb5CnYwvnLyMJtMRQ1mu+0MqEMnxMHPNQFgIm10ZE97B6+rAQ0joSrm2QJcDJ3DrorNFJuYJQoTsHMiw02GikD7UZZempGOMVRK8uKFBBs+2KReWKq646Uv17u/WAkNcDeZ0G7PGxypZ3Apbhixig2nwBZ6xOjU+026oTPEZssDvXYw7v8qAVXbycCr5FXzNcafJsPrWTleKoPXBY1a6Kf4494S/ZqBWSINj+s8b+LbMGLnmV8QLh4BcviUejrt/F/+kg3IScSpDZoom/ox+wPGu3SC+uKxBDQhgykesEEvcLOe5K98/5qC5pFa3oxJG0g8UqDdkeKWEIbRUuVHpTJcDqWLehCgDqAKNS1BxV7xqwTftu04AFly62/1brbs7gITZwTdBOr+3W78+9rd/1fW85vh9G8TToCfpk4vIIcQJBmjJpkLa9v+KDpVyfps/ehECOqU8RvClMAxRQ6g6rHkQFQ2xLkn5q/lYmkeF5gZcYt736Zd3H3IkndfVT4ssD2qw11v7hW8mFWA5Ps254dlJ0wyEZKUIBFIu/xZtUL2mHsaK7wAKcHcLnbDfHGC2UZcomwVcL1jxsGwdCCmm6Vw9ke/lOOmihlHXCE3qT16qICtFxhVe9atTbC/BT7GxkAOhELQ==\n",
            "public_key_pem": "-----BEGIN PUBLIC KEY-----\nMIICIjANBgkqhkiG9w0BAQEFAAOCAg8AMIICCgKCAgEApkn4E7U0nvCqexNnqOLF\nN+jljVTtrDk0CbAa8G+Qp2ML5y8jCbTEUNZrvtDKhDJ8TBzzUBYCJtdGRPewevqw\nENI6Eq5tkCXAydw66KzRSbmCUKE7BzIsNNhopA+1GWXpqRjjFUSvLihQQbPtikXl\niquuOlL9e7v1gJDXA3mdBuzxscqWdwKW4YsYoNp8AWesTo1PtNuqEzxGbLA712MO\n7/KgFV28nAq+RV8zXGnybD61k5XiqD1wWNWuin+OPeEv2agVkiDY/rPG/i2zBi55\nlfEC4eAXL4lHo67fxf/pINyEnEqQ2aKJv6MfsDxrt0gvrisQQ0IYMpHrBBL3Cznu\nSvfP+aguaRWt6MSRtIPFKg3ZHilhCG0VLlR6UyXA6li3oQoA6gCjUtQcVe8asE37\nbtOABZcutv9W627O4CE2cE3QTq/t1u/Pva3f9X1vOb4fRvE06An6ZOLyCHECQZoy\naZC2vb/ig6Vcn6bP3oRAjqlPEbwpTAMUUOoOqx5EBUNsS5J+av5WJpHheYGXGLe9\n+mXdx9yJJ3X1U+LLA9qsNdb+4VvJhVgOT7NueHZSdMMhGSlCARSLv8WbVC9ph7Gi\nu8ACnB3C52w3xxgtlGXKJsFXC9Y8bBsHQgppulcPZHv5TjpooZR1whN6k9eqiArR\ncYVXvWrU2wvwU+xsZADoRC0CAwEAAQ==\n-----END PUBLIC KEY-----\n",
            "rsa_bits": 4096
          },
          "sensitive_attributes": []
        }
      ]
    }
  ]
}
